
Microsoft Visual Studio Solution File, Format Version 11.00
# Visual Studio 2010
Project("{FAE04EC0-301F-11D3-BF4B-00C04F79EFBC}") = "StackRoomEditor", "StackRoomEditor.csproj", "{271C4C10-4775-4C0F-82F6-70160C2FF863}"
EndProject
Project("{FAE04EC0-301F-11D3-BF4B-00C04F79EFBC}") = "DigitalPlatform.Xml", "..\DigitalPlatform.Xml\DigitalPlatform.Xml.csproj", "{E6489E89-1349-4EE7-A00B-AC96B9912587}"
EndProject
Project("{FAE04EC0-301F-11D3-BF4B-00C04F79EFBC}") = "DigitalPlatform.Text", "..\DigitalPlatform.Text\DigitalPlatform.Text.csproj", "{26F96CC3-A4A9-4BC4-A10A-BC7E25581FF6}"
EndProject
Project("{FAE04EC0-301F-11D3-BF4B-00C04F79EFBC}") = "3DTools", "..\3DTools-1.01-src\3DTools\3DTools.csproj", "{5F603892-DE40-4246-A969-1C6717AFE35D}"
EndProject
Project("{FAE04EC0-301F-11D3-BF4B-00C04F79EFBC}") = "DigitalPlatform.Drawing", "..\DigitalPlatform.Drawing\DigitalPlatform.Drawing.csproj", "{C2468F93-69AC-4BBA-94AE-678ED5C21542}"
EndProject
Global
	GlobalSection(SolutionConfigurationPlatforms) = preSolution
		Debug|Any CPU = Debug|Any CPU
		Debug|Mixed Platforms = Debug|Mixed Platforms
		Debug|x86 = Debug|x86
		Release|Any CPU = Release|Any CPU
		Release|Mixed Platforms = Release|Mixed Platforms
		Release|x86 = Release|x86
	EndGlobalSection
	GlobalSection(ProjectConfigurationPlatforms) = postSolution
		{271C4C10-4775-4C0F-82F6-70160C2FF863}.Debug|Any CPU.ActiveCfg = Debug|x86
		{271C4C10-4775-4C0F-82F6-70160C2FF863}.Debug|Mixed Platforms.ActiveCfg = Debug|x86
		{271C4C10-4775-4C0F-82F6-70160C2FF863}.Debug|Mixed Platforms.Build.0 = Debug|x86
		{271C4C10-4775-4C0F-82F6-70160C2FF863}.Debug|x86.ActiveCfg = Debug|x86
		{271C4C10-4775-4C0F-82F6-70160C2FF863}.Debug|x86.Build.0 = Debug|x86
		{271C4C10-4775-4C0F-82F6-70160C2FF863}.Release|Any CPU.ActiveCfg = Release|x86
		{271C4C10-4775-4C0F-82F6-70160C2FF863}.Release|Mixed Platforms.ActiveCfg = Release|x86
		{271C4C10-4775-4C0F-82F6-70160C2FF863}.Release|Mixed Platforms.Build.0 = Release|x86
		{271C4C10-4775-4C0F-82F6-70160C2FF863}.Release|x86.ActiveCfg = Release|x86
		{271C4C10-4775-4C0F-82F6-70160C2FF863}.Release|x86.Build.0 = Release|x86
		{E6489E89-1349-4EE7-A00B-AC96B9912587}.Debug|Any CPU.ActiveCfg = Debug|Any CPU
		{E6489E89-1349-4EE7-A00B-AC96B9912587}.Debug|Any CPU.Build.0 = Debug|Any CPU
		{E6489E89-1349-4EE7-A00B-AC96B9912587}.Debug|Mixed Platforms.ActiveCfg = Debug|x86
		{E6489E89-1349-4EE7-A00B-AC96B9912587}.Debug|Mixed Platforms.Build.0 = Debug|x86
		{E6489E89-1349-4EE7-A00B-AC96B9912587}.Debug|x86.ActiveCfg = Debug|x86
		{E6489E89-1349-4EE7-A00B-AC96B9912587}.Debug|x86.Build.0 = Debug|x86
		{E6489E89-1349-4EE7-A00B-AC96B9912587}.Release|Any CPU.ActiveCfg = Release|Any CPU
		{E6489E89-1349-4EE7-A00B-AC96B9912587}.Release|Any CPU.Build.0 = Release|Any CPU
		{E6489E89-1349-4EE7-A00B-AC96B9912587}.Release|Mixed Platforms.ActiveCfg = Release|x86
		{E6489E89-1349-4EE7-A00B-AC96B9912587}.Release|Mixed Platforms.Build.0 = Release|x86
		{E6489E89-1349-4EE7-A00B-AC96B9912587}.Release|x86.ActiveCfg = Release|x86
		{E6489E89-1349-4EE7-A00B-AC96B9912587}.Release|x86.Build.0 = Release|x86
		{26F96CC3-A4A9-4BC4-A10A-BC7E25581FF6}.Debug|Any CPU.ActiveCfg = Debug|Any CPU
		{26F96CC3-A4A9-4BC4-A10A-BC7E25581FF6}.Debug|Any CPU.Build.0 = Debug|Any CPU
		{26F96CC3-A4A9-4BC4-A10A-BC7E25581FF6}.Debug|Mixed Platforms.ActiveCfg = Debug|x86
		{26F96CC3-A4A9-4BC4-A10A-BC7E25581FF6}.Debug|Mixed Platforms.Build.0 = Debug|x86
		{26F96CC3-A4A9-4BC4-A10A-BC7E25581FF6}.Debug|x86.ActiveCfg = Debug|x86
		{26F96CC3-A4A9-4BC4-A10A-BC7E25581FF6}.Debug|x86.Build.0 = Debug|x86
		{26F96CC3-A4A9-4BC4-A10A-BC7E25581FF6}.Release|Any CPU.ActiveCfg = Release|Any CPU
		{26F96CC3-A4A9-4BC4-A10A-BC7E25581FF6}.Release|Any CPU.Build.0 = Release|Any CPU
		{26F96CC3-A4A9-4BC4-A10A-BC7E25581FF6}.Release|Mixed Platforms.ActiveCfg = Release|x86
		{26F96CC3-A4A9-4BC4-A10A-BC7E25581FF6}.Release|Mixed Platforms.Build.0 = Release|x86
		{26F96CC3-A4A9-4BC4-A10A-BC7E25581FF6}.Release|x86.ActiveCfg = Release|x86
		{26F96CC3-A4A9-4BC4-A10A-BC7E25581FF6}.Release|x86.Build.0 = Release|x86
		{5F603892-DE40-4246-A969-1C6717AFE35D}.Debug|Any CPU.ActiveCfg = Debug|Any CPU
		{5F603892-DE40-4246-A969-1C6717AFE35D}.Debug|Any CPU.Build.0 = Debug|Any CPU
		{5F603892-DE40-4246-A969-1C6717AFE35D}.Debug|Mixed Platforms.ActiveCfg = Debug|Any CPU
		{5F603892-DE40-4246-A969-1C6717AFE35D}.Debug|Mixed Platforms.Build.0 = Debug|Any CPU
		{5F603892-DE40-4246-A969-1C6717AFE35D}.Debug|x86.ActiveCfg = Debug|Any CPU
		{5F603892-DE40-4246-A969-1C6717AFE35D}.Release|Any CPU.ActiveCfg = Release|Any CPU
		{5F603892-DE40-4246-A969-1C6717AFE35D}.Release|Any CPU.Build.0 = Release|Any CPU
		{5F603892-DE40-4246-A969-1C6717AFE35D}.Release|Mixed Platforms.ActiveCfg = Release|Any CPU
		{5F603892-DE40-4246-A969-1C6717AFE35D}.Release|Mixed Platforms.Build.0 = Release|Any CPU
		{5F603892-DE40-4246-A969-1C6717AFE35D}.Release|x86.ActiveCfg = Release|Any CPU
		{C2468F93-69AC-4BBA-94AE-678ED5C21542}.Debug|Any CPU.ActiveCfg = Debug|Any CPU
		{C2468F93-69AC-4BBA-94AE-678ED5C21542}.Debug|Any CPU.Build.0 = Debug|Any CPU
		{C2468F93-69AC-4BBA-94AE-678ED5C21542}.Debug|Mixed Platforms.ActiveCfg = Debug|Any CPU
		{C2468F93-69AC-4BBA-94AE-678ED5C21542}.Debug|Mixed Platforms.Build.0 = Debug|Any CPU
		{C2468F93-69AC-4BBA-94AE-678ED5C21542}.Debug|x86.ActiveCfg = Debug|Any CPU
		{C2468F93-69AC-4BBA-94AE-678ED5C21542}.Release|Any CPU.ActiveCfg = Release|Any CPU
		{C2468F93-69AC-4BBA-94AE-678ED5C21542}.Release|Any CPU.Build.0 = Release|Any CPU
		{C2468F93-69AC-4BBA-94AE-678ED5C21542}.Release|Mixed Platforms.ActiveCfg = Release|Any CPU
		{C2468F93-69AC-4BBA-94AE-678ED5C21542}.Release|Mixed Platforms.Build.0 = Release|Any CPU
		{C2468F93-69AC-4BBA-94AE-678ED5C21542}.Release|x86.ActiveCfg = Release|Any CPU
	EndGlobalSection
	GlobalSection(SolutionProperties) = preSolution
		HideSolutionNode = FALSE
	EndGlobalSection
EndGlobal
