Microsoft Visual Studio Solution File, Format Version 11.00
# Visual Studio 2010
Project("{FAE04EC0-301F-11D3-BF4B-00C04F79EFBC}") = "dp2Batch", "dp2Batch.csproj", "{252EC0A3-E738-446C-9D04-99E1D4D2F2FF}"
EndProject
Project("{FAE04EC0-301F-11D3-BF4B-00C04F79EFBC}") = "DigitalPlatform.rms.Client", "..\DigitalPlatform.rms.Client\DigitalPlatform.rms.Client.csproj", "{D63FAE14-7CD6-4BD3-90D7-7DBBCDF8EEEF}"
EndProject
Project("{FAE04EC0-301F-11D3-BF4B-00C04F79EFBC}") = "DigitalPlatform", "..\DigitalPlatform\DigitalPlatform.csproj", "{BDD43275-EAA0-4670-8BA3-0DB5CD7598DD}"
EndProject
Project("{FAE04EC0-301F-11D3-BF4B-00C04F79EFBC}") = "DigitalPlatform.IO", "..\DigitalPlatform.IO\DigitalPlatform.IO.csproj", "{441CB814-AF78-4503-91EF-DCE5F3269502}"
EndProject
Project("{FAE04EC0-301F-11D3-BF4B-00C04F79EFBC}") = "DigitalPlatform.Range", "..\DigitalPlatform.Range\DigitalPlatform.Range.csproj", "{AA6C5E6A-252B-4E2A-A883-0E4E739F8701}"
EndProject
Project("{FAE04EC0-301F-11D3-BF4B-00C04F79EFBC}") = "DigitalPlatform.rms", "..\DigitalPlatform.rms\DigitalPlatform.rms.csproj", "{1A7544AB-30D7-4920-928E-26925B86274D}"
EndProject
Project("{FAE04EC0-301F-11D3-BF4B-00C04F79EFBC}") = "DigitalPlatform.Text", "..\DigitalPlatform.Text\DigitalPlatform.Text.csproj", "{26F96CC3-A4A9-4BC4-A10A-BC7E25581FF6}"
EndProject
Project("{FAE04EC0-301F-11D3-BF4B-00C04F79EFBC}") = "DigitalPlatform.Xml", "..\DigitalPlatform.Xml\DigitalPlatform.Xml.csproj", "{E6489E89-1349-4EE7-A00B-AC96B9912587}"
EndProject
Project("{FAE04EC0-301F-11D3-BF4B-00C04F79EFBC}") = "DigitalPlatform.XmlEditor", "..\DigitalPlatform.XmlEditor\DigitalPlatform.XmlEditor.csproj", "{A70527A4-10CC-4959-9409-3E51EB8C7A39}"
EndProject
Project("{FAE04EC0-301F-11D3-BF4B-00C04F79EFBC}") = "DigitalPlatform.Drawing", "..\DigitalPlatform.Drawing\DigitalPlatform.Drawing.csproj", "{C2468F93-69AC-4BBA-94AE-678ED5C21542}"
EndProject
Project("{FAE04EC0-301F-11D3-BF4B-00C04F79EFBC}") = "DigitalPlatform.CommonDialog", "..\DigitalPlatform.CommonDialog\DigitalPlatform.CommonDialog.csproj", "{3DCFCA4D-0205-4684-A9A6-1DB8640CD579}"
EndProject
Project("{FAE04EC0-301F-11D3-BF4B-00C04F79EFBC}") = "DigitalPlatform.MarcKernel", "..\DigitalPlatform.MarcKernel\DigitalPlatform.MarcKernel.csproj", "{74242530-EF96-457E-852D-5C21A3EA8449}"
EndProject
Project("{FAE04EC0-301F-11D3-BF4B-00C04F79EFBC}") = "DigitalPlatform.Library", "..\DigitalPlatform.Library\DigitalPlatform.Library.csproj", "{4C57493B-DE00-4BC0-836C-C736D3176689}"
EndProject
Project("{FAE04EC0-301F-11D3-BF4B-00C04F79EFBC}") = "DigitalPlatform.MarcDom", "..\DigitalPlatform.MarcDom\DigitalPlatform.MarcDom.csproj", "{3F81F705-5265-47EE-9255-CB33E1C135B8}"
EndProject
Project("{FAE04EC0-301F-11D3-BF4B-00C04F79EFBC}") = "DigitalPlatform.Script", "..\DigitalPlatform.Script\DigitalPlatform.Script.csproj", "{5107DE16-DDA1-4606-B3A3-840B24428329}"
EndProject
Project("{FAE04EC0-301F-11D3-BF4B-00C04F79EFBC}") = "DigitalPlatform.Statis", "..\DigitalPlatform.Statis\DigitalPlatform.Statis.csproj", "{F1F61A99-0E10-492C-8A60-76438A88EAED}"
EndProject
Project("{FAE04EC0-301F-11D3-BF4B-00C04F79EFBC}") = "DigitalPlatform.CommonControl", "..\DigitalPlatform.CommonControl\DigitalPlatform.CommonControl.csproj", "{334E1B2B-5373-4C80-A971-BFF213FF304B}"
EndProject
Project("{FAE04EC0-301F-11D3-BF4B-00C04F79EFBC}") = "DigitalPlatform.MarcQuery", "..\DigitalPlatform.MarcQuery\DigitalPlatform.MarcQuery.csproj", "{57FE2FB1-4134-409B-876C-8A1C0776B498}"
EndProject
Global
	GlobalSection(SolutionConfigurationPlatforms) = preSolution
		Debug|Any CPU = Debug|Any CPU
		Release|Any CPU = Release|Any CPU
	EndGlobalSection
	GlobalSection(ProjectConfigurationPlatforms) = postSolution
		{252EC0A3-E738-446C-9D04-99E1D4D2F2FF}.Debug|Any CPU.ActiveCfg = Debug|Any CPU
		{252EC0A3-E738-446C-9D04-99E1D4D2F2FF}.Debug|Any CPU.Build.0 = Debug|Any CPU
		{252EC0A3-E738-446C-9D04-99E1D4D2F2FF}.Release|Any CPU.ActiveCfg = Release|Any CPU
		{252EC0A3-E738-446C-9D04-99E1D4D2F2FF}.Release|Any CPU.Build.0 = Release|Any CPU
		{D63FAE14-7CD6-4BD3-90D7-7DBBCDF8EEEF}.Debug|Any CPU.ActiveCfg = Debug|Any CPU
		{D63FAE14-7CD6-4BD3-90D7-7DBBCDF8EEEF}.Debug|Any CPU.Build.0 = Debug|Any CPU
		{D63FAE14-7CD6-4BD3-90D7-7DBBCDF8EEEF}.Release|Any CPU.ActiveCfg = Release|Any CPU
		{D63FAE14-7CD6-4BD3-90D7-7DBBCDF8EEEF}.Release|Any CPU.Build.0 = Release|Any CPU
		{BDD43275-EAA0-4670-8BA3-0DB5CD7598DD}.Debug|Any CPU.ActiveCfg = Debug|Any CPU
		{BDD43275-EAA0-4670-8BA3-0DB5CD7598DD}.Debug|Any CPU.Build.0 = Debug|Any CPU
		{BDD43275-EAA0-4670-8BA3-0DB5CD7598DD}.Release|Any CPU.ActiveCfg = Release|Any CPU
		{BDD43275-EAA0-4670-8BA3-0DB5CD7598DD}.Release|Any CPU.Build.0 = Release|Any CPU
		{441CB814-AF78-4503-91EF-DCE5F3269502}.Debug|Any CPU.ActiveCfg = Debug|Any CPU
		{441CB814-AF78-4503-91EF-DCE5F3269502}.Debug|Any CPU.Build.0 = Debug|Any CPU
		{441CB814-AF78-4503-91EF-DCE5F3269502}.Release|Any CPU.ActiveCfg = Release|Any CPU
		{441CB814-AF78-4503-91EF-DCE5F3269502}.Release|Any CPU.Build.0 = Release|Any CPU
		{AA6C5E6A-252B-4E2A-A883-0E4E739F8701}.Debug|Any CPU.ActiveCfg = Debug|Any CPU
		{AA6C5E6A-252B-4E2A-A883-0E4E739F8701}.Debug|Any CPU.Build.0 = Debug|Any CPU
		{AA6C5E6A-252B-4E2A-A883-0E4E739F8701}.Release|Any CPU.ActiveCfg = Release|Any CPU
		{AA6C5E6A-252B-4E2A-A883-0E4E739F8701}.Release|Any CPU.Build.0 = Release|Any CPU
		{1A7544AB-30D7-4920-928E-26925B86274D}.Debug|Any CPU.ActiveCfg = Debug|Any CPU
		{1A7544AB-30D7-4920-928E-26925B86274D}.Debug|Any CPU.Build.0 = Debug|Any CPU
		{1A7544AB-30D7-4920-928E-26925B86274D}.Release|Any CPU.ActiveCfg = Release|Any CPU
		{1A7544AB-30D7-4920-928E-26925B86274D}.Release|Any CPU.Build.0 = Release|Any CPU
		{26F96CC3-A4A9-4BC4-A10A-BC7E25581FF6}.Debug|Any CPU.ActiveCfg = Debug|Any CPU
		{26F96CC3-A4A9-4BC4-A10A-BC7E25581FF6}.Debug|Any CPU.Build.0 = Debug|Any CPU
		{26F96CC3-A4A9-4BC4-A10A-BC7E25581FF6}.Release|Any CPU.ActiveCfg = Release|Any CPU
		{26F96CC3-A4A9-4BC4-A10A-BC7E25581FF6}.Release|Any CPU.Build.0 = Release|Any CPU
		{E6489E89-1349-4EE7-A00B-AC96B9912587}.Debug|Any CPU.ActiveCfg = Debug|Any CPU
		{E6489E89-1349-4EE7-A00B-AC96B9912587}.Debug|Any CPU.Build.0 = Debug|Any CPU
		{E6489E89-1349-4EE7-A00B-AC96B9912587}.Release|Any CPU.ActiveCfg = Release|Any CPU
		{E6489E89-1349-4EE7-A00B-AC96B9912587}.Release|Any CPU.Build.0 = Release|Any CPU
		{A70527A4-10CC-4959-9409-3E51EB8C7A39}.Debug|Any CPU.ActiveCfg = Debug|Any CPU
		{A70527A4-10CC-4959-9409-3E51EB8C7A39}.Debug|Any CPU.Build.0 = Debug|Any CPU
		{A70527A4-10CC-4959-9409-3E51EB8C7A39}.Release|Any CPU.ActiveCfg = Release|Any CPU
		{A70527A4-10CC-4959-9409-3E51EB8C7A39}.Release|Any CPU.Build.0 = Release|Any CPU
		{C2468F93-69AC-4BBA-94AE-678ED5C21542}.Debug|Any CPU.ActiveCfg = Debug|Any CPU
		{C2468F93-69AC-4BBA-94AE-678ED5C21542}.Debug|Any CPU.Build.0 = Debug|Any CPU
		{C2468F93-69AC-4BBA-94AE-678ED5C21542}.Release|Any CPU.ActiveCfg = Release|Any CPU
		{C2468F93-69AC-4BBA-94AE-678ED5C21542}.Release|Any CPU.Build.0 = Release|Any CPU
		{3DCFCA4D-0205-4684-A9A6-1DB8640CD579}.Debug|Any CPU.ActiveCfg = Debug|Any CPU
		{3DCFCA4D-0205-4684-A9A6-1DB8640CD579}.Debug|Any CPU.Build.0 = Debug|Any CPU
		{3DCFCA4D-0205-4684-A9A6-1DB8640CD579}.Release|Any CPU.ActiveCfg = Release|Any CPU
		{3DCFCA4D-0205-4684-A9A6-1DB8640CD579}.Release|Any CPU.Build.0 = Release|Any CPU
		{74242530-EF96-457E-852D-5C21A3EA8449}.Debug|Any CPU.ActiveCfg = Debug|Any CPU
		{74242530-EF96-457E-852D-5C21A3EA8449}.Debug|Any CPU.Build.0 = Debug|Any CPU
		{74242530-EF96-457E-852D-5C21A3EA8449}.Release|Any CPU.ActiveCfg = Release|Any CPU
		{74242530-EF96-457E-852D-5C21A3EA8449}.Release|Any CPU.Build.0 = Release|Any CPU
		{4C57493B-DE00-4BC0-836C-C736D3176689}.Debug|Any CPU.ActiveCfg = Debug|Any CPU
		{4C57493B-DE00-4BC0-836C-C736D3176689}.Debug|Any CPU.Build.0 = Debug|Any CPU
		{4C57493B-DE00-4BC0-836C-C736D3176689}.Release|Any CPU.ActiveCfg = Release|Any CPU
		{4C57493B-DE00-4BC0-836C-C736D3176689}.Release|Any CPU.Build.0 = Release|Any CPU
		{3F81F705-5265-47EE-9255-CB33E1C135B8}.Debug|Any CPU.ActiveCfg = Debug|Any CPU
		{3F81F705-5265-47EE-9255-CB33E1C135B8}.Debug|Any CPU.Build.0 = Debug|Any CPU
		{3F81F705-5265-47EE-9255-CB33E1C135B8}.Release|Any CPU.ActiveCfg = Release|Any CPU
		{3F81F705-5265-47EE-9255-CB33E1C135B8}.Release|Any CPU.Build.0 = Release|Any CPU
		{5107DE16-DDA1-4606-B3A3-840B24428329}.Debug|Any CPU.ActiveCfg = Debug|Any CPU
		{5107DE16-DDA1-4606-B3A3-840B24428329}.Debug|Any CPU.Build.0 = Debug|Any CPU
		{5107DE16-DDA1-4606-B3A3-840B24428329}.Release|Any CPU.ActiveCfg = Release|Any CPU
		{5107DE16-DDA1-4606-B3A3-840B24428329}.Release|Any CPU.Build.0 = Release|Any CPU
		{F1F61A99-0E10-492C-8A60-76438A88EAED}.Debug|Any CPU.ActiveCfg = Debug|Any CPU
		{F1F61A99-0E10-492C-8A60-76438A88EAED}.Debug|Any CPU.Build.0 = Debug|Any CPU
		{F1F61A99-0E10-492C-8A60-76438A88EAED}.Release|Any CPU.ActiveCfg = Release|Any CPU
		{F1F61A99-0E10-492C-8A60-76438A88EAED}.Release|Any CPU.Build.0 = Release|Any CPU
		{334E1B2B-5373-4C80-A971-BFF213FF304B}.Debug|Any CPU.ActiveCfg = Debug|Any CPU
		{334E1B2B-5373-4C80-A971-BFF213FF304B}.Debug|Any CPU.Build.0 = Debug|Any CPU
		{334E1B2B-5373-4C80-A971-BFF213FF304B}.Release|Any CPU.ActiveCfg = Release|Any CPU
		{334E1B2B-5373-4C80-A971-BFF213FF304B}.Release|Any CPU.Build.0 = Release|Any CPU
		{57FE2FB1-4134-409B-876C-8A1C0776B498}.Debug|Any CPU.ActiveCfg = Debug|Any CPU
		{57FE2FB1-4134-409B-876C-8A1C0776B498}.Debug|Any CPU.Build.0 = Debug|Any CPU
		{57FE2FB1-4134-409B-876C-8A1C0776B498}.Release|Any CPU.ActiveCfg = Release|Any CPU
		{57FE2FB1-4134-409B-876C-8A1C0776B498}.Release|Any CPU.Build.0 = Release|Any CPU
	EndGlobalSection
	GlobalSection(SolutionProperties) = preSolution
		HideSolutionNode = FALSE
	EndGlobalSection
EndGlobal
