
Microsoft Visual Studio Solution File, Format Version 9.00
# Visual Studio 2005
Project("{FAE04EC0-301F-11D3-BF4B-00C04F79EFBC}") = "DigitalPlatform.dp2.Statis", "DigitalPlatform.dp2.Statis.csproj", "{060DD22D-8C7A-4D17-AC72-06B45AE65174}"
EndProject
Global
	GlobalSection(SourceCodeControl) = preSolution
		SccNumberOfProjects = 2
		SccLocalPath0 = .
		SccProjectUniqueName1 = DigitalPlatform.dp2.Statis.csproj
		SccLocalPath1 = .
	EndGlobalSection
	GlobalSection(SolutionConfigurationPlatforms) = preSolution
		Debug|Any CPU = Debug|Any CPU
		Release|Any CPU = Release|Any CPU
	EndGlobalSection
	GlobalSection(ProjectConfigurationPlatforms) = postSolution
		{060DD22D-8C7A-4D17-AC72-06B45AE65174}.Debug|Any CPU.ActiveCfg = Debug|Any CPU
		{060DD22D-8C7A-4D17-AC72-06B45AE65174}.Debug|Any CPU.Build.0 = Debug|Any CPU
		{060DD22D-8C7A-4D17-AC72-06B45AE65174}.Release|Any CPU.ActiveCfg = Release|Any CPU
		{060DD22D-8C7A-4D17-AC72-06B45AE65174}.Release|Any CPU.Build.0 = Release|Any CPU
	EndGlobalSection
	GlobalSection(SolutionProperties) = preSolution
		HideSolutionNode = FALSE
	EndGlobalSection
EndGlobal
