
Microsoft Visual Studio Solution File, Format Version 12.00
# Visual Studio 2013
VisualStudioVersion = 12.0.31101.0
MinimumVisualStudioVersion = 10.0.40219.1
Project("{FAE04EC0-301F-11D3-BF4B-00C04F79EFBC}") = "dp2Circulation", "dp2Circulation\dp2Circulation.csproj", "{D4A13D3E-B9B0-4448-B6C8-CD3BD1DC37F1}"
EndProject
Project("{FAE04EC0-301F-11D3-BF4B-00C04F79EFBC}") = "dp2Catalog", "dp2Catalog\dp2Catalog.csproj", "{F801B8E8-D7C9-4FB4-A93F-10C41CDBF44F}"
EndProject
Project("{FAE04EC0-301F-11D3-BF4B-00C04F79EFBC}") = "dp2Library", "dp2Library\dp2Library.csproj", "{4DD877F6-796A-4F9C-BFF3-9D36590576CF}"
EndProject
Project("{FAE04EC0-301F-11D3-BF4B-00C04F79EFBC}") = "dp2Kernel", "dp2Kernel\dp2Kernel.csproj", "{017D8E01-B8D1-4671-BB2C-EECBC854FCEC}"
EndProject
Project("{FAE04EC0-301F-11D3-BF4B-00C04F79EFBC}") = "dp2Installer", "dp2Installer\dp2Installer.csproj", "{7D2AF716-8094-4DB9-8A09-0A4C001A4B28}"
	ProjectSection(ProjectDependencies) = postProject
		{017D8E01-B8D1-4671-BB2C-EECBC854FCEC} = {017D8E01-B8D1-4671-BB2C-EECBC854FCEC}
		{D91C6B98-886B-4181-9361-5214FFC992A9} = {D91C6B98-886B-4181-9361-5214FFC992A9}
		{47E73ADC-0C75-4018-A42F-C8CA68679F25} = {47E73ADC-0C75-4018-A42F-C8CA68679F25}
		{4DD877F6-796A-4F9C-BFF3-9D36590576CF} = {4DD877F6-796A-4F9C-BFF3-9D36590576CF}
	EndProjectSection
EndProject
Project("{FAE04EC0-301F-11D3-BF4B-00C04F79EFBC}") = "dp2LibraryXE", "dp2LibraryXE\dp2LibraryXE.csproj", "{102C775A-B4B1-4A3A-842C-13A68DCCB77D}"
	ProjectSection(ProjectDependencies) = postProject
		{D91C6B98-886B-4181-9361-5214FFC992A9} = {D91C6B98-886B-4181-9361-5214FFC992A9}
		{47E73ADC-0C75-4018-A42F-C8CA68679F25} = {47E73ADC-0C75-4018-A42F-C8CA68679F25}
	EndProjectSection
EndProject
Project("{FAE04EC0-301F-11D3-BF4B-00C04F79EFBC}") = "DigitalPlatform", "DigitalPlatform\DigitalPlatform.csproj", "{BDD43275-EAA0-4670-8BA3-0DB5CD7598DD}"
EndProject
Project("{FAE04EC0-301F-11D3-BF4B-00C04F79EFBC}") = "DigitalPlatform.AmazonInterface", "DigitalPlatform.AmazonInterface\DigitalPlatform.AmazonInterface.csproj", "{CEF0E01B-7F8F-4F0E-B687-C66659AB1403}"
EndProject
Project("{FAE04EC0-301F-11D3-BF4B-00C04F79EFBC}") = "DigitalPlatform.CirculationClient", "DigitalPlatform.CirculationClient\DigitalPlatform.CirculationClient.csproj", "{397BB898-88E0-41D6-8D01-09233C7FFC75}"
EndProject
Project("{FAE04EC0-301F-11D3-BF4B-00C04F79EFBC}") = "DigitalPlatform.CommonControl", "DigitalPlatform.CommonControl\DigitalPlatform.CommonControl.csproj", "{334E1B2B-5373-4C80-A971-BFF213FF304B}"
EndProject
Project("{FAE04EC0-301F-11D3-BF4B-00C04F79EFBC}") = "DigitalPlatform.CommonDialog", "DigitalPlatform.CommonDialog\DigitalPlatform.CommonDialog.csproj", "{3DCFCA4D-0205-4684-A9A6-1DB8640CD579}"
EndProject
Project("{FAE04EC0-301F-11D3-BF4B-00C04F79EFBC}") = "DigitalPlatform.dp2.Statis", "DigitalPlatform.dp2.Statis\DigitalPlatform.dp2.Statis.csproj", "{060DD22D-8C7A-4D17-AC72-06B45AE65174}"
EndProject
Project("{FAE04EC0-301F-11D3-BF4B-00C04F79EFBC}") = "DigitalPlatform.Drawing", "DigitalPlatform.Drawing\DigitalPlatform.Drawing.csproj", "{C2468F93-69AC-4BBA-94AE-678ED5C21542}"
EndProject
Project("{FAE04EC0-301F-11D3-BF4B-00C04F79EFBC}") = "DigitalPlatform.EasyMarc", "DigitalPlatform.EasyMarc\DigitalPlatform.EasyMarc.csproj", "{0413F979-C770-4AB0-886E-4B2BE2FB4F8C}"
EndProject
Project("{FAE04EC0-301F-11D3-BF4B-00C04F79EFBC}") = "DigitalPlatform.GcatClient", "DigitalPlatform.GcatClient\DigitalPlatform.GcatClient.csproj", "{FC226C5E-6AED-402B-B604-5DEEC6301AD6}"
EndProject
Project("{FAE04EC0-301F-11D3-BF4B-00C04F79EFBC}") = "DigitalPlatform.Interfaces", "DigitalPlatform.Interfaces\DigitalPlatform.Interfaces.csproj", "{3C4F8133-8652-40B6-B37B-200B25C2B043}"
EndProject
Project("{FAE04EC0-301F-11D3-BF4B-00C04F79EFBC}") = "DigitalPlatform.IO", "DigitalPlatform.IO\DigitalPlatform.IO.csproj", "{441CB814-AF78-4503-91EF-DCE5F3269502}"
EndProject
Project("{FAE04EC0-301F-11D3-BF4B-00C04F79EFBC}") = "DigitalPlatform.LibraryServer.Common", "DigitalPlatform.LibraryServer.Common\DigitalPlatform.LibraryServer.Common.csproj", "{2F085431-027A-4DDF-9B3D-83219E629FA1}"
EndProject
Project("{FAE04EC0-301F-11D3-BF4B-00C04F79EFBC}") = "DigitalPlatform.MarcDom", "DigitalPlatform.MarcDom\DigitalPlatform.MarcDom.csproj", "{3F81F705-5265-47EE-9255-CB33E1C135B8}"
EndProject
Project("{FAE04EC0-301F-11D3-BF4B-00C04F79EFBC}") = "DigitalPlatform.MarcEditor", "digitalplatform.marceditor\DigitalPlatform.MarcEditor.csproj", "{184700D7-F172-4001-9EE6-440779D286E1}"
EndProject
Project("{FAE04EC0-301F-11D3-BF4B-00C04F79EFBC}") = "DigitalPlatform.MarcFixedFieldControl", "DigitalPlatform.MarcFixedFieldControl\DigitalPlatform.MarcFixedFieldControl.csproj", "{2DF76AF2-D0CD-47C5-910C-A81B8BCDCE3E}"
EndProject
Project("{FAE04EC0-301F-11D3-BF4B-00C04F79EFBC}") = "DigitalPlatform.MarcKernel", "DigitalPlatform.MarcKernel\DigitalPlatform.MarcKernel.csproj", "{74242530-EF96-457E-852D-5C21A3EA8449}"
EndProject
Project("{FAE04EC0-301F-11D3-BF4B-00C04F79EFBC}") = "DigitalPlatform.MarcQuery", "DigitalPlatform.MarcQuery\DigitalPlatform.MarcQuery.csproj", "{57FE2FB1-4134-409B-876C-8A1C0776B498}"
EndProject
Project("{FAE04EC0-301F-11D3-BF4B-00C04F79EFBC}") = "DigitalPlatform.Range", "DigitalPlatform.Range\DigitalPlatform.Range.csproj", "{AA6C5E6A-252B-4E2A-A883-0E4E739F8701}"
EndProject
Project("{FAE04EC0-301F-11D3-BF4B-00C04F79EFBC}") = "DigitalPlatform.ResultSet", "DigitalPlatform.ResultSet\DigitalPlatform.ResultSet.csproj", "{86E0817D-79A4-4769-B450-C8352D0D1907}"
EndProject
Project("{FAE04EC0-301F-11D3-BF4B-00C04F79EFBC}") = "DigitalPlatform.Script", "DigitalPlatform.Script\DigitalPlatform.Script.csproj", "{5107DE16-DDA1-4606-B3A3-840B24428329}"
EndProject
Project("{FAE04EC0-301F-11D3-BF4B-00C04F79EFBC}") = "DigitalPlatform.Text", "DigitalPlatform.Text\DigitalPlatform.Text.csproj", "{26F96CC3-A4A9-4BC4-A10A-BC7E25581FF6}"
EndProject
Project("{FAE04EC0-301F-11D3-BF4B-00C04F79EFBC}") = "DigitalPlatform.Xml", "DigitalPlatform.Xml\DigitalPlatform.Xml.csproj", "{E6489E89-1349-4EE7-A00B-AC96B9912587}"
EndProject
Project("{FAE04EC0-301F-11D3-BF4B-00C04F79EFBC}") = "DkywInterface", "DkywInterface\DkywInterface.csproj", "{FA8ED8A6-EA29-4188-A45A-A3A829AE3DB9}"
EndProject
Project("{FAE04EC0-301F-11D3-BF4B-00C04F79EFBC}") = "PieChart", "PieChart\PieChart.csproj", "{696E929A-6A4A-4C6D-A8B2-C4F25F781940}"
EndProject
Project("{FAE04EC0-301F-11D3-BF4B-00C04F79EFBC}") = "UpgradeUtil", "UpgradeUtil\UpgradeUtil.csproj", "{F4035EC4-076B-47CB-B8F2-D8EEC7AFE56A}"
EndProject
Project("{FAE04EC0-301F-11D3-BF4B-00C04F79EFBC}") = "zxing", "zxing_lib\zxing.csproj", "{6431CF13-7A7B-4602-B96A-47CDA6F0B008}"
EndProject
Project("{FAE04EC0-301F-11D3-BF4B-00C04F79EFBC}") = "DiffPlex", "DiffPlex\DiffPlex.csproj", "{42ED3F62-53C5-4880-B9B8-F8B78F575353}"
EndProject
Project("{FAE04EC0-301F-11D3-BF4B-00C04F79EFBC}") = "DigitalPlatform.UnionCatalogClient", "DigitalPlatform.UnionCatalogClient\DigitalPlatform.UnionCatalogClient.csproj", "{F3D9A4E5-E891-4196-864A-A3DB788424AA}"
EndProject
Project("{FAE04EC0-301F-11D3-BF4B-00C04F79EFBC}") = "DigitalPlatform.Z3950", "DigitalPlatform.Z3950\DigitalPlatform.Z3950.csproj", "{0E2B8DBD-1E6E-40E9-8AF7-EFD6D30DDEBF}"
EndProject
Project("{FAE04EC0-301F-11D3-BF4B-00C04F79EFBC}") = "DigitalPlatform.DTLP", "Digitalplatform.DTLP\DigitalPlatform.DTLP.csproj", "{91B90948-8475-4D9B-A3C7-6285EFC45E19}"
EndProject
Project("{FAE04EC0-301F-11D3-BF4B-00C04F79EFBC}") = "DigitalPlatform.KernelService", "DigitalPlatform.KernelService\DigitalPlatform.KernelService.csproj", "{1BFEE291-AB8F-41A4-A80B-1FB5F7AB88E8}"
EndProject
Project("{FAE04EC0-301F-11D3-BF4B-00C04F79EFBC}") = "DigitalPlatform.LibraryServer", "DigitalPlatform.LibraryServer\DigitalPlatform.LibraryServer.csproj", "{E153CC55-DA01-4403-A53F-AF801BDDF4BA}"
EndProject
Project("{FAE04EC0-301F-11D3-BF4B-00C04F79EFBC}") = "DigitalPlatform.rms", "DigitalPlatform.rms\DigitalPlatform.rms.csproj", "{1A7544AB-30D7-4920-928E-26925B86274D}"
EndProject
Project("{FAE04EC0-301F-11D3-BF4B-00C04F79EFBC}") = "DigitalPlatform.rms.db", "DigitalPlatform.rms.db\DigitalPlatform.rms.db.csproj", "{985702E3-5CE7-40F1-A588-A58A7A50C57A}"
EndProject
Project("{FAE04EC0-301F-11D3-BF4B-00C04F79EFBC}") = "DigitalPlatform.Message", "DigitalPlatform.Message\DigitalPlatform.Message.csproj", "{D0C73839-5A5E-41BA-B1E5-104EEC488E33}"
EndProject
Project("{FAE04EC0-301F-11D3-BF4B-00C04F79EFBC}") = "DigitalPlatform.rms.Client", "DigitalPlatform.rms.Client\DigitalPlatform.rms.Client.csproj", "{D63FAE14-7CD6-4BD3-90D7-7DBBCDF8EEEF}"
EndProject
Project("{FAE04EC0-301F-11D3-BF4B-00C04F79EFBC}") = "DigitalPlatform.LibraryService", "DigitalPlatform.LibraryService\DigitalPlatform.LibraryService.csproj", "{FCB6E864-6415-4E58-B519-C0F099A396AF}"
EndProject
Project("{FAE04EC0-301F-11D3-BF4B-00C04F79EFBC}") = "DigitalPlatform.Install", "DigitalPlatform.Install\DigitalPlatform.Install.csproj", "{FBB88810-6D4A-44FE-B220-CAC22E4DBDCD}"
EndProject
Project("{FAE04EC0-301F-11D3-BF4B-00C04F79EFBC}") = "DigitalPlatform.LibraryServer.Install", "DigitalPlatform.LibraryServer.Install\DigitalPlatform.LibraryServer.Install.csproj", "{80344E08-5816-438F-BC88-F4BF038648CC}"
EndProject
Project("{FAE04EC0-301F-11D3-BF4B-00C04F79EFBC}") = "DigitalPlatform.rms.Install", "DigitalPlatform.rms.Install\DigitalPlatform.rms.Install.csproj", "{35346CCE-2815-419B-A277-DEF065BB42C5}"
EndProject
Project("{FAE04EC0-301F-11D3-BF4B-00C04F79EFBC}") = "dp2OPAC", "dp2OPAC\dp2OPAC.csproj", "{D91C6B98-886B-4181-9361-5214FFC992A9}"
EndProject
Project("{FAE04EC0-301F-11D3-BF4B-00C04F79EFBC}") = "DigitalPlatform.OPAC.Server", "DigitalPlatform.OPAC.Server\DigitalPlatform.OPAC.Server.csproj", "{765049EC-C6B2-4051-97B3-B940D38D9FEA}"
EndProject
Project("{FAE04EC0-301F-11D3-BF4B-00C04F79EFBC}") = "DigitalPlatform.OPAC.Web", "DigitalPlatform.OPAC.Web\DigitalPlatform.OPAC.Web.csproj", "{2E4C7CDF-8975-4E23-A075-009285D0313A}"
EndProject
Project("{FAE04EC0-301F-11D3-BF4B-00C04F79EFBC}") = "DigitalPlatform.OPAC.Install", "DigitalPlatform.OPAC.Install\DigitalPlatform.OPAC.Install.csproj", "{8335253F-87DC-47EB-B6AD-2BA38B36567E}"
EndProject
Project("{FAE04EC0-301F-11D3-BF4B-00C04F79EFBC}") = "dp2Batch", "dp2Batch\dp2Batch.csproj", "{252EC0A3-E738-446C-9D04-99E1D4D2F2FF}"
EndProject
Project("{FAE04EC0-301F-11D3-BF4B-00C04F79EFBC}") = "DigitalPlatform.Library", "DigitalPlatform.Library\DigitalPlatform.Library.csproj", "{4C57493B-DE00-4BC0-836C-C736D3176689}"
EndProject
Project("{2150E333-8FDC-42A3-9474-1A3956D46DE8}") = ".nuget", ".nuget", "{FE3BE293-2A3C-41E8-8796-8DE54DCDE7A8}"
	ProjectSection(SolutionItems) = preProject
		.nuget\NuGet.Config = .nuget\NuGet.Config
		.nuget\NuGet.exe = .nuget\NuGet.exe
		.nuget\NuGet.targets = .nuget\NuGet.targets
	EndProjectSection
EndProject
Project("{FAE04EC0-301F-11D3-BF4B-00C04F79EFBC}") = "ZipUtil", "ZipUtil\ZipUtil.csproj", "{47E73ADC-0C75-4018-A42F-C8CA68679F25}"
EndProject
Project("{2150E333-8FDC-42A3-9474-1A3956D46DE8}") = "Solution Items", "Solution Items", "{BD72314A-D69F-4D70-B12F-64DDB6AB672E}"
EndProject
Project("{FAE04EC0-301F-11D3-BF4B-00C04F79EFBC}") = "dp2Manager", "dp2Manager\dp2Manager.csproj", "{5AA3C3B4-C22F-4837-926D-AC4101014D08}"
EndProject
Project("{FAE04EC0-301F-11D3-BF4B-00C04F79EFBC}") = "dp2rms", "dp2rms\dp2rms.csproj", "{2E920121-2F38-457F-BEA8-B8D8D30A4D20}"
EndProject
Project("{FAE04EC0-301F-11D3-BF4B-00C04F79EFBC}") = "DigitalPlatform.XmlEditor", "DigitalPlatform.XmlEditor\DigitalPlatform.XmlEditor.csproj", "{A70527A4-10CC-4959-9409-3E51EB8C7A39}"
EndProject
Project("{FAE04EC0-301F-11D3-BF4B-00C04F79EFBC}") = "dp2ZServer", "dp2ZServer\dp2ZServer.csproj", "{A8A1E277-92A5-4849-BA42-92063E2183C5}"
EndProject
Project("{FAE04EC0-301F-11D3-BF4B-00C04F79EFBC}") = "dp2LibraryConsole", "dp2LibraryConsole\dp2LibraryConsole.csproj", "{2270037A-353D-45B9-B51E-9C52E1A72F87}"
EndProject
Global
	GlobalSection(SolutionConfigurationPlatforms) = preSolution
		Debug|Any CPU = Debug|Any CPU
		Debug|Mixed Platforms = Debug|Mixed Platforms
		Debug|x86 = Debug|x86
		Release|Any CPU = Release|Any CPU
		Release|Mixed Platforms = Release|Mixed Platforms
		Release|x86 = Release|x86
	EndGlobalSection
	GlobalSection(ProjectConfigurationPlatforms) = postSolution
		{D4A13D3E-B9B0-4448-B6C8-CD3BD1DC37F1}.Debug|Any CPU.ActiveCfg = Debug|Any CPU
		{D4A13D3E-B9B0-4448-B6C8-CD3BD1DC37F1}.Debug|Any CPU.Build.0 = Debug|Any CPU
		{D4A13D3E-B9B0-4448-B6C8-CD3BD1DC37F1}.Debug|Mixed Platforms.ActiveCfg = Debug|Any CPU
		{D4A13D3E-B9B0-4448-B6C8-CD3BD1DC37F1}.Debug|Mixed Platforms.Build.0 = Debug|Any CPU
		{D4A13D3E-B9B0-4448-B6C8-CD3BD1DC37F1}.Debug|x86.ActiveCfg = Debug|Any CPU
		{D4A13D3E-B9B0-4448-B6C8-CD3BD1DC37F1}.Release|Any CPU.ActiveCfg = Release|Any CPU
		{D4A13D3E-B9B0-4448-B6C8-CD3BD1DC37F1}.Release|Any CPU.Build.0 = Release|Any CPU
		{D4A13D3E-B9B0-4448-B6C8-CD3BD1DC37F1}.Release|Mixed Platforms.ActiveCfg = Release|Any CPU
		{D4A13D3E-B9B0-4448-B6C8-CD3BD1DC37F1}.Release|Mixed Platforms.Build.0 = Release|Any CPU
		{D4A13D3E-B9B0-4448-B6C8-CD3BD1DC37F1}.Release|x86.ActiveCfg = Release|Any CPU
		{F801B8E8-D7C9-4FB4-A93F-10C41CDBF44F}.Debug|Any CPU.ActiveCfg = Debug|Any CPU
		{F801B8E8-D7C9-4FB4-A93F-10C41CDBF44F}.Debug|Any CPU.Build.0 = Debug|Any CPU
		{F801B8E8-D7C9-4FB4-A93F-10C41CDBF44F}.Debug|Mixed Platforms.ActiveCfg = Debug|Any CPU
		{F801B8E8-D7C9-4FB4-A93F-10C41CDBF44F}.Debug|Mixed Platforms.Build.0 = Debug|Any CPU
		{F801B8E8-D7C9-4FB4-A93F-10C41CDBF44F}.Debug|x86.ActiveCfg = Debug|Any CPU
		{F801B8E8-D7C9-4FB4-A93F-10C41CDBF44F}.Release|Any CPU.ActiveCfg = Release|Any CPU
		{F801B8E8-D7C9-4FB4-A93F-10C41CDBF44F}.Release|Any CPU.Build.0 = Release|Any CPU
		{F801B8E8-D7C9-4FB4-A93F-10C41CDBF44F}.Release|Mixed Platforms.ActiveCfg = Release|Any CPU
		{F801B8E8-D7C9-4FB4-A93F-10C41CDBF44F}.Release|Mixed Platforms.Build.0 = Release|Any CPU
		{F801B8E8-D7C9-4FB4-A93F-10C41CDBF44F}.Release|x86.ActiveCfg = Release|Any CPU
		{4DD877F6-796A-4F9C-BFF3-9D36590576CF}.Debug|Any CPU.ActiveCfg = Debug|x86
		{4DD877F6-796A-4F9C-BFF3-9D36590576CF}.Debug|Mixed Platforms.ActiveCfg = Debug|x86
		{4DD877F6-796A-4F9C-BFF3-9D36590576CF}.Debug|Mixed Platforms.Build.0 = Debug|x86
		{4DD877F6-796A-4F9C-BFF3-9D36590576CF}.Debug|x86.ActiveCfg = Debug|x86
		{4DD877F6-796A-4F9C-BFF3-9D36590576CF}.Debug|x86.Build.0 = Debug|x86
		{4DD877F6-796A-4F9C-BFF3-9D36590576CF}.Release|Any CPU.ActiveCfg = Release|x86
		{4DD877F6-796A-4F9C-BFF3-9D36590576CF}.Release|Mixed Platforms.ActiveCfg = Release|x86
		{4DD877F6-796A-4F9C-BFF3-9D36590576CF}.Release|Mixed Platforms.Build.0 = Release|x86
		{4DD877F6-796A-4F9C-BFF3-9D36590576CF}.Release|x86.ActiveCfg = Release|x86
		{4DD877F6-796A-4F9C-BFF3-9D36590576CF}.Release|x86.Build.0 = Release|x86
		{017D8E01-B8D1-4671-BB2C-EECBC854FCEC}.Debug|Any CPU.ActiveCfg = Debug|x86
		{017D8E01-B8D1-4671-BB2C-EECBC854FCEC}.Debug|Mixed Platforms.ActiveCfg = Debug|x86
		{017D8E01-B8D1-4671-BB2C-EECBC854FCEC}.Debug|Mixed Platforms.Build.0 = Debug|x86
		{017D8E01-B8D1-4671-BB2C-EECBC854FCEC}.Debug|x86.ActiveCfg = Debug|x86
		{017D8E01-B8D1-4671-BB2C-EECBC854FCEC}.Debug|x86.Build.0 = Debug|x86
		{017D8E01-B8D1-4671-BB2C-EECBC854FCEC}.Release|Any CPU.ActiveCfg = Release|x86
		{017D8E01-B8D1-4671-BB2C-EECBC854FCEC}.Release|Mixed Platforms.ActiveCfg = Release|x86
		{017D8E01-B8D1-4671-BB2C-EECBC854FCEC}.Release|Mixed Platforms.Build.0 = Release|x86
		{017D8E01-B8D1-4671-BB2C-EECBC854FCEC}.Release|x86.ActiveCfg = Release|x86
		{017D8E01-B8D1-4671-BB2C-EECBC854FCEC}.Release|x86.Build.0 = Release|x86
		{7D2AF716-8094-4DB9-8A09-0A4C001A4B28}.Debug|Any CPU.ActiveCfg = Debug|x86
		{7D2AF716-8094-4DB9-8A09-0A4C001A4B28}.Debug|Mixed Platforms.ActiveCfg = Debug|x86
		{7D2AF716-8094-4DB9-8A09-0A4C001A4B28}.Debug|Mixed Platforms.Build.0 = Debug|x86
		{7D2AF716-8094-4DB9-8A09-0A4C001A4B28}.Debug|x86.ActiveCfg = Debug|x86
		{7D2AF716-8094-4DB9-8A09-0A4C001A4B28}.Debug|x86.Build.0 = Debug|x86
		{7D2AF716-8094-4DB9-8A09-0A4C001A4B28}.Release|Any CPU.ActiveCfg = Release|x86
		{7D2AF716-8094-4DB9-8A09-0A4C001A4B28}.Release|Mixed Platforms.ActiveCfg = Release|x86
		{7D2AF716-8094-4DB9-8A09-0A4C001A4B28}.Release|Mixed Platforms.Build.0 = Release|x86
		{7D2AF716-8094-4DB9-8A09-0A4C001A4B28}.Release|x86.ActiveCfg = Release|x86
		{7D2AF716-8094-4DB9-8A09-0A4C001A4B28}.Release|x86.Build.0 = Release|x86
		{102C775A-B4B1-4A3A-842C-13A68DCCB77D}.Debug|Any CPU.ActiveCfg = Debug|x86
		{102C775A-B4B1-4A3A-842C-13A68DCCB77D}.Debug|Mixed Platforms.ActiveCfg = Debug|x86
		{102C775A-B4B1-4A3A-842C-13A68DCCB77D}.Debug|Mixed Platforms.Build.0 = Debug|x86
		{102C775A-B4B1-4A3A-842C-13A68DCCB77D}.Debug|x86.ActiveCfg = Debug|x86
		{102C775A-B4B1-4A3A-842C-13A68DCCB77D}.Debug|x86.Build.0 = Debug|x86
		{102C775A-B4B1-4A3A-842C-13A68DCCB77D}.Release|Any CPU.ActiveCfg = Release|x86
		{102C775A-B4B1-4A3A-842C-13A68DCCB77D}.Release|Mixed Platforms.ActiveCfg = Release|x86
		{102C775A-B4B1-4A3A-842C-13A68DCCB77D}.Release|Mixed Platforms.Build.0 = Release|x86
		{102C775A-B4B1-4A3A-842C-13A68DCCB77D}.Release|x86.ActiveCfg = Release|x86
		{102C775A-B4B1-4A3A-842C-13A68DCCB77D}.Release|x86.Build.0 = Release|x86
		{BDD43275-EAA0-4670-8BA3-0DB5CD7598DD}.Debug|Any CPU.ActiveCfg = Debug|Any CPU
		{BDD43275-EAA0-4670-8BA3-0DB5CD7598DD}.Debug|Any CPU.Build.0 = Debug|Any CPU
		{BDD43275-EAA0-4670-8BA3-0DB5CD7598DD}.Debug|Mixed Platforms.ActiveCfg = Debug|Any CPU
		{BDD43275-EAA0-4670-8BA3-0DB5CD7598DD}.Debug|Mixed Platforms.Build.0 = Debug|Any CPU
		{BDD43275-EAA0-4670-8BA3-0DB5CD7598DD}.Debug|x86.ActiveCfg = Debug|x86
		{BDD43275-EAA0-4670-8BA3-0DB5CD7598DD}.Debug|x86.Build.0 = Debug|x86
		{BDD43275-EAA0-4670-8BA3-0DB5CD7598DD}.Release|Any CPU.ActiveCfg = Release|Any CPU
		{BDD43275-EAA0-4670-8BA3-0DB5CD7598DD}.Release|Any CPU.Build.0 = Release|Any CPU
		{BDD43275-EAA0-4670-8BA3-0DB5CD7598DD}.Release|Mixed Platforms.ActiveCfg = Release|x86
		{BDD43275-EAA0-4670-8BA3-0DB5CD7598DD}.Release|Mixed Platforms.Build.0 = Release|x86
		{BDD43275-EAA0-4670-8BA3-0DB5CD7598DD}.Release|x86.ActiveCfg = Release|x86
		{BDD43275-EAA0-4670-8BA3-0DB5CD7598DD}.Release|x86.Build.0 = Release|x86
		{CEF0E01B-7F8F-4F0E-B687-C66659AB1403}.Debug|Any CPU.ActiveCfg = Debug|Any CPU
		{CEF0E01B-7F8F-4F0E-B687-C66659AB1403}.Debug|Any CPU.Build.0 = Debug|Any CPU
		{CEF0E01B-7F8F-4F0E-B687-C66659AB1403}.Debug|Mixed Platforms.ActiveCfg = Debug|Any CPU
		{CEF0E01B-7F8F-4F0E-B687-C66659AB1403}.Debug|Mixed Platforms.Build.0 = Debug|Any CPU
		{CEF0E01B-7F8F-4F0E-B687-C66659AB1403}.Debug|x86.ActiveCfg = Debug|Any CPU
		{CEF0E01B-7F8F-4F0E-B687-C66659AB1403}.Release|Any CPU.ActiveCfg = Release|Any CPU
		{CEF0E01B-7F8F-4F0E-B687-C66659AB1403}.Release|Any CPU.Build.0 = Release|Any CPU
		{CEF0E01B-7F8F-4F0E-B687-C66659AB1403}.Release|Mixed Platforms.ActiveCfg = Release|Any CPU
		{CEF0E01B-7F8F-4F0E-B687-C66659AB1403}.Release|Mixed Platforms.Build.0 = Release|Any CPU
		{CEF0E01B-7F8F-4F0E-B687-C66659AB1403}.Release|x86.ActiveCfg = Release|Any CPU
		{397BB898-88E0-41D6-8D01-09233C7FFC75}.Debug|Any CPU.ActiveCfg = Debug|Any CPU
		{397BB898-88E0-41D6-8D01-09233C7FFC75}.Debug|Any CPU.Build.0 = Debug|Any CPU
		{397BB898-88E0-41D6-8D01-09233C7FFC75}.Debug|Mixed Platforms.ActiveCfg = Debug|Any CPU
		{397BB898-88E0-41D6-8D01-09233C7FFC75}.Debug|Mixed Platforms.Build.0 = Debug|Any CPU
		{397BB898-88E0-41D6-8D01-09233C7FFC75}.Debug|x86.ActiveCfg = Debug|x86
		{397BB898-88E0-41D6-8D01-09233C7FFC75}.Debug|x86.Build.0 = Debug|x86
		{397BB898-88E0-41D6-8D01-09233C7FFC75}.Release|Any CPU.ActiveCfg = Release|Any CPU
		{397BB898-88E0-41D6-8D01-09233C7FFC75}.Release|Any CPU.Build.0 = Release|Any CPU
		{397BB898-88E0-41D6-8D01-09233C7FFC75}.Release|Mixed Platforms.ActiveCfg = Release|x86
		{397BB898-88E0-41D6-8D01-09233C7FFC75}.Release|Mixed Platforms.Build.0 = Release|x86
		{397BB898-88E0-41D6-8D01-09233C7FFC75}.Release|x86.ActiveCfg = Release|x86
		{397BB898-88E0-41D6-8D01-09233C7FFC75}.Release|x86.Build.0 = Release|x86
		{334E1B2B-5373-4C80-A971-BFF213FF304B}.Debug|Any CPU.ActiveCfg = Debug|Any CPU
		{334E1B2B-5373-4C80-A971-BFF213FF304B}.Debug|Any CPU.Build.0 = Debug|Any CPU
		{334E1B2B-5373-4C80-A971-BFF213FF304B}.Debug|Mixed Platforms.ActiveCfg = Debug|Any CPU
		{334E1B2B-5373-4C80-A971-BFF213FF304B}.Debug|Mixed Platforms.Build.0 = Debug|Any CPU
		{334E1B2B-5373-4C80-A971-BFF213FF304B}.Debug|x86.ActiveCfg = Debug|Any CPU
		{334E1B2B-5373-4C80-A971-BFF213FF304B}.Release|Any CPU.ActiveCfg = Release|Any CPU
		{334E1B2B-5373-4C80-A971-BFF213FF304B}.Release|Any CPU.Build.0 = Release|Any CPU
		{334E1B2B-5373-4C80-A971-BFF213FF304B}.Release|Mixed Platforms.ActiveCfg = Release|Any CPU
		{334E1B2B-5373-4C80-A971-BFF213FF304B}.Release|Mixed Platforms.Build.0 = Release|Any CPU
		{334E1B2B-5373-4C80-A971-BFF213FF304B}.Release|x86.ActiveCfg = Release|Any CPU
		{3DCFCA4D-0205-4684-A9A6-1DB8640CD579}.Debug|Any CPU.ActiveCfg = Debug|Any CPU
		{3DCFCA4D-0205-4684-A9A6-1DB8640CD579}.Debug|Any CPU.Build.0 = Debug|Any CPU
		{3DCFCA4D-0205-4684-A9A6-1DB8640CD579}.Debug|Mixed Platforms.ActiveCfg = Debug|Any CPU
		{3DCFCA4D-0205-4684-A9A6-1DB8640CD579}.Debug|Mixed Platforms.Build.0 = Debug|Any CPU
		{3DCFCA4D-0205-4684-A9A6-1DB8640CD579}.Debug|x86.ActiveCfg = Debug|Any CPU
		{3DCFCA4D-0205-4684-A9A6-1DB8640CD579}.Release|Any CPU.ActiveCfg = Release|Any CPU
		{3DCFCA4D-0205-4684-A9A6-1DB8640CD579}.Release|Any CPU.Build.0 = Release|Any CPU
		{3DCFCA4D-0205-4684-A9A6-1DB8640CD579}.Release|Mixed Platforms.ActiveCfg = Release|Any CPU
		{3DCFCA4D-0205-4684-A9A6-1DB8640CD579}.Release|Mixed Platforms.Build.0 = Release|Any CPU
		{3DCFCA4D-0205-4684-A9A6-1DB8640CD579}.Release|x86.ActiveCfg = Release|Any CPU
		{060DD22D-8C7A-4D17-AC72-06B45AE65174}.Debug|Any CPU.ActiveCfg = Debug|Any CPU
		{060DD22D-8C7A-4D17-AC72-06B45AE65174}.Debug|Any CPU.Build.0 = Debug|Any CPU
		{060DD22D-8C7A-4D17-AC72-06B45AE65174}.Debug|Mixed Platforms.ActiveCfg = Debug|Any CPU
		{060DD22D-8C7A-4D17-AC72-06B45AE65174}.Debug|Mixed Platforms.Build.0 = Debug|Any CPU
		{060DD22D-8C7A-4D17-AC72-06B45AE65174}.Debug|x86.ActiveCfg = Debug|Any CPU
		{060DD22D-8C7A-4D17-AC72-06B45AE65174}.Release|Any CPU.ActiveCfg = Release|Any CPU
		{060DD22D-8C7A-4D17-AC72-06B45AE65174}.Release|Any CPU.Build.0 = Release|Any CPU
		{060DD22D-8C7A-4D17-AC72-06B45AE65174}.Release|Mixed Platforms.ActiveCfg = Release|Any CPU
		{060DD22D-8C7A-4D17-AC72-06B45AE65174}.Release|Mixed Platforms.Build.0 = Release|Any CPU
		{060DD22D-8C7A-4D17-AC72-06B45AE65174}.Release|x86.ActiveCfg = Release|Any CPU
		{C2468F93-69AC-4BBA-94AE-678ED5C21542}.Debug|Any CPU.ActiveCfg = Debug|Any CPU
		{C2468F93-69AC-4BBA-94AE-678ED5C21542}.Debug|Any CPU.Build.0 = Debug|Any CPU
		{C2468F93-69AC-4BBA-94AE-678ED5C21542}.Debug|Mixed Platforms.ActiveCfg = Debug|Any CPU
		{C2468F93-69AC-4BBA-94AE-678ED5C21542}.Debug|Mixed Platforms.Build.0 = Debug|Any CPU
		{C2468F93-69AC-4BBA-94AE-678ED5C21542}.Debug|x86.ActiveCfg = Debug|Any CPU
		{C2468F93-69AC-4BBA-94AE-678ED5C21542}.Release|Any CPU.ActiveCfg = Release|Any CPU
		{C2468F93-69AC-4BBA-94AE-678ED5C21542}.Release|Any CPU.Build.0 = Release|Any CPU
		{C2468F93-69AC-4BBA-94AE-678ED5C21542}.Release|Mixed Platforms.ActiveCfg = Release|Any CPU
		{C2468F93-69AC-4BBA-94AE-678ED5C21542}.Release|Mixed Platforms.Build.0 = Release|Any CPU
		{C2468F93-69AC-4BBA-94AE-678ED5C21542}.Release|x86.ActiveCfg = Release|Any CPU
		{0413F979-C770-4AB0-886E-4B2BE2FB4F8C}.Debug|Any CPU.ActiveCfg = Debug|Any CPU
		{0413F979-C770-4AB0-886E-4B2BE2FB4F8C}.Debug|Any CPU.Build.0 = Debug|Any CPU
		{0413F979-C770-4AB0-886E-4B2BE2FB4F8C}.Debug|Mixed Platforms.ActiveCfg = Debug|Any CPU
		{0413F979-C770-4AB0-886E-4B2BE2FB4F8C}.Debug|Mixed Platforms.Build.0 = Debug|Any CPU
		{0413F979-C770-4AB0-886E-4B2BE2FB4F8C}.Debug|x86.ActiveCfg = Debug|Any CPU
		{0413F979-C770-4AB0-886E-4B2BE2FB4F8C}.Release|Any CPU.ActiveCfg = Release|Any CPU
		{0413F979-C770-4AB0-886E-4B2BE2FB4F8C}.Release|Any CPU.Build.0 = Release|Any CPU
		{0413F979-C770-4AB0-886E-4B2BE2FB4F8C}.Release|Mixed Platforms.ActiveCfg = Release|Any CPU
		{0413F979-C770-4AB0-886E-4B2BE2FB4F8C}.Release|Mixed Platforms.Build.0 = Release|Any CPU
		{0413F979-C770-4AB0-886E-4B2BE2FB4F8C}.Release|x86.ActiveCfg = Release|Any CPU
		{FC226C5E-6AED-402B-B604-5DEEC6301AD6}.Debug|Any CPU.ActiveCfg = Debug|Any CPU
		{FC226C5E-6AED-402B-B604-5DEEC6301AD6}.Debug|Any CPU.Build.0 = Debug|Any CPU
		{FC226C5E-6AED-402B-B604-5DEEC6301AD6}.Debug|Mixed Platforms.ActiveCfg = Debug|Any CPU
		{FC226C5E-6AED-402B-B604-5DEEC6301AD6}.Debug|Mixed Platforms.Build.0 = Debug|Any CPU
		{FC226C5E-6AED-402B-B604-5DEEC6301AD6}.Debug|x86.ActiveCfg = Debug|Any CPU
		{FC226C5E-6AED-402B-B604-5DEEC6301AD6}.Release|Any CPU.ActiveCfg = Release|Any CPU
		{FC226C5E-6AED-402B-B604-5DEEC6301AD6}.Release|Any CPU.Build.0 = Release|Any CPU
		{FC226C5E-6AED-402B-B604-5DEEC6301AD6}.Release|Mixed Platforms.ActiveCfg = Release|Any CPU
		{FC226C5E-6AED-402B-B604-5DEEC6301AD6}.Release|Mixed Platforms.Build.0 = Release|Any CPU
		{FC226C5E-6AED-402B-B604-5DEEC6301AD6}.Release|x86.ActiveCfg = Release|Any CPU
		{3C4F8133-8652-40B6-B37B-200B25C2B043}.Debug|Any CPU.ActiveCfg = Debug|Any CPU
		{3C4F8133-8652-40B6-B37B-200B25C2B043}.Debug|Any CPU.Build.0 = Debug|Any CPU
		{3C4F8133-8652-40B6-B37B-200B25C2B043}.Debug|Mixed Platforms.ActiveCfg = Debug|Any CPU
		{3C4F8133-8652-40B6-B37B-200B25C2B043}.Debug|Mixed Platforms.Build.0 = Debug|Any CPU
		{3C4F8133-8652-40B6-B37B-200B25C2B043}.Debug|x86.ActiveCfg = Debug|Any CPU
		{3C4F8133-8652-40B6-B37B-200B25C2B043}.Release|Any CPU.ActiveCfg = Release|Any CPU
		{3C4F8133-8652-40B6-B37B-200B25C2B043}.Release|Any CPU.Build.0 = Release|Any CPU
		{3C4F8133-8652-40B6-B37B-200B25C2B043}.Release|Mixed Platforms.ActiveCfg = Release|Any CPU
		{3C4F8133-8652-40B6-B37B-200B25C2B043}.Release|Mixed Platforms.Build.0 = Release|Any CPU
		{3C4F8133-8652-40B6-B37B-200B25C2B043}.Release|x86.ActiveCfg = Release|Any CPU
		{441CB814-AF78-4503-91EF-DCE5F3269502}.Debug|Any CPU.ActiveCfg = Debug|Any CPU
		{441CB814-AF78-4503-91EF-DCE5F3269502}.Debug|Any CPU.Build.0 = Debug|Any CPU
		{441CB814-AF78-4503-91EF-DCE5F3269502}.Debug|Mixed Platforms.ActiveCfg = Debug|Any CPU
		{441CB814-AF78-4503-91EF-DCE5F3269502}.Debug|Mixed Platforms.Build.0 = Debug|Any CPU
		{441CB814-AF78-4503-91EF-DCE5F3269502}.Debug|x86.ActiveCfg = Debug|x86
		{441CB814-AF78-4503-91EF-DCE5F3269502}.Debug|x86.Build.0 = Debug|x86
		{441CB814-AF78-4503-91EF-DCE5F3269502}.Release|Any CPU.ActiveCfg = Release|Any CPU
		{441CB814-AF78-4503-91EF-DCE5F3269502}.Release|Any CPU.Build.0 = Release|Any CPU
		{441CB814-AF78-4503-91EF-DCE5F3269502}.Release|Mixed Platforms.ActiveCfg = Release|x86
		{441CB814-AF78-4503-91EF-DCE5F3269502}.Release|Mixed Platforms.Build.0 = Release|x86
		{441CB814-AF78-4503-91EF-DCE5F3269502}.Release|x86.ActiveCfg = Release|x86
		{441CB814-AF78-4503-91EF-DCE5F3269502}.Release|x86.Build.0 = Release|x86
		{2F085431-027A-4DDF-9B3D-83219E629FA1}.Debug|Any CPU.ActiveCfg = Debug|Any CPU
		{2F085431-027A-4DDF-9B3D-83219E629FA1}.Debug|Any CPU.Build.0 = Debug|Any CPU
		{2F085431-027A-4DDF-9B3D-83219E629FA1}.Debug|Mixed Platforms.ActiveCfg = Debug|Any CPU
		{2F085431-027A-4DDF-9B3D-83219E629FA1}.Debug|Mixed Platforms.Build.0 = Debug|Any CPU
		{2F085431-027A-4DDF-9B3D-83219E629FA1}.Debug|x86.ActiveCfg = Debug|Any CPU
		{2F085431-027A-4DDF-9B3D-83219E629FA1}.Release|Any CPU.ActiveCfg = Release|Any CPU
		{2F085431-027A-4DDF-9B3D-83219E629FA1}.Release|Any CPU.Build.0 = Release|Any CPU
		{2F085431-027A-4DDF-9B3D-83219E629FA1}.Release|Mixed Platforms.ActiveCfg = Release|Any CPU
		{2F085431-027A-4DDF-9B3D-83219E629FA1}.Release|Mixed Platforms.Build.0 = Release|Any CPU
		{2F085431-027A-4DDF-9B3D-83219E629FA1}.Release|x86.ActiveCfg = Release|Any CPU
		{3F81F705-5265-47EE-9255-CB33E1C135B8}.Debug|Any CPU.ActiveCfg = Debug|Any CPU
		{3F81F705-5265-47EE-9255-CB33E1C135B8}.Debug|Any CPU.Build.0 = Debug|Any CPU
		{3F81F705-5265-47EE-9255-CB33E1C135B8}.Debug|Mixed Platforms.ActiveCfg = Debug|Any CPU
		{3F81F705-5265-47EE-9255-CB33E1C135B8}.Debug|Mixed Platforms.Build.0 = Debug|Any CPU
		{3F81F705-5265-47EE-9255-CB33E1C135B8}.Debug|x86.ActiveCfg = Debug|Any CPU
		{3F81F705-5265-47EE-9255-CB33E1C135B8}.Release|Any CPU.ActiveCfg = Release|Any CPU
		{3F81F705-5265-47EE-9255-CB33E1C135B8}.Release|Any CPU.Build.0 = Release|Any CPU
		{3F81F705-5265-47EE-9255-CB33E1C135B8}.Release|Mixed Platforms.ActiveCfg = Release|Any CPU
		{3F81F705-5265-47EE-9255-CB33E1C135B8}.Release|Mixed Platforms.Build.0 = Release|Any CPU
		{3F81F705-5265-47EE-9255-CB33E1C135B8}.Release|x86.ActiveCfg = Release|Any CPU
		{184700D7-F172-4001-9EE6-440779D286E1}.Debug|Any CPU.ActiveCfg = Debug|Any CPU
		{184700D7-F172-4001-9EE6-440779D286E1}.Debug|Any CPU.Build.0 = Debug|Any CPU
		{184700D7-F172-4001-9EE6-440779D286E1}.Debug|Mixed Platforms.ActiveCfg = Debug|Any CPU
		{184700D7-F172-4001-9EE6-440779D286E1}.Debug|Mixed Platforms.Build.0 = Debug|Any CPU
		{184700D7-F172-4001-9EE6-440779D286E1}.Debug|x86.ActiveCfg = Debug|Any CPU
		{184700D7-F172-4001-9EE6-440779D286E1}.Release|Any CPU.ActiveCfg = Release|Any CPU
		{184700D7-F172-4001-9EE6-440779D286E1}.Release|Any CPU.Build.0 = Release|Any CPU
		{184700D7-F172-4001-9EE6-440779D286E1}.Release|Mixed Platforms.ActiveCfg = Release|Any CPU
		{184700D7-F172-4001-9EE6-440779D286E1}.Release|Mixed Platforms.Build.0 = Release|Any CPU
		{184700D7-F172-4001-9EE6-440779D286E1}.Release|x86.ActiveCfg = Release|Any CPU
		{2DF76AF2-D0CD-47C5-910C-A81B8BCDCE3E}.Debug|Any CPU.ActiveCfg = Debug|Any CPU
		{2DF76AF2-D0CD-47C5-910C-A81B8BCDCE3E}.Debug|Any CPU.Build.0 = Debug|Any CPU
		{2DF76AF2-D0CD-47C5-910C-A81B8BCDCE3E}.Debug|Mixed Platforms.ActiveCfg = Debug|Any CPU
		{2DF76AF2-D0CD-47C5-910C-A81B8BCDCE3E}.Debug|Mixed Platforms.Build.0 = Debug|Any CPU
		{2DF76AF2-D0CD-47C5-910C-A81B8BCDCE3E}.Debug|x86.ActiveCfg = Debug|Any CPU
		{2DF76AF2-D0CD-47C5-910C-A81B8BCDCE3E}.Release|Any CPU.ActiveCfg = Release|Any CPU
		{2DF76AF2-D0CD-47C5-910C-A81B8BCDCE3E}.Release|Any CPU.Build.0 = Release|Any CPU
		{2DF76AF2-D0CD-47C5-910C-A81B8BCDCE3E}.Release|Mixed Platforms.ActiveCfg = Release|Any CPU
		{2DF76AF2-D0CD-47C5-910C-A81B8BCDCE3E}.Release|Mixed Platforms.Build.0 = Release|Any CPU
		{2DF76AF2-D0CD-47C5-910C-A81B8BCDCE3E}.Release|x86.ActiveCfg = Release|Any CPU
		{74242530-EF96-457E-852D-5C21A3EA8449}.Debug|Any CPU.ActiveCfg = Debug|Any CPU
		{74242530-EF96-457E-852D-5C21A3EA8449}.Debug|Any CPU.Build.0 = Debug|Any CPU
		{74242530-EF96-457E-852D-5C21A3EA8449}.Debug|Mixed Platforms.ActiveCfg = Debug|Any CPU
		{74242530-EF96-457E-852D-5C21A3EA8449}.Debug|Mixed Platforms.Build.0 = Debug|Any CPU
		{74242530-EF96-457E-852D-5C21A3EA8449}.Debug|x86.ActiveCfg = Debug|x86
		{74242530-EF96-457E-852D-5C21A3EA8449}.Debug|x86.Build.0 = Debug|x86
		{74242530-EF96-457E-852D-5C21A3EA8449}.Release|Any CPU.ActiveCfg = Release|Any CPU
		{74242530-EF96-457E-852D-5C21A3EA8449}.Release|Any CPU.Build.0 = Release|Any CPU
		{74242530-EF96-457E-852D-5C21A3EA8449}.Release|Mixed Platforms.ActiveCfg = Release|x86
		{74242530-EF96-457E-852D-5C21A3EA8449}.Release|Mixed Platforms.Build.0 = Release|x86
		{74242530-EF96-457E-852D-5C21A3EA8449}.Release|x86.ActiveCfg = Release|x86
		{74242530-EF96-457E-852D-5C21A3EA8449}.Release|x86.Build.0 = Release|x86
		{57FE2FB1-4134-409B-876C-8A1C0776B498}.Debug|Any CPU.ActiveCfg = Debug|Any CPU
		{57FE2FB1-4134-409B-876C-8A1C0776B498}.Debug|Any CPU.Build.0 = Debug|Any CPU
		{57FE2FB1-4134-409B-876C-8A1C0776B498}.Debug|Mixed Platforms.ActiveCfg = Debug|Any CPU
		{57FE2FB1-4134-409B-876C-8A1C0776B498}.Debug|Mixed Platforms.Build.0 = Debug|Any CPU
		{57FE2FB1-4134-409B-876C-8A1C0776B498}.Debug|x86.ActiveCfg = Debug|Any CPU
		{57FE2FB1-4134-409B-876C-8A1C0776B498}.Release|Any CPU.ActiveCfg = Release|Any CPU
		{57FE2FB1-4134-409B-876C-8A1C0776B498}.Release|Any CPU.Build.0 = Release|Any CPU
		{57FE2FB1-4134-409B-876C-8A1C0776B498}.Release|Mixed Platforms.ActiveCfg = Release|Any CPU
		{57FE2FB1-4134-409B-876C-8A1C0776B498}.Release|Mixed Platforms.Build.0 = Release|Any CPU
		{57FE2FB1-4134-409B-876C-8A1C0776B498}.Release|x86.ActiveCfg = Release|Any CPU
		{AA6C5E6A-252B-4E2A-A883-0E4E739F8701}.Debug|Any CPU.ActiveCfg = Debug|Any CPU
		{AA6C5E6A-252B-4E2A-A883-0E4E739F8701}.Debug|Any CPU.Build.0 = Debug|Any CPU
		{AA6C5E6A-252B-4E2A-A883-0E4E739F8701}.Debug|Mixed Platforms.ActiveCfg = Debug|Any CPU
		{AA6C5E6A-252B-4E2A-A883-0E4E739F8701}.Debug|Mixed Platforms.Build.0 = Debug|Any CPU
		{AA6C5E6A-252B-4E2A-A883-0E4E739F8701}.Debug|x86.ActiveCfg = Debug|Any CPU
		{AA6C5E6A-252B-4E2A-A883-0E4E739F8701}.Release|Any CPU.ActiveCfg = Release|Any CPU
		{AA6C5E6A-252B-4E2A-A883-0E4E739F8701}.Release|Any CPU.Build.0 = Release|Any CPU
		{AA6C5E6A-252B-4E2A-A883-0E4E739F8701}.Release|Mixed Platforms.ActiveCfg = Release|Any CPU
		{AA6C5E6A-252B-4E2A-A883-0E4E739F8701}.Release|Mixed Platforms.Build.0 = Release|Any CPU
		{AA6C5E6A-252B-4E2A-A883-0E4E739F8701}.Release|x86.ActiveCfg = Release|Any CPU
		{86E0817D-79A4-4769-B450-C8352D0D1907}.Debug|Any CPU.ActiveCfg = Debug|Any CPU
		{86E0817D-79A4-4769-B450-C8352D0D1907}.Debug|Any CPU.Build.0 = Debug|Any CPU
		{86E0817D-79A4-4769-B450-C8352D0D1907}.Debug|Mixed Platforms.ActiveCfg = Debug|Any CPU
		{86E0817D-79A4-4769-B450-C8352D0D1907}.Debug|Mixed Platforms.Build.0 = Debug|Any CPU
		{86E0817D-79A4-4769-B450-C8352D0D1907}.Debug|x86.ActiveCfg = Debug|Any CPU
		{86E0817D-79A4-4769-B450-C8352D0D1907}.Release|Any CPU.ActiveCfg = Release|Any CPU
		{86E0817D-79A4-4769-B450-C8352D0D1907}.Release|Any CPU.Build.0 = Release|Any CPU
		{86E0817D-79A4-4769-B450-C8352D0D1907}.Release|Mixed Platforms.ActiveCfg = Release|Any CPU
		{86E0817D-79A4-4769-B450-C8352D0D1907}.Release|Mixed Platforms.Build.0 = Release|Any CPU
		{86E0817D-79A4-4769-B450-C8352D0D1907}.Release|x86.ActiveCfg = Release|Any CPU
		{5107DE16-DDA1-4606-B3A3-840B24428329}.Debug|Any CPU.ActiveCfg = Debug|Any CPU
		{5107DE16-DDA1-4606-B3A3-840B24428329}.Debug|Any CPU.Build.0 = Debug|Any CPU
		{5107DE16-DDA1-4606-B3A3-840B24428329}.Debug|Mixed Platforms.ActiveCfg = Debug|Any CPU
		{5107DE16-DDA1-4606-B3A3-840B24428329}.Debug|Mixed Platforms.Build.0 = Debug|Any CPU
		{5107DE16-DDA1-4606-B3A3-840B24428329}.Debug|x86.ActiveCfg = Debug|Any CPU
		{5107DE16-DDA1-4606-B3A3-840B24428329}.Release|Any CPU.ActiveCfg = Release|Any CPU
		{5107DE16-DDA1-4606-B3A3-840B24428329}.Release|Any CPU.Build.0 = Release|Any CPU
		{5107DE16-DDA1-4606-B3A3-840B24428329}.Release|Mixed Platforms.ActiveCfg = Release|Any CPU
		{5107DE16-DDA1-4606-B3A3-840B24428329}.Release|Mixed Platforms.Build.0 = Release|Any CPU
		{5107DE16-DDA1-4606-B3A3-840B24428329}.Release|x86.ActiveCfg = Release|Any CPU
		{26F96CC3-A4A9-4BC4-A10A-BC7E25581FF6}.Debug|Any CPU.ActiveCfg = Debug|Any CPU
		{26F96CC3-A4A9-4BC4-A10A-BC7E25581FF6}.Debug|Any CPU.Build.0 = Debug|Any CPU
		{26F96CC3-A4A9-4BC4-A10A-BC7E25581FF6}.Debug|Mixed Platforms.ActiveCfg = Debug|Any CPU
		{26F96CC3-A4A9-4BC4-A10A-BC7E25581FF6}.Debug|Mixed Platforms.Build.0 = Debug|Any CPU
		{26F96CC3-A4A9-4BC4-A10A-BC7E25581FF6}.Debug|x86.ActiveCfg = Debug|x86
		{26F96CC3-A4A9-4BC4-A10A-BC7E25581FF6}.Debug|x86.Build.0 = Debug|x86
		{26F96CC3-A4A9-4BC4-A10A-BC7E25581FF6}.Release|Any CPU.ActiveCfg = Release|Any CPU
		{26F96CC3-A4A9-4BC4-A10A-BC7E25581FF6}.Release|Any CPU.Build.0 = Release|Any CPU
		{26F96CC3-A4A9-4BC4-A10A-BC7E25581FF6}.Release|Mixed Platforms.ActiveCfg = Release|x86
		{26F96CC3-A4A9-4BC4-A10A-BC7E25581FF6}.Release|Mixed Platforms.Build.0 = Release|x86
		{26F96CC3-A4A9-4BC4-A10A-BC7E25581FF6}.Release|x86.ActiveCfg = Release|x86
		{26F96CC3-A4A9-4BC4-A10A-BC7E25581FF6}.Release|x86.Build.0 = Release|x86
		{E6489E89-1349-4EE7-A00B-AC96B9912587}.Debug|Any CPU.ActiveCfg = Debug|Any CPU
		{E6489E89-1349-4EE7-A00B-AC96B9912587}.Debug|Any CPU.Build.0 = Debug|Any CPU
		{E6489E89-1349-4EE7-A00B-AC96B9912587}.Debug|Mixed Platforms.ActiveCfg = Debug|Any CPU
		{E6489E89-1349-4EE7-A00B-AC96B9912587}.Debug|Mixed Platforms.Build.0 = Debug|Any CPU
		{E6489E89-1349-4EE7-A00B-AC96B9912587}.Debug|x86.ActiveCfg = Debug|x86
		{E6489E89-1349-4EE7-A00B-AC96B9912587}.Debug|x86.Build.0 = Debug|x86
		{E6489E89-1349-4EE7-A00B-AC96B9912587}.Release|Any CPU.ActiveCfg = Release|Any CPU
		{E6489E89-1349-4EE7-A00B-AC96B9912587}.Release|Any CPU.Build.0 = Release|Any CPU
		{E6489E89-1349-4EE7-A00B-AC96B9912587}.Release|Mixed Platforms.ActiveCfg = Release|x86
		{E6489E89-1349-4EE7-A00B-AC96B9912587}.Release|Mixed Platforms.Build.0 = Release|x86
		{E6489E89-1349-4EE7-A00B-AC96B9912587}.Release|x86.ActiveCfg = Release|x86
		{E6489E89-1349-4EE7-A00B-AC96B9912587}.Release|x86.Build.0 = Release|x86
		{FA8ED8A6-EA29-4188-A45A-A3A829AE3DB9}.Debug|Any CPU.ActiveCfg = Debug|Any CPU
		{FA8ED8A6-EA29-4188-A45A-A3A829AE3DB9}.Debug|Any CPU.Build.0 = Debug|Any CPU
		{FA8ED8A6-EA29-4188-A45A-A3A829AE3DB9}.Debug|Mixed Platforms.ActiveCfg = Debug|Any CPU
		{FA8ED8A6-EA29-4188-A45A-A3A829AE3DB9}.Debug|Mixed Platforms.Build.0 = Debug|Any CPU
		{FA8ED8A6-EA29-4188-A45A-A3A829AE3DB9}.Debug|x86.ActiveCfg = Debug|Any CPU
		{FA8ED8A6-EA29-4188-A45A-A3A829AE3DB9}.Release|Any CPU.ActiveCfg = Release|Any CPU
		{FA8ED8A6-EA29-4188-A45A-A3A829AE3DB9}.Release|Any CPU.Build.0 = Release|Any CPU
		{FA8ED8A6-EA29-4188-A45A-A3A829AE3DB9}.Release|Mixed Platforms.ActiveCfg = Release|Any CPU
		{FA8ED8A6-EA29-4188-A45A-A3A829AE3DB9}.Release|Mixed Platforms.Build.0 = Release|Any CPU
		{FA8ED8A6-EA29-4188-A45A-A3A829AE3DB9}.Release|x86.ActiveCfg = Release|Any CPU
		{696E929A-6A4A-4C6D-A8B2-C4F25F781940}.Debug|Any CPU.ActiveCfg = Debug|Any CPU
		{696E929A-6A4A-4C6D-A8B2-C4F25F781940}.Debug|Any CPU.Build.0 = Debug|Any CPU
		{696E929A-6A4A-4C6D-A8B2-C4F25F781940}.Debug|Mixed Platforms.ActiveCfg = Debug|Any CPU
		{696E929A-6A4A-4C6D-A8B2-C4F25F781940}.Debug|Mixed Platforms.Build.0 = Debug|Any CPU
		{696E929A-6A4A-4C6D-A8B2-C4F25F781940}.Debug|x86.ActiveCfg = Debug|Any CPU
		{696E929A-6A4A-4C6D-A8B2-C4F25F781940}.Release|Any CPU.ActiveCfg = Release|Any CPU
		{696E929A-6A4A-4C6D-A8B2-C4F25F781940}.Release|Any CPU.Build.0 = Release|Any CPU
		{696E929A-6A4A-4C6D-A8B2-C4F25F781940}.Release|Mixed Platforms.ActiveCfg = Release|Any CPU
		{696E929A-6A4A-4C6D-A8B2-C4F25F781940}.Release|Mixed Platforms.Build.0 = Release|Any CPU
		{696E929A-6A4A-4C6D-A8B2-C4F25F781940}.Release|x86.ActiveCfg = Release|Any CPU
		{F4035EC4-076B-47CB-B8F2-D8EEC7AFE56A}.Debug|Any CPU.ActiveCfg = Debug|Any CPU
		{F4035EC4-076B-47CB-B8F2-D8EEC7AFE56A}.Debug|Any CPU.Build.0 = Debug|Any CPU
		{F4035EC4-076B-47CB-B8F2-D8EEC7AFE56A}.Debug|Mixed Platforms.ActiveCfg = Debug|Any CPU
		{F4035EC4-076B-47CB-B8F2-D8EEC7AFE56A}.Debug|Mixed Platforms.Build.0 = Debug|Any CPU
		{F4035EC4-076B-47CB-B8F2-D8EEC7AFE56A}.Debug|x86.ActiveCfg = Debug|Any CPU
		{F4035EC4-076B-47CB-B8F2-D8EEC7AFE56A}.Release|Any CPU.ActiveCfg = Release|Any CPU
		{F4035EC4-076B-47CB-B8F2-D8EEC7AFE56A}.Release|Any CPU.Build.0 = Release|Any CPU
		{F4035EC4-076B-47CB-B8F2-D8EEC7AFE56A}.Release|Mixed Platforms.ActiveCfg = Release|Any CPU
		{F4035EC4-076B-47CB-B8F2-D8EEC7AFE56A}.Release|Mixed Platforms.Build.0 = Release|Any CPU
		{F4035EC4-076B-47CB-B8F2-D8EEC7AFE56A}.Release|x86.ActiveCfg = Release|Any CPU
		{6431CF13-7A7B-4602-B96A-47CDA6F0B008}.Debug|Any CPU.ActiveCfg = Debug|Any CPU
		{6431CF13-7A7B-4602-B96A-47CDA6F0B008}.Debug|Any CPU.Build.0 = Debug|Any CPU
		{6431CF13-7A7B-4602-B96A-47CDA6F0B008}.Debug|Mixed Platforms.ActiveCfg = Debug|Any CPU
		{6431CF13-7A7B-4602-B96A-47CDA6F0B008}.Debug|Mixed Platforms.Build.0 = Debug|Any CPU
		{6431CF13-7A7B-4602-B96A-47CDA6F0B008}.Debug|x86.ActiveCfg = Debug|Any CPU
		{6431CF13-7A7B-4602-B96A-47CDA6F0B008}.Release|Any CPU.ActiveCfg = Release|Any CPU
		{6431CF13-7A7B-4602-B96A-47CDA6F0B008}.Release|Any CPU.Build.0 = Release|Any CPU
		{6431CF13-7A7B-4602-B96A-47CDA6F0B008}.Release|Mixed Platforms.ActiveCfg = Release|Any CPU
		{6431CF13-7A7B-4602-B96A-47CDA6F0B008}.Release|Mixed Platforms.Build.0 = Release|Any CPU
		{6431CF13-7A7B-4602-B96A-47CDA6F0B008}.Release|x86.ActiveCfg = Release|Any CPU
		{42ED3F62-53C5-4880-B9B8-F8B78F575353}.Debug|Any CPU.ActiveCfg = Debug|Any CPU
		{42ED3F62-53C5-4880-B9B8-F8B78F575353}.Debug|Any CPU.Build.0 = Debug|Any CPU
		{42ED3F62-53C5-4880-B9B8-F8B78F575353}.Debug|Mixed Platforms.ActiveCfg = Debug|Any CPU
		{42ED3F62-53C5-4880-B9B8-F8B78F575353}.Debug|Mixed Platforms.Build.0 = Debug|Any CPU
		{42ED3F62-53C5-4880-B9B8-F8B78F575353}.Debug|x86.ActiveCfg = Debug|Any CPU
		{42ED3F62-53C5-4880-B9B8-F8B78F575353}.Release|Any CPU.ActiveCfg = Release|Any CPU
		{42ED3F62-53C5-4880-B9B8-F8B78F575353}.Release|Any CPU.Build.0 = Release|Any CPU
		{42ED3F62-53C5-4880-B9B8-F8B78F575353}.Release|Mixed Platforms.ActiveCfg = Release|Any CPU
		{42ED3F62-53C5-4880-B9B8-F8B78F575353}.Release|Mixed Platforms.Build.0 = Release|Any CPU
		{42ED3F62-53C5-4880-B9B8-F8B78F575353}.Release|x86.ActiveCfg = Release|Any CPU
		{F3D9A4E5-E891-4196-864A-A3DB788424AA}.Debug|Any CPU.ActiveCfg = Debug|Any CPU
		{F3D9A4E5-E891-4196-864A-A3DB788424AA}.Debug|Any CPU.Build.0 = Debug|Any CPU
		{F3D9A4E5-E891-4196-864A-A3DB788424AA}.Debug|Mixed Platforms.ActiveCfg = Debug|Any CPU
		{F3D9A4E5-E891-4196-864A-A3DB788424AA}.Debug|Mixed Platforms.Build.0 = Debug|Any CPU
		{F3D9A4E5-E891-4196-864A-A3DB788424AA}.Debug|x86.ActiveCfg = Debug|Any CPU
		{F3D9A4E5-E891-4196-864A-A3DB788424AA}.Release|Any CPU.ActiveCfg = Release|Any CPU
		{F3D9A4E5-E891-4196-864A-A3DB788424AA}.Release|Any CPU.Build.0 = Release|Any CPU
		{F3D9A4E5-E891-4196-864A-A3DB788424AA}.Release|Mixed Platforms.ActiveCfg = Release|Any CPU
		{F3D9A4E5-E891-4196-864A-A3DB788424AA}.Release|Mixed Platforms.Build.0 = Release|Any CPU
		{F3D9A4E5-E891-4196-864A-A3DB788424AA}.Release|x86.ActiveCfg = Release|Any CPU
		{0E2B8DBD-1E6E-40E9-8AF7-EFD6D30DDEBF}.Debug|Any CPU.ActiveCfg = Debug|Any CPU
		{0E2B8DBD-1E6E-40E9-8AF7-EFD6D30DDEBF}.Debug|Any CPU.Build.0 = Debug|Any CPU
		{0E2B8DBD-1E6E-40E9-8AF7-EFD6D30DDEBF}.Debug|Mixed Platforms.ActiveCfg = Debug|Any CPU
		{0E2B8DBD-1E6E-40E9-8AF7-EFD6D30DDEBF}.Debug|Mixed Platforms.Build.0 = Debug|Any CPU
		{0E2B8DBD-1E6E-40E9-8AF7-EFD6D30DDEBF}.Debug|x86.ActiveCfg = Debug|x86
		{0E2B8DBD-1E6E-40E9-8AF7-EFD6D30DDEBF}.Debug|x86.Build.0 = Debug|x86
		{0E2B8DBD-1E6E-40E9-8AF7-EFD6D30DDEBF}.Release|Any CPU.ActiveCfg = Release|Any CPU
		{0E2B8DBD-1E6E-40E9-8AF7-EFD6D30DDEBF}.Release|Any CPU.Build.0 = Release|Any CPU
		{0E2B8DBD-1E6E-40E9-8AF7-EFD6D30DDEBF}.Release|Mixed Platforms.ActiveCfg = Release|x86
		{0E2B8DBD-1E6E-40E9-8AF7-EFD6D30DDEBF}.Release|Mixed Platforms.Build.0 = Release|x86
		{0E2B8DBD-1E6E-40E9-8AF7-EFD6D30DDEBF}.Release|x86.ActiveCfg = Release|x86
		{0E2B8DBD-1E6E-40E9-8AF7-EFD6D30DDEBF}.Release|x86.Build.0 = Release|x86
		{91B90948-8475-4D9B-A3C7-6285EFC45E19}.Debug|Any CPU.ActiveCfg = Debug|Any CPU
		{91B90948-8475-4D9B-A3C7-6285EFC45E19}.Debug|Any CPU.Build.0 = Debug|Any CPU
		{91B90948-8475-4D9B-A3C7-6285EFC45E19}.Debug|Mixed Platforms.ActiveCfg = Debug|Any CPU
		{91B90948-8475-4D9B-A3C7-6285EFC45E19}.Debug|Mixed Platforms.Build.0 = Debug|Any CPU
		{91B90948-8475-4D9B-A3C7-6285EFC45E19}.Debug|x86.ActiveCfg = Debug|Any CPU
		{91B90948-8475-4D9B-A3C7-6285EFC45E19}.Release|Any CPU.ActiveCfg = Release|Any CPU
		{91B90948-8475-4D9B-A3C7-6285EFC45E19}.Release|Any CPU.Build.0 = Release|Any CPU
		{91B90948-8475-4D9B-A3C7-6285EFC45E19}.Release|Mixed Platforms.ActiveCfg = Release|Any CPU
		{91B90948-8475-4D9B-A3C7-6285EFC45E19}.Release|Mixed Platforms.Build.0 = Release|Any CPU
		{91B90948-8475-4D9B-A3C7-6285EFC45E19}.Release|x86.ActiveCfg = Release|Any CPU
		{1BFEE291-AB8F-41A4-A80B-1FB5F7AB88E8}.Debug|Any CPU.ActiveCfg = Debug|Any CPU
		{1BFEE291-AB8F-41A4-A80B-1FB5F7AB88E8}.Debug|Any CPU.Build.0 = Debug|Any CPU
		{1BFEE291-AB8F-41A4-A80B-1FB5F7AB88E8}.Debug|Mixed Platforms.ActiveCfg = Debug|Any CPU
		{1BFEE291-AB8F-41A4-A80B-1FB5F7AB88E8}.Debug|Mixed Platforms.Build.0 = Debug|Any CPU
		{1BFEE291-AB8F-41A4-A80B-1FB5F7AB88E8}.Debug|x86.ActiveCfg = Debug|Any CPU
		{1BFEE291-AB8F-41A4-A80B-1FB5F7AB88E8}.Release|Any CPU.ActiveCfg = Release|Any CPU
		{1BFEE291-AB8F-41A4-A80B-1FB5F7AB88E8}.Release|Any CPU.Build.0 = Release|Any CPU
		{1BFEE291-AB8F-41A4-A80B-1FB5F7AB88E8}.Release|Mixed Platforms.ActiveCfg = Release|Any CPU
		{1BFEE291-AB8F-41A4-A80B-1FB5F7AB88E8}.Release|Mixed Platforms.Build.0 = Release|Any CPU
		{1BFEE291-AB8F-41A4-A80B-1FB5F7AB88E8}.Release|x86.ActiveCfg = Release|Any CPU
		{E153CC55-DA01-4403-A53F-AF801BDDF4BA}.Debug|Any CPU.ActiveCfg = Debug|Any CPU
		{E153CC55-DA01-4403-A53F-AF801BDDF4BA}.Debug|Any CPU.Build.0 = Debug|Any CPU
		{E153CC55-DA01-4403-A53F-AF801BDDF4BA}.Debug|Mixed Platforms.ActiveCfg = Debug|Any CPU
		{E153CC55-DA01-4403-A53F-AF801BDDF4BA}.Debug|Mixed Platforms.Build.0 = Debug|Any CPU
		{E153CC55-DA01-4403-A53F-AF801BDDF4BA}.Debug|x86.ActiveCfg = Debug|Any CPU
		{E153CC55-DA01-4403-A53F-AF801BDDF4BA}.Release|Any CPU.ActiveCfg = Release|Any CPU
		{E153CC55-DA01-4403-A53F-AF801BDDF4BA}.Release|Any CPU.Build.0 = Release|Any CPU
		{E153CC55-DA01-4403-A53F-AF801BDDF4BA}.Release|Mixed Platforms.ActiveCfg = Release|Any CPU
		{E153CC55-DA01-4403-A53F-AF801BDDF4BA}.Release|Mixed Platforms.Build.0 = Release|Any CPU
		{E153CC55-DA01-4403-A53F-AF801BDDF4BA}.Release|x86.ActiveCfg = Release|Any CPU
		{1A7544AB-30D7-4920-928E-26925B86274D}.Debug|Any CPU.ActiveCfg = Debug|Any CPU
		{1A7544AB-30D7-4920-928E-26925B86274D}.Debug|Any CPU.Build.0 = Debug|Any CPU
		{1A7544AB-30D7-4920-928E-26925B86274D}.Debug|Mixed Platforms.ActiveCfg = Debug|Any CPU
		{1A7544AB-30D7-4920-928E-26925B86274D}.Debug|Mixed Platforms.Build.0 = Debug|Any CPU
		{1A7544AB-30D7-4920-928E-26925B86274D}.Debug|x86.ActiveCfg = Debug|Any CPU
		{1A7544AB-30D7-4920-928E-26925B86274D}.Release|Any CPU.ActiveCfg = Release|Any CPU
		{1A7544AB-30D7-4920-928E-26925B86274D}.Release|Any CPU.Build.0 = Release|Any CPU
		{1A7544AB-30D7-4920-928E-26925B86274D}.Release|Mixed Platforms.ActiveCfg = Release|Any CPU
		{1A7544AB-30D7-4920-928E-26925B86274D}.Release|Mixed Platforms.Build.0 = Release|Any CPU
		{1A7544AB-30D7-4920-928E-26925B86274D}.Release|x86.ActiveCfg = Release|Any CPU
		{985702E3-5CE7-40F1-A588-A58A7A50C57A}.Debug|Any CPU.ActiveCfg = Debug|Any CPU
		{985702E3-5CE7-40F1-A588-A58A7A50C57A}.Debug|Any CPU.Build.0 = Debug|Any CPU
		{985702E3-5CE7-40F1-A588-A58A7A50C57A}.Debug|Mixed Platforms.ActiveCfg = Debug|Any CPU
		{985702E3-5CE7-40F1-A588-A58A7A50C57A}.Debug|Mixed Platforms.Build.0 = Debug|Any CPU
		{985702E3-5CE7-40F1-A588-A58A7A50C57A}.Debug|x86.ActiveCfg = Debug|Any CPU
		{985702E3-5CE7-40F1-A588-A58A7A50C57A}.Release|Any CPU.ActiveCfg = Release|Any CPU
		{985702E3-5CE7-40F1-A588-A58A7A50C57A}.Release|Any CPU.Build.0 = Release|Any CPU
		{985702E3-5CE7-40F1-A588-A58A7A50C57A}.Release|Mixed Platforms.ActiveCfg = Release|Any CPU
		{985702E3-5CE7-40F1-A588-A58A7A50C57A}.Release|Mixed Platforms.Build.0 = Release|Any CPU
		{985702E3-5CE7-40F1-A588-A58A7A50C57A}.Release|x86.ActiveCfg = Release|Any CPU
		{D0C73839-5A5E-41BA-B1E5-104EEC488E33}.Debug|Any CPU.ActiveCfg = Debug|Any CPU
		{D0C73839-5A5E-41BA-B1E5-104EEC488E33}.Debug|Any CPU.Build.0 = Debug|Any CPU
		{D0C73839-5A5E-41BA-B1E5-104EEC488E33}.Debug|Mixed Platforms.ActiveCfg = Debug|Any CPU
		{D0C73839-5A5E-41BA-B1E5-104EEC488E33}.Debug|Mixed Platforms.Build.0 = Debug|Any CPU
		{D0C73839-5A5E-41BA-B1E5-104EEC488E33}.Debug|x86.ActiveCfg = Debug|Any CPU
		{D0C73839-5A5E-41BA-B1E5-104EEC488E33}.Release|Any CPU.ActiveCfg = Release|Any CPU
		{D0C73839-5A5E-41BA-B1E5-104EEC488E33}.Release|Any CPU.Build.0 = Release|Any CPU
		{D0C73839-5A5E-41BA-B1E5-104EEC488E33}.Release|Mixed Platforms.ActiveCfg = Release|Any CPU
		{D0C73839-5A5E-41BA-B1E5-104EEC488E33}.Release|Mixed Platforms.Build.0 = Release|Any CPU
		{D0C73839-5A5E-41BA-B1E5-104EEC488E33}.Release|x86.ActiveCfg = Release|Any CPU
		{D63FAE14-7CD6-4BD3-90D7-7DBBCDF8EEEF}.Debug|Any CPU.ActiveCfg = Debug|Any CPU
		{D63FAE14-7CD6-4BD3-90D7-7DBBCDF8EEEF}.Debug|Any CPU.Build.0 = Debug|Any CPU
		{D63FAE14-7CD6-4BD3-90D7-7DBBCDF8EEEF}.Debug|Mixed Platforms.ActiveCfg = Debug|Any CPU
		{D63FAE14-7CD6-4BD3-90D7-7DBBCDF8EEEF}.Debug|Mixed Platforms.Build.0 = Debug|Any CPU
		{D63FAE14-7CD6-4BD3-90D7-7DBBCDF8EEEF}.Debug|x86.ActiveCfg = Debug|Any CPU
		{D63FAE14-7CD6-4BD3-90D7-7DBBCDF8EEEF}.Release|Any CPU.ActiveCfg = Release|Any CPU
		{D63FAE14-7CD6-4BD3-90D7-7DBBCDF8EEEF}.Release|Any CPU.Build.0 = Release|Any CPU
		{D63FAE14-7CD6-4BD3-90D7-7DBBCDF8EEEF}.Release|Mixed Platforms.ActiveCfg = Release|Any CPU
		{D63FAE14-7CD6-4BD3-90D7-7DBBCDF8EEEF}.Release|Mixed Platforms.Build.0 = Release|Any CPU
		{D63FAE14-7CD6-4BD3-90D7-7DBBCDF8EEEF}.Release|x86.ActiveCfg = Release|Any CPU
		{FCB6E864-6415-4E58-B519-C0F099A396AF}.Debug|Any CPU.ActiveCfg = Debug|Any CPU
		{FCB6E864-6415-4E58-B519-C0F099A396AF}.Debug|Any CPU.Build.0 = Debug|Any CPU
		{FCB6E864-6415-4E58-B519-C0F099A396AF}.Debug|Mixed Platforms.ActiveCfg = Debug|Any CPU
		{FCB6E864-6415-4E58-B519-C0F099A396AF}.Debug|Mixed Platforms.Build.0 = Debug|Any CPU
		{FCB6E864-6415-4E58-B519-C0F099A396AF}.Debug|x86.ActiveCfg = Debug|Any CPU
		{FCB6E864-6415-4E58-B519-C0F099A396AF}.Release|Any CPU.ActiveCfg = Release|Any CPU
		{FCB6E864-6415-4E58-B519-C0F099A396AF}.Release|Any CPU.Build.0 = Release|Any CPU
		{FCB6E864-6415-4E58-B519-C0F099A396AF}.Release|Mixed Platforms.ActiveCfg = Release|Any CPU
		{FCB6E864-6415-4E58-B519-C0F099A396AF}.Release|Mixed Platforms.Build.0 = Release|Any CPU
		{FCB6E864-6415-4E58-B519-C0F099A396AF}.Release|x86.ActiveCfg = Release|Any CPU
		{FBB88810-6D4A-44FE-B220-CAC22E4DBDCD}.Debug|Any CPU.ActiveCfg = Debug|Any CPU
		{FBB88810-6D4A-44FE-B220-CAC22E4DBDCD}.Debug|Any CPU.Build.0 = Debug|Any CPU
		{FBB88810-6D4A-44FE-B220-CAC22E4DBDCD}.Debug|Mixed Platforms.ActiveCfg = Debug|Any CPU
		{FBB88810-6D4A-44FE-B220-CAC22E4DBDCD}.Debug|Mixed Platforms.Build.0 = Debug|Any CPU
		{FBB88810-6D4A-44FE-B220-CAC22E4DBDCD}.Debug|x86.ActiveCfg = Debug|x86
		{FBB88810-6D4A-44FE-B220-CAC22E4DBDCD}.Debug|x86.Build.0 = Debug|x86
		{FBB88810-6D4A-44FE-B220-CAC22E4DBDCD}.Release|Any CPU.ActiveCfg = Release|Any CPU
		{FBB88810-6D4A-44FE-B220-CAC22E4DBDCD}.Release|Any CPU.Build.0 = Release|Any CPU
		{FBB88810-6D4A-44FE-B220-CAC22E4DBDCD}.Release|Mixed Platforms.ActiveCfg = Release|x86
		{FBB88810-6D4A-44FE-B220-CAC22E4DBDCD}.Release|Mixed Platforms.Build.0 = Release|x86
		{FBB88810-6D4A-44FE-B220-CAC22E4DBDCD}.Release|x86.ActiveCfg = Release|x86
		{FBB88810-6D4A-44FE-B220-CAC22E4DBDCD}.Release|x86.Build.0 = Release|x86
		{80344E08-5816-438F-BC88-F4BF038648CC}.Debug|Any CPU.ActiveCfg = Debug|Any CPU
		{80344E08-5816-438F-BC88-F4BF038648CC}.Debug|Any CPU.Build.0 = Debug|Any CPU
		{80344E08-5816-438F-BC88-F4BF038648CC}.Debug|Mixed Platforms.ActiveCfg = Debug|Any CPU
		{80344E08-5816-438F-BC88-F4BF038648CC}.Debug|Mixed Platforms.Build.0 = Debug|Any CPU
		{80344E08-5816-438F-BC88-F4BF038648CC}.Debug|x86.ActiveCfg = Debug|Any CPU
		{80344E08-5816-438F-BC88-F4BF038648CC}.Release|Any CPU.ActiveCfg = Release|Any CPU
		{80344E08-5816-438F-BC88-F4BF038648CC}.Release|Any CPU.Build.0 = Release|Any CPU
		{80344E08-5816-438F-BC88-F4BF038648CC}.Release|Mixed Platforms.ActiveCfg = Release|Any CPU
		{80344E08-5816-438F-BC88-F4BF038648CC}.Release|Mixed Platforms.Build.0 = Release|Any CPU
		{80344E08-5816-438F-BC88-F4BF038648CC}.Release|x86.ActiveCfg = Release|Any CPU
		{35346CCE-2815-419B-A277-DEF065BB42C5}.Debug|Any CPU.ActiveCfg = Debug|Any CPU
		{35346CCE-2815-419B-A277-DEF065BB42C5}.Debug|Any CPU.Build.0 = Debug|Any CPU
		{35346CCE-2815-419B-A277-DEF065BB42C5}.Debug|Mixed Platforms.ActiveCfg = Debug|Any CPU
		{35346CCE-2815-419B-A277-DEF065BB42C5}.Debug|Mixed Platforms.Build.0 = Debug|Any CPU
		{35346CCE-2815-419B-A277-DEF065BB42C5}.Debug|x86.ActiveCfg = Debug|Any CPU
		{35346CCE-2815-419B-A277-DEF065BB42C5}.Release|Any CPU.ActiveCfg = Release|Any CPU
		{35346CCE-2815-419B-A277-DEF065BB42C5}.Release|Any CPU.Build.0 = Release|Any CPU
		{35346CCE-2815-419B-A277-DEF065BB42C5}.Release|Mixed Platforms.ActiveCfg = Release|Any CPU
		{35346CCE-2815-419B-A277-DEF065BB42C5}.Release|Mixed Platforms.Build.0 = Release|Any CPU
		{35346CCE-2815-419B-A277-DEF065BB42C5}.Release|x86.ActiveCfg = Release|Any CPU
		{D91C6B98-886B-4181-9361-5214FFC992A9}.Debug|Any CPU.ActiveCfg = Debug|Any CPU
		{D91C6B98-886B-4181-9361-5214FFC992A9}.Debug|Any CPU.Build.0 = Debug|Any CPU
		{D91C6B98-886B-4181-9361-5214FFC992A9}.Debug|Mixed Platforms.ActiveCfg = Debug|Any CPU
		{D91C6B98-886B-4181-9361-5214FFC992A9}.Debug|Mixed Platforms.Build.0 = Debug|Any CPU
		{D91C6B98-886B-4181-9361-5214FFC992A9}.Debug|x86.ActiveCfg = Debug|Any CPU
		{D91C6B98-886B-4181-9361-5214FFC992A9}.Release|Any CPU.ActiveCfg = Release|Any CPU
		{D91C6B98-886B-4181-9361-5214FFC992A9}.Release|Any CPU.Build.0 = Release|Any CPU
		{D91C6B98-886B-4181-9361-5214FFC992A9}.Release|Mixed Platforms.ActiveCfg = Release|Any CPU
		{D91C6B98-886B-4181-9361-5214FFC992A9}.Release|Mixed Platforms.Build.0 = Release|Any CPU
		{D91C6B98-886B-4181-9361-5214FFC992A9}.Release|x86.ActiveCfg = Release|Any CPU
		{765049EC-C6B2-4051-97B3-B940D38D9FEA}.Debug|Any CPU.ActiveCfg = Debug|Any CPU
		{765049EC-C6B2-4051-97B3-B940D38D9FEA}.Debug|Any CPU.Build.0 = Debug|Any CPU
		{765049EC-C6B2-4051-97B3-B940D38D9FEA}.Debug|Mixed Platforms.ActiveCfg = Debug|Any CPU
		{765049EC-C6B2-4051-97B3-B940D38D9FEA}.Debug|Mixed Platforms.Build.0 = Debug|Any CPU
		{765049EC-C6B2-4051-97B3-B940D38D9FEA}.Debug|x86.ActiveCfg = Debug|Any CPU
		{765049EC-C6B2-4051-97B3-B940D38D9FEA}.Release|Any CPU.ActiveCfg = Release|Any CPU
		{765049EC-C6B2-4051-97B3-B940D38D9FEA}.Release|Any CPU.Build.0 = Release|Any CPU
		{765049EC-C6B2-4051-97B3-B940D38D9FEA}.Release|Mixed Platforms.ActiveCfg = Release|Any CPU
		{765049EC-C6B2-4051-97B3-B940D38D9FEA}.Release|Mixed Platforms.Build.0 = Release|Any CPU
		{765049EC-C6B2-4051-97B3-B940D38D9FEA}.Release|x86.ActiveCfg = Release|Any CPU
		{2E4C7CDF-8975-4E23-A075-009285D0313A}.Debug|Any CPU.ActiveCfg = Debug|Any CPU
		{2E4C7CDF-8975-4E23-A075-009285D0313A}.Debug|Any CPU.Build.0 = Debug|Any CPU
		{2E4C7CDF-8975-4E23-A075-009285D0313A}.Debug|Mixed Platforms.ActiveCfg = Debug|Any CPU
		{2E4C7CDF-8975-4E23-A075-009285D0313A}.Debug|Mixed Platforms.Build.0 = Debug|Any CPU
		{2E4C7CDF-8975-4E23-A075-009285D0313A}.Debug|x86.ActiveCfg = Debug|Any CPU
		{2E4C7CDF-8975-4E23-A075-009285D0313A}.Release|Any CPU.ActiveCfg = Release|Any CPU
		{2E4C7CDF-8975-4E23-A075-009285D0313A}.Release|Any CPU.Build.0 = Release|Any CPU
		{2E4C7CDF-8975-4E23-A075-009285D0313A}.Release|Mixed Platforms.ActiveCfg = Release|Any CPU
		{2E4C7CDF-8975-4E23-A075-009285D0313A}.Release|Mixed Platforms.Build.0 = Release|Any CPU
		{2E4C7CDF-8975-4E23-A075-009285D0313A}.Release|x86.ActiveCfg = Release|Any CPU
		{8335253F-87DC-47EB-B6AD-2BA38B36567E}.Debug|Any CPU.ActiveCfg = Debug|Any CPU
		{8335253F-87DC-47EB-B6AD-2BA38B36567E}.Debug|Any CPU.Build.0 = Debug|Any CPU
		{8335253F-87DC-47EB-B6AD-2BA38B36567E}.Debug|Mixed Platforms.ActiveCfg = Debug|Any CPU
		{8335253F-87DC-47EB-B6AD-2BA38B36567E}.Debug|Mixed Platforms.Build.0 = Debug|Any CPU
		{8335253F-87DC-47EB-B6AD-2BA38B36567E}.Debug|x86.ActiveCfg = Debug|Any CPU
		{8335253F-87DC-47EB-B6AD-2BA38B36567E}.Release|Any CPU.ActiveCfg = Release|Any CPU
		{8335253F-87DC-47EB-B6AD-2BA38B36567E}.Release|Any CPU.Build.0 = Release|Any CPU
		{8335253F-87DC-47EB-B6AD-2BA38B36567E}.Release|Mixed Platforms.ActiveCfg = Release|Any CPU
		{8335253F-87DC-47EB-B6AD-2BA38B36567E}.Release|Mixed Platforms.Build.0 = Release|Any CPU
		{8335253F-87DC-47EB-B6AD-2BA38B36567E}.Release|x86.ActiveCfg = Release|Any CPU
		{252EC0A3-E738-446C-9D04-99E1D4D2F2FF}.Debug|Any CPU.ActiveCfg = Debug|Any CPU
		{252EC0A3-E738-446C-9D04-99E1D4D2F2FF}.Debug|Any CPU.Build.0 = Debug|Any CPU
		{252EC0A3-E738-446C-9D04-99E1D4D2F2FF}.Debug|Mixed Platforms.ActiveCfg = Debug|Any CPU
		{252EC0A3-E738-446C-9D04-99E1D4D2F2FF}.Debug|Mixed Platforms.Build.0 = Debug|Any CPU
		{252EC0A3-E738-446C-9D04-99E1D4D2F2FF}.Debug|x86.ActiveCfg = Debug|Any CPU
		{252EC0A3-E738-446C-9D04-99E1D4D2F2FF}.Release|Any CPU.ActiveCfg = Release|Any CPU
		{252EC0A3-E738-446C-9D04-99E1D4D2F2FF}.Release|Any CPU.Build.0 = Release|Any CPU
		{252EC0A3-E738-446C-9D04-99E1D4D2F2FF}.Release|Mixed Platforms.ActiveCfg = Release|Any CPU
		{252EC0A3-E738-446C-9D04-99E1D4D2F2FF}.Release|Mixed Platforms.Build.0 = Release|Any CPU
		{252EC0A3-E738-446C-9D04-99E1D4D2F2FF}.Release|x86.ActiveCfg = Release|Any CPU
		{4C57493B-DE00-4BC0-836C-C736D3176689}.Debug|Any CPU.ActiveCfg = Debug|Any CPU
		{4C57493B-DE00-4BC0-836C-C736D3176689}.Debug|Any CPU.Build.0 = Debug|Any CPU
		{4C57493B-DE00-4BC0-836C-C736D3176689}.Debug|Mixed Platforms.ActiveCfg = Debug|Any CPU
		{4C57493B-DE00-4BC0-836C-C736D3176689}.Debug|Mixed Platforms.Build.0 = Debug|Any CPU
		{4C57493B-DE00-4BC0-836C-C736D3176689}.Debug|x86.ActiveCfg = Debug|Any CPU
		{4C57493B-DE00-4BC0-836C-C736D3176689}.Release|Any CPU.ActiveCfg = Release|Any CPU
		{4C57493B-DE00-4BC0-836C-C736D3176689}.Release|Any CPU.Build.0 = Release|Any CPU
		{4C57493B-DE00-4BC0-836C-C736D3176689}.Release|Mixed Platforms.ActiveCfg = Release|Any CPU
		{4C57493B-DE00-4BC0-836C-C736D3176689}.Release|Mixed Platforms.Build.0 = Release|Any CPU
		{4C57493B-DE00-4BC0-836C-C736D3176689}.Release|x86.ActiveCfg = Release|Any CPU
		{47E73ADC-0C75-4018-A42F-C8CA68679F25}.Debug|Any CPU.ActiveCfg = Debug|Any CPU
		{47E73ADC-0C75-4018-A42F-C8CA68679F25}.Debug|Any CPU.Build.0 = Debug|Any CPU
		{47E73ADC-0C75-4018-A42F-C8CA68679F25}.Debug|Mixed Platforms.ActiveCfg = Debug|Any CPU
		{47E73ADC-0C75-4018-A42F-C8CA68679F25}.Debug|Mixed Platforms.Build.0 = Debug|Any CPU
		{47E73ADC-0C75-4018-A42F-C8CA68679F25}.Debug|x86.ActiveCfg = Debug|Any CPU
		{47E73ADC-0C75-4018-A42F-C8CA68679F25}.Release|Any CPU.ActiveCfg = Release|Any CPU
		{47E73ADC-0C75-4018-A42F-C8CA68679F25}.Release|Any CPU.Build.0 = Release|Any CPU
		{47E73ADC-0C75-4018-A42F-C8CA68679F25}.Release|Mixed Platforms.ActiveCfg = Release|Any CPU
		{47E73ADC-0C75-4018-A42F-C8CA68679F25}.Release|Mixed Platforms.Build.0 = Release|Any CPU
		{47E73ADC-0C75-4018-A42F-C8CA68679F25}.Release|x86.ActiveCfg = Release|Any CPU
		{5AA3C3B4-C22F-4837-926D-AC4101014D08}.Debug|Any CPU.ActiveCfg = Debug|Any CPU
		{5AA3C3B4-C22F-4837-926D-AC4101014D08}.Debug|Any CPU.Build.0 = Debug|Any CPU
		{5AA3C3B4-C22F-4837-926D-AC4101014D08}.Debug|Mixed Platforms.ActiveCfg = Debug|Any CPU
		{5AA3C3B4-C22F-4837-926D-AC4101014D08}.Debug|Mixed Platforms.Build.0 = Debug|Any CPU
		{5AA3C3B4-C22F-4837-926D-AC4101014D08}.Debug|x86.ActiveCfg = Debug|Any CPU
		{5AA3C3B4-C22F-4837-926D-AC4101014D08}.Release|Any CPU.ActiveCfg = Release|Any CPU
		{5AA3C3B4-C22F-4837-926D-AC4101014D08}.Release|Any CPU.Build.0 = Release|Any CPU
		{5AA3C3B4-C22F-4837-926D-AC4101014D08}.Release|Mixed Platforms.ActiveCfg = Release|Any CPU
		{5AA3C3B4-C22F-4837-926D-AC4101014D08}.Release|Mixed Platforms.Build.0 = Release|Any CPU
		{5AA3C3B4-C22F-4837-926D-AC4101014D08}.Release|x86.ActiveCfg = Release|Any CPU
		{2E920121-2F38-457F-BEA8-B8D8D30A4D20}.Debug|Any CPU.ActiveCfg = Debug|Any CPU
		{2E920121-2F38-457F-BEA8-B8D8D30A4D20}.Debug|Any CPU.Build.0 = Debug|Any CPU
		{2E920121-2F38-457F-BEA8-B8D8D30A4D20}.Debug|Mixed Platforms.ActiveCfg = Debug|Any CPU
		{2E920121-2F38-457F-BEA8-B8D8D30A4D20}.Debug|Mixed Platforms.Build.0 = Debug|Any CPU
		{2E920121-2F38-457F-BEA8-B8D8D30A4D20}.Debug|x86.ActiveCfg = Debug|Any CPU
		{2E920121-2F38-457F-BEA8-B8D8D30A4D20}.Release|Any CPU.ActiveCfg = Release|Any CPU
		{2E920121-2F38-457F-BEA8-B8D8D30A4D20}.Release|Any CPU.Build.0 = Release|Any CPU
		{2E920121-2F38-457F-BEA8-B8D8D30A4D20}.Release|Mixed Platforms.ActiveCfg = Release|Any CPU
		{2E920121-2F38-457F-BEA8-B8D8D30A4D20}.Release|Mixed Platforms.Build.0 = Release|Any CPU
		{2E920121-2F38-457F-BEA8-B8D8D30A4D20}.Release|x86.ActiveCfg = Release|Any CPU
		{A70527A4-10CC-4959-9409-3E51EB8C7A39}.Debug|Any CPU.ActiveCfg = Debug|Any CPU
		{A70527A4-10CC-4959-9409-3E51EB8C7A39}.Debug|Any CPU.Build.0 = Debug|Any CPU
		{A70527A4-10CC-4959-9409-3E51EB8C7A39}.Debug|Mixed Platforms.ActiveCfg = Debug|Any CPU
		{A70527A4-10CC-4959-9409-3E51EB8C7A39}.Debug|Mixed Platforms.Build.0 = Debug|Any CPU
		{A70527A4-10CC-4959-9409-3E51EB8C7A39}.Debug|x86.ActiveCfg = Debug|Any CPU
		{A70527A4-10CC-4959-9409-3E51EB8C7A39}.Release|Any CPU.ActiveCfg = Release|Any CPU
		{A70527A4-10CC-4959-9409-3E51EB8C7A39}.Release|Any CPU.Build.0 = Release|Any CPU
		{A70527A4-10CC-4959-9409-3E51EB8C7A39}.Release|Mixed Platforms.ActiveCfg = Release|Any CPU
		{A70527A4-10CC-4959-9409-3E51EB8C7A39}.Release|Mixed Platforms.Build.0 = Release|Any CPU
		{A70527A4-10CC-4959-9409-3E51EB8C7A39}.Release|x86.ActiveCfg = Release|Any CPU
		{A8A1E277-92A5-4849-BA42-92063E2183C5}.Debug|Any CPU.ActiveCfg = Debug|Any CPU
		{A8A1E277-92A5-4849-BA42-92063E2183C5}.Debug|Any CPU.Build.0 = Debug|Any CPU
		{A8A1E277-92A5-4849-BA42-92063E2183C5}.Debug|Mixed Platforms.ActiveCfg = Debug|x86
		{A8A1E277-92A5-4849-BA42-92063E2183C5}.Debug|Mixed Platforms.Build.0 = Debug|x86
		{A8A1E277-92A5-4849-BA42-92063E2183C5}.Debug|x86.ActiveCfg = Debug|x86
		{A8A1E277-92A5-4849-BA42-92063E2183C5}.Debug|x86.Build.0 = Debug|x86
		{A8A1E277-92A5-4849-BA42-92063E2183C5}.Release|Any CPU.ActiveCfg = Release|Any CPU
		{A8A1E277-92A5-4849-BA42-92063E2183C5}.Release|Any CPU.Build.0 = Release|Any CPU
		{A8A1E277-92A5-4849-BA42-92063E2183C5}.Release|Mixed Platforms.ActiveCfg = Release|x86
		{A8A1E277-92A5-4849-BA42-92063E2183C5}.Release|Mixed Platforms.Build.0 = Release|x86
		{A8A1E277-92A5-4849-BA42-92063E2183C5}.Release|x86.ActiveCfg = Release|x86
		{A8A1E277-92A5-4849-BA42-92063E2183C5}.Release|x86.Build.0 = Release|x86
		{2270037A-353D-45B9-B51E-9C52E1A72F87}.Debug|Any CPU.ActiveCfg = Debug|Any CPU
		{2270037A-353D-45B9-B51E-9C52E1A72F87}.Debug|Any CPU.Build.0 = Debug|Any CPU
		{2270037A-353D-45B9-B51E-9C52E1A72F87}.Debug|Mixed Platforms.ActiveCfg = Debug|Any CPU
		{2270037A-353D-45B9-B51E-9C52E1A72F87}.Debug|Mixed Platforms.Build.0 = Debug|Any CPU
		{2270037A-353D-45B9-B51E-9C52E1A72F87}.Debug|x86.ActiveCfg = Debug|Any CPU
		{2270037A-353D-45B9-B51E-9C52E1A72F87}.Release|Any CPU.ActiveCfg = Release|Any CPU
		{2270037A-353D-45B9-B51E-9C52E1A72F87}.Release|Any CPU.Build.0 = Release|Any CPU
		{2270037A-353D-45B9-B51E-9C52E1A72F87}.Release|Mixed Platforms.ActiveCfg = Release|Any CPU
		{2270037A-353D-45B9-B51E-9C52E1A72F87}.Release|Mixed Platforms.Build.0 = Release|Any CPU
		{2270037A-353D-45B9-B51E-9C52E1A72F87}.Release|x86.ActiveCfg = Release|Any CPU
	EndGlobalSection
	GlobalSection(SolutionProperties) = preSolution
		HideSolutionNode = FALSE
	EndGlobalSection
EndGlobal
