
Microsoft Visual Studio Solution File, Format Version 11.00
# Visual Studio 2010
Project("{FAE04EC0-301F-11D3-BF4B-00C04F79EFBC}") = "dp2Library", "dp2Library.csproj", "{4DD877F6-796A-4F9C-BFF3-9D36590576CF}"
EndProject
Project("{FAE04EC0-301F-11D3-BF4B-00C04F79EFBC}") = "DigitalPlatform.LibraryServer", "..\DigitalPlatform.LibraryServer\DigitalPlatform.LibraryServer.csproj", "{E153CC55-DA01-4403-A53F-AF801BDDF4BA}"
EndProject
Project("{FAE04EC0-301F-11D3-BF4B-00C04F79EFBC}") = "DigitalPlatform", "..\DigitalPlatform\DigitalPlatform.csproj", "{BDD43275-EAA0-4670-8BA3-0DB5CD7598DD}"
EndProject
Project("{FAE04EC0-301F-11D3-BF4B-00C04F79EFBC}") = "Digitalplatform.DTLP", "..\Digitalplatform.DTLP\Digitalplatform.DTLP.csproj", "{91B90948-8475-4D9B-A3C7-6285EFC45E19}"
EndProject
Project("{FAE04EC0-301F-11D3-BF4B-00C04F79EFBC}") = "DigitalPlatform.IO", "..\DigitalPlatform.IO\DigitalPlatform.IO.csproj", "{441CB814-AF78-4503-91EF-DCE5F3269502}"
EndProject
Project("{FAE04EC0-301F-11D3-BF4B-00C04F79EFBC}") = "DigitalPlatform.Library", "..\DigitalPlatform.Library\DigitalPlatform.Library.csproj", "{4C57493B-DE00-4BC0-836C-C736D3176689}"
EndProject
Project("{FAE04EC0-301F-11D3-BF4B-00C04F79EFBC}") = "DigitalPlatform.MarcDom", "..\DigitalPlatform.MarcDom\DigitalPlatform.MarcDom.csproj", "{3F81F705-5265-47EE-9255-CB33E1C135B8}"
EndProject
Project("{FAE04EC0-301F-11D3-BF4B-00C04F79EFBC}") = "DigitalPlatform.MarcKernel", "..\DigitalPlatform.MarcKernel\DigitalPlatform.MarcKernel.csproj", "{74242530-EF96-457E-852D-5C21A3EA8449}"
EndProject
Project("{FAE04EC0-301F-11D3-BF4B-00C04F79EFBC}") = "DigitalPlatform.Message", "..\DigitalPlatform.Message\DigitalPlatform.Message.csproj", "{D0C73839-5A5E-41BA-B1E5-104EEC488E33}"
EndProject
Project("{FAE04EC0-301F-11D3-BF4B-00C04F79EFBC}") = "DigitalPlatform.Range", "..\DigitalPlatform.Range\DigitalPlatform.Range.csproj", "{AA6C5E6A-252B-4E2A-A883-0E4E739F8701}"
EndProject
Project("{FAE04EC0-301F-11D3-BF4B-00C04F79EFBC}") = "DigitalPlatform.ResultSet", "..\DigitalPlatform.ResultSet\DigitalPlatform.ResultSet.csproj", "{86E0817D-79A4-4769-B450-C8352D0D1907}"
EndProject
Project("{FAE04EC0-301F-11D3-BF4B-00C04F79EFBC}") = "DigitalPlatform.rms", "..\DigitalPlatform.rms\DigitalPlatform.rms.csproj", "{1A7544AB-30D7-4920-928E-26925B86274D}"
EndProject
Project("{FAE04EC0-301F-11D3-BF4B-00C04F79EFBC}") = "DigitalPlatform.rms.Client", "..\DigitalPlatform.rms.Client\DigitalPlatform.rms.Client.csproj", "{D63FAE14-7CD6-4BD3-90D7-7DBBCDF8EEEF}"
EndProject
Project("{FAE04EC0-301F-11D3-BF4B-00C04F79EFBC}") = "DigitalPlatform.Script", "..\DigitalPlatform.Script\DigitalPlatform.Script.csproj", "{5107DE16-DDA1-4606-B3A3-840B24428329}"
EndProject
Project("{FAE04EC0-301F-11D3-BF4B-00C04F79EFBC}") = "DigitalPlatform.Text", "..\DigitalPlatform.Text\DigitalPlatform.Text.csproj", "{26F96CC3-A4A9-4BC4-A10A-BC7E25581FF6}"
EndProject
Project("{FAE04EC0-301F-11D3-BF4B-00C04F79EFBC}") = "DigitalPlatform.Xml", "..\DigitalPlatform.Xml\DigitalPlatform.Xml.csproj", "{E6489E89-1349-4EE7-A00B-AC96B9912587}"
EndProject
Project("{54435603-DBB4-11D2-8724-00A0C9A8B90C}") = "Setup_dp2Library", "..\Setup_dp2Library\Setup_dp2Library.vdproj", "{9BEF6340-7831-49BC-AEFB-ECFB0DA93BAD}"
EndProject
Project("{FAE04EC0-301F-11D3-BF4B-00C04F79EFBC}") = "DigitalPlatform.Install", "..\DigitalPlatform.Install\DigitalPlatform.Install.csproj", "{FBB88810-6D4A-44FE-B220-CAC22E4DBDCD}"
EndProject
Project("{FAE04EC0-301F-11D3-BF4B-00C04F79EFBC}") = "DigitalPlatform.Interfaces", "..\DigitalPlatform.Interfaces\DigitalPlatform.Interfaces.csproj", "{3C4F8133-8652-40B6-B37B-200B25C2B043}"
EndProject
Project("{FAE04EC0-301F-11D3-BF4B-00C04F79EFBC}") = "DiffPlex", "..\DiffPlex\DiffPlex.csproj", "{42ED3F62-53C5-4880-B9B8-F8B78F575353}"
EndProject
Project("{FAE04EC0-301F-11D3-BF4B-00C04F79EFBC}") = "DigitalPlatform.CirculationClient", "..\DigitalPlatform.CirculationClient\DigitalPlatform.CirculationClient.csproj", "{397BB898-88E0-41D6-8D01-09233C7FFC75}"
EndProject
Project("{FAE04EC0-301F-11D3-BF4B-00C04F79EFBC}") = "DigitalPlatform.LibraryService", "..\DigitalPlatform.LibraryService\DigitalPlatform.LibraryService.csproj", "{FCB6E864-6415-4E58-B519-C0F099A396AF}"
EndProject
Project("{FAE04EC0-301F-11D3-BF4B-00C04F79EFBC}") = "DigitalPlatform.LibraryServer.Common", "..\DigitalPlatform.LibraryServer.Common\DigitalPlatform.LibraryServer.Common.csproj", "{2F085431-027A-4DDF-9B3D-83219E629FA1}"
EndProject
Project("{FAE04EC0-301F-11D3-BF4B-00C04F79EFBC}") = "DigitalPlatform.CommonDialog", "..\DigitalPlatform.CommonDialog\DigitalPlatform.CommonDialog.csproj", "{3DCFCA4D-0205-4684-A9A6-1DB8640CD579}"
EndProject
Project("{FAE04EC0-301F-11D3-BF4B-00C04F79EFBC}") = "DigitalPlatform.MarcQuery", "..\DigitalPlatform.MarcQuery\DigitalPlatform.MarcQuery.csproj", "{57FE2FB1-4134-409B-876C-8A1C0776B498}"
EndProject
Project("{FAE04EC0-301F-11D3-BF4B-00C04F79EFBC}") = "DigitalPlatform.LibraryServer.Install", "..\DigitalPlatform.LibraryServer.Install\DigitalPlatform.LibraryServer.Install.csproj", "{80344E08-5816-438F-BC88-F4BF038648CC}"
EndProject
Global
	GlobalSection(SolutionConfigurationPlatforms) = preSolution
		Debug|Any CPU = Debug|Any CPU
		Debug|Mixed Platforms = Debug|Mixed Platforms
		Debug|x86 = Debug|x86
		Release|Any CPU = Release|Any CPU
		Release|Mixed Platforms = Release|Mixed Platforms
		Release|x86 = Release|x86
	EndGlobalSection
	GlobalSection(ProjectConfigurationPlatforms) = postSolution
		{4DD877F6-796A-4F9C-BFF3-9D36590576CF}.Debug|Any CPU.ActiveCfg = Debug|x86
		{4DD877F6-796A-4F9C-BFF3-9D36590576CF}.Debug|Mixed Platforms.ActiveCfg = Debug|x86
		{4DD877F6-796A-4F9C-BFF3-9D36590576CF}.Debug|Mixed Platforms.Build.0 = Debug|x86
		{4DD877F6-796A-4F9C-BFF3-9D36590576CF}.Debug|x86.ActiveCfg = Debug|x86
		{4DD877F6-796A-4F9C-BFF3-9D36590576CF}.Debug|x86.Build.0 = Debug|x86
		{4DD877F6-796A-4F9C-BFF3-9D36590576CF}.Release|Any CPU.ActiveCfg = Release|x86
		{4DD877F6-796A-4F9C-BFF3-9D36590576CF}.Release|Mixed Platforms.ActiveCfg = Release|x86
		{4DD877F6-796A-4F9C-BFF3-9D36590576CF}.Release|Mixed Platforms.Build.0 = Release|x86
		{4DD877F6-796A-4F9C-BFF3-9D36590576CF}.Release|x86.ActiveCfg = Release|x86
		{4DD877F6-796A-4F9C-BFF3-9D36590576CF}.Release|x86.Build.0 = Release|x86
		{E153CC55-DA01-4403-A53F-AF801BDDF4BA}.Debug|Any CPU.ActiveCfg = Debug|Any CPU
		{E153CC55-DA01-4403-A53F-AF801BDDF4BA}.Debug|Any CPU.Build.0 = Debug|Any CPU
		{E153CC55-DA01-4403-A53F-AF801BDDF4BA}.Debug|Mixed Platforms.ActiveCfg = Debug|Any CPU
		{E153CC55-DA01-4403-A53F-AF801BDDF4BA}.Debug|Mixed Platforms.Build.0 = Debug|Any CPU
		{E153CC55-DA01-4403-A53F-AF801BDDF4BA}.Debug|x86.ActiveCfg = Debug|Any CPU
		{E153CC55-DA01-4403-A53F-AF801BDDF4BA}.Debug|x86.Build.0 = Debug|Any CPU
		{E153CC55-DA01-4403-A53F-AF801BDDF4BA}.Release|Any CPU.ActiveCfg = Release|Any CPU
		{E153CC55-DA01-4403-A53F-AF801BDDF4BA}.Release|Any CPU.Build.0 = Release|Any CPU
		{E153CC55-DA01-4403-A53F-AF801BDDF4BA}.Release|Mixed Platforms.ActiveCfg = Release|Any CPU
		{E153CC55-DA01-4403-A53F-AF801BDDF4BA}.Release|Mixed Platforms.Build.0 = Release|Any CPU
		{E153CC55-DA01-4403-A53F-AF801BDDF4BA}.Release|x86.ActiveCfg = Release|Any CPU
		{E153CC55-DA01-4403-A53F-AF801BDDF4BA}.Release|x86.Build.0 = Release|Any CPU
		{BDD43275-EAA0-4670-8BA3-0DB5CD7598DD}.Debug|Any CPU.ActiveCfg = Debug|Any CPU
		{BDD43275-EAA0-4670-8BA3-0DB5CD7598DD}.Debug|Any CPU.Build.0 = Debug|Any CPU
		{BDD43275-EAA0-4670-8BA3-0DB5CD7598DD}.Debug|Mixed Platforms.ActiveCfg = Debug|Any CPU
		{BDD43275-EAA0-4670-8BA3-0DB5CD7598DD}.Debug|Mixed Platforms.Build.0 = Debug|Any CPU
		{BDD43275-EAA0-4670-8BA3-0DB5CD7598DD}.Debug|x86.ActiveCfg = Debug|Any CPU
		{BDD43275-EAA0-4670-8BA3-0DB5CD7598DD}.Debug|x86.Build.0 = Debug|Any CPU
		{BDD43275-EAA0-4670-8BA3-0DB5CD7598DD}.Release|Any CPU.ActiveCfg = Release|Any CPU
		{BDD43275-EAA0-4670-8BA3-0DB5CD7598DD}.Release|Any CPU.Build.0 = Release|Any CPU
		{BDD43275-EAA0-4670-8BA3-0DB5CD7598DD}.Release|Mixed Platforms.ActiveCfg = Release|Any CPU
		{BDD43275-EAA0-4670-8BA3-0DB5CD7598DD}.Release|Mixed Platforms.Build.0 = Release|Any CPU
		{BDD43275-EAA0-4670-8BA3-0DB5CD7598DD}.Release|x86.ActiveCfg = Release|Any CPU
		{BDD43275-EAA0-4670-8BA3-0DB5CD7598DD}.Release|x86.Build.0 = Release|Any CPU
		{91B90948-8475-4D9B-A3C7-6285EFC45E19}.Debug|Any CPU.ActiveCfg = Debug|Any CPU
		{91B90948-8475-4D9B-A3C7-6285EFC45E19}.Debug|Any CPU.Build.0 = Debug|Any CPU
		{91B90948-8475-4D9B-A3C7-6285EFC45E19}.Debug|Mixed Platforms.ActiveCfg = Debug|Any CPU
		{91B90948-8475-4D9B-A3C7-6285EFC45E19}.Debug|Mixed Platforms.Build.0 = Debug|Any CPU
		{91B90948-8475-4D9B-A3C7-6285EFC45E19}.Debug|x86.ActiveCfg = Debug|Any CPU
		{91B90948-8475-4D9B-A3C7-6285EFC45E19}.Debug|x86.Build.0 = Debug|Any CPU
		{91B90948-8475-4D9B-A3C7-6285EFC45E19}.Release|Any CPU.ActiveCfg = Release|Any CPU
		{91B90948-8475-4D9B-A3C7-6285EFC45E19}.Release|Any CPU.Build.0 = Release|Any CPU
		{91B90948-8475-4D9B-A3C7-6285EFC45E19}.Release|Mixed Platforms.ActiveCfg = Release|Any CPU
		{91B90948-8475-4D9B-A3C7-6285EFC45E19}.Release|Mixed Platforms.Build.0 = Release|Any CPU
		{91B90948-8475-4D9B-A3C7-6285EFC45E19}.Release|x86.ActiveCfg = Release|Any CPU
		{91B90948-8475-4D9B-A3C7-6285EFC45E19}.Release|x86.Build.0 = Release|Any CPU
		{441CB814-AF78-4503-91EF-DCE5F3269502}.Debug|Any CPU.ActiveCfg = Debug|Any CPU
		{441CB814-AF78-4503-91EF-DCE5F3269502}.Debug|Any CPU.Build.0 = Debug|Any CPU
		{441CB814-AF78-4503-91EF-DCE5F3269502}.Debug|Mixed Platforms.ActiveCfg = Debug|Any CPU
		{441CB814-AF78-4503-91EF-DCE5F3269502}.Debug|Mixed Platforms.Build.0 = Debug|Any CPU
		{441CB814-AF78-4503-91EF-DCE5F3269502}.Debug|x86.ActiveCfg = Debug|Any CPU
		{441CB814-AF78-4503-91EF-DCE5F3269502}.Debug|x86.Build.0 = Debug|Any CPU
		{441CB814-AF78-4503-91EF-DCE5F3269502}.Release|Any CPU.ActiveCfg = Release|Any CPU
		{441CB814-AF78-4503-91EF-DCE5F3269502}.Release|Any CPU.Build.0 = Release|Any CPU
		{441CB814-AF78-4503-91EF-DCE5F3269502}.Release|Mixed Platforms.ActiveCfg = Release|Any CPU
		{441CB814-AF78-4503-91EF-DCE5F3269502}.Release|Mixed Platforms.Build.0 = Release|Any CPU
		{441CB814-AF78-4503-91EF-DCE5F3269502}.Release|x86.ActiveCfg = Release|Any CPU
		{441CB814-AF78-4503-91EF-DCE5F3269502}.Release|x86.Build.0 = Release|Any CPU
		{4C57493B-DE00-4BC0-836C-C736D3176689}.Debug|Any CPU.ActiveCfg = Debug|Any CPU
		{4C57493B-DE00-4BC0-836C-C736D3176689}.Debug|Any CPU.Build.0 = Debug|Any CPU
		{4C57493B-DE00-4BC0-836C-C736D3176689}.Debug|Mixed Platforms.ActiveCfg = Debug|Any CPU
		{4C57493B-DE00-4BC0-836C-C736D3176689}.Debug|Mixed Platforms.Build.0 = Debug|Any CPU
		{4C57493B-DE00-4BC0-836C-C736D3176689}.Debug|x86.ActiveCfg = Debug|Any CPU
		{4C57493B-DE00-4BC0-836C-C736D3176689}.Debug|x86.Build.0 = Debug|Any CPU
		{4C57493B-DE00-4BC0-836C-C736D3176689}.Release|Any CPU.ActiveCfg = Release|Any CPU
		{4C57493B-DE00-4BC0-836C-C736D3176689}.Release|Any CPU.Build.0 = Release|Any CPU
		{4C57493B-DE00-4BC0-836C-C736D3176689}.Release|Mixed Platforms.ActiveCfg = Release|Any CPU
		{4C57493B-DE00-4BC0-836C-C736D3176689}.Release|Mixed Platforms.Build.0 = Release|Any CPU
		{4C57493B-DE00-4BC0-836C-C736D3176689}.Release|x86.ActiveCfg = Release|Any CPU
		{4C57493B-DE00-4BC0-836C-C736D3176689}.Release|x86.Build.0 = Release|Any CPU
		{3F81F705-5265-47EE-9255-CB33E1C135B8}.Debug|Any CPU.ActiveCfg = Debug|Any CPU
		{3F81F705-5265-47EE-9255-CB33E1C135B8}.Debug|Any CPU.Build.0 = Debug|Any CPU
		{3F81F705-5265-47EE-9255-CB33E1C135B8}.Debug|Mixed Platforms.ActiveCfg = Debug|Any CPU
		{3F81F705-5265-47EE-9255-CB33E1C135B8}.Debug|Mixed Platforms.Build.0 = Debug|Any CPU
		{3F81F705-5265-47EE-9255-CB33E1C135B8}.Debug|x86.ActiveCfg = Debug|Any CPU
		{3F81F705-5265-47EE-9255-CB33E1C135B8}.Debug|x86.Build.0 = Debug|Any CPU
		{3F81F705-5265-47EE-9255-CB33E1C135B8}.Release|Any CPU.ActiveCfg = Release|Any CPU
		{3F81F705-5265-47EE-9255-CB33E1C135B8}.Release|Any CPU.Build.0 = Release|Any CPU
		{3F81F705-5265-47EE-9255-CB33E1C135B8}.Release|Mixed Platforms.ActiveCfg = Release|Any CPU
		{3F81F705-5265-47EE-9255-CB33E1C135B8}.Release|Mixed Platforms.Build.0 = Release|Any CPU
		{3F81F705-5265-47EE-9255-CB33E1C135B8}.Release|x86.ActiveCfg = Release|Any CPU
		{3F81F705-5265-47EE-9255-CB33E1C135B8}.Release|x86.Build.0 = Release|Any CPU
		{74242530-EF96-457E-852D-5C21A3EA8449}.Debug|Any CPU.ActiveCfg = Debug|Any CPU
		{74242530-EF96-457E-852D-5C21A3EA8449}.Debug|Any CPU.Build.0 = Debug|Any CPU
		{74242530-EF96-457E-852D-5C21A3EA8449}.Debug|Mixed Platforms.ActiveCfg = Debug|Any CPU
		{74242530-EF96-457E-852D-5C21A3EA8449}.Debug|Mixed Platforms.Build.0 = Debug|Any CPU
		{74242530-EF96-457E-852D-5C21A3EA8449}.Debug|x86.ActiveCfg = Debug|Any CPU
		{74242530-EF96-457E-852D-5C21A3EA8449}.Debug|x86.Build.0 = Debug|Any CPU
		{74242530-EF96-457E-852D-5C21A3EA8449}.Release|Any CPU.ActiveCfg = Release|Any CPU
		{74242530-EF96-457E-852D-5C21A3EA8449}.Release|Any CPU.Build.0 = Release|Any CPU
		{74242530-EF96-457E-852D-5C21A3EA8449}.Release|Mixed Platforms.ActiveCfg = Release|Any CPU
		{74242530-EF96-457E-852D-5C21A3EA8449}.Release|Mixed Platforms.Build.0 = Release|Any CPU
		{74242530-EF96-457E-852D-5C21A3EA8449}.Release|x86.ActiveCfg = Release|Any CPU
		{74242530-EF96-457E-852D-5C21A3EA8449}.Release|x86.Build.0 = Release|Any CPU
		{D0C73839-5A5E-41BA-B1E5-104EEC488E33}.Debug|Any CPU.ActiveCfg = Debug|Any CPU
		{D0C73839-5A5E-41BA-B1E5-104EEC488E33}.Debug|Any CPU.Build.0 = Debug|Any CPU
		{D0C73839-5A5E-41BA-B1E5-104EEC488E33}.Debug|Mixed Platforms.ActiveCfg = Debug|Any CPU
		{D0C73839-5A5E-41BA-B1E5-104EEC488E33}.Debug|Mixed Platforms.Build.0 = Debug|Any CPU
		{D0C73839-5A5E-41BA-B1E5-104EEC488E33}.Debug|x86.ActiveCfg = Debug|Any CPU
		{D0C73839-5A5E-41BA-B1E5-104EEC488E33}.Debug|x86.Build.0 = Debug|Any CPU
		{D0C73839-5A5E-41BA-B1E5-104EEC488E33}.Release|Any CPU.ActiveCfg = Release|Any CPU
		{D0C73839-5A5E-41BA-B1E5-104EEC488E33}.Release|Any CPU.Build.0 = Release|Any CPU
		{D0C73839-5A5E-41BA-B1E5-104EEC488E33}.Release|Mixed Platforms.ActiveCfg = Release|Any CPU
		{D0C73839-5A5E-41BA-B1E5-104EEC488E33}.Release|Mixed Platforms.Build.0 = Release|Any CPU
		{D0C73839-5A5E-41BA-B1E5-104EEC488E33}.Release|x86.ActiveCfg = Release|Any CPU
		{D0C73839-5A5E-41BA-B1E5-104EEC488E33}.Release|x86.Build.0 = Release|Any CPU
		{AA6C5E6A-252B-4E2A-A883-0E4E739F8701}.Debug|Any CPU.ActiveCfg = Debug|Any CPU
		{AA6C5E6A-252B-4E2A-A883-0E4E739F8701}.Debug|Any CPU.Build.0 = Debug|Any CPU
		{AA6C5E6A-252B-4E2A-A883-0E4E739F8701}.Debug|Mixed Platforms.ActiveCfg = Debug|Any CPU
		{AA6C5E6A-252B-4E2A-A883-0E4E739F8701}.Debug|Mixed Platforms.Build.0 = Debug|Any CPU
		{AA6C5E6A-252B-4E2A-A883-0E4E739F8701}.Debug|x86.ActiveCfg = Debug|Any CPU
		{AA6C5E6A-252B-4E2A-A883-0E4E739F8701}.Debug|x86.Build.0 = Debug|Any CPU
		{AA6C5E6A-252B-4E2A-A883-0E4E739F8701}.Release|Any CPU.ActiveCfg = Release|Any CPU
		{AA6C5E6A-252B-4E2A-A883-0E4E739F8701}.Release|Any CPU.Build.0 = Release|Any CPU
		{AA6C5E6A-252B-4E2A-A883-0E4E739F8701}.Release|Mixed Platforms.ActiveCfg = Release|Any CPU
		{AA6C5E6A-252B-4E2A-A883-0E4E739F8701}.Release|Mixed Platforms.Build.0 = Release|Any CPU
		{AA6C5E6A-252B-4E2A-A883-0E4E739F8701}.Release|x86.ActiveCfg = Release|Any CPU
		{AA6C5E6A-252B-4E2A-A883-0E4E739F8701}.Release|x86.Build.0 = Release|Any CPU
		{86E0817D-79A4-4769-B450-C8352D0D1907}.Debug|Any CPU.ActiveCfg = Debug|Any CPU
		{86E0817D-79A4-4769-B450-C8352D0D1907}.Debug|Any CPU.Build.0 = Debug|Any CPU
		{86E0817D-79A4-4769-B450-C8352D0D1907}.Debug|Mixed Platforms.ActiveCfg = Debug|Any CPU
		{86E0817D-79A4-4769-B450-C8352D0D1907}.Debug|Mixed Platforms.Build.0 = Debug|Any CPU
		{86E0817D-79A4-4769-B450-C8352D0D1907}.Debug|x86.ActiveCfg = Debug|Any CPU
		{86E0817D-79A4-4769-B450-C8352D0D1907}.Debug|x86.Build.0 = Debug|Any CPU
		{86E0817D-79A4-4769-B450-C8352D0D1907}.Release|Any CPU.ActiveCfg = Release|Any CPU
		{86E0817D-79A4-4769-B450-C8352D0D1907}.Release|Any CPU.Build.0 = Release|Any CPU
		{86E0817D-79A4-4769-B450-C8352D0D1907}.Release|Mixed Platforms.ActiveCfg = Release|Any CPU
		{86E0817D-79A4-4769-B450-C8352D0D1907}.Release|Mixed Platforms.Build.0 = Release|Any CPU
		{86E0817D-79A4-4769-B450-C8352D0D1907}.Release|x86.ActiveCfg = Release|Any CPU
		{86E0817D-79A4-4769-B450-C8352D0D1907}.Release|x86.Build.0 = Release|Any CPU
		{1A7544AB-30D7-4920-928E-26925B86274D}.Debug|Any CPU.ActiveCfg = Debug|Any CPU
		{1A7544AB-30D7-4920-928E-26925B86274D}.Debug|Any CPU.Build.0 = Debug|Any CPU
		{1A7544AB-30D7-4920-928E-26925B86274D}.Debug|Mixed Platforms.ActiveCfg = Debug|Any CPU
		{1A7544AB-30D7-4920-928E-26925B86274D}.Debug|Mixed Platforms.Build.0 = Debug|Any CPU
		{1A7544AB-30D7-4920-928E-26925B86274D}.Debug|x86.ActiveCfg = Debug|Any CPU
		{1A7544AB-30D7-4920-928E-26925B86274D}.Debug|x86.Build.0 = Debug|Any CPU
		{1A7544AB-30D7-4920-928E-26925B86274D}.Release|Any CPU.ActiveCfg = Release|Any CPU
		{1A7544AB-30D7-4920-928E-26925B86274D}.Release|Any CPU.Build.0 = Release|Any CPU
		{1A7544AB-30D7-4920-928E-26925B86274D}.Release|Mixed Platforms.ActiveCfg = Release|Any CPU
		{1A7544AB-30D7-4920-928E-26925B86274D}.Release|Mixed Platforms.Build.0 = Release|Any CPU
		{1A7544AB-30D7-4920-928E-26925B86274D}.Release|x86.ActiveCfg = Release|Any CPU
		{1A7544AB-30D7-4920-928E-26925B86274D}.Release|x86.Build.0 = Release|Any CPU
		{D63FAE14-7CD6-4BD3-90D7-7DBBCDF8EEEF}.Debug|Any CPU.ActiveCfg = Debug|Any CPU
		{D63FAE14-7CD6-4BD3-90D7-7DBBCDF8EEEF}.Debug|Any CPU.Build.0 = Debug|Any CPU
		{D63FAE14-7CD6-4BD3-90D7-7DBBCDF8EEEF}.Debug|Mixed Platforms.ActiveCfg = Debug|Any CPU
		{D63FAE14-7CD6-4BD3-90D7-7DBBCDF8EEEF}.Debug|Mixed Platforms.Build.0 = Debug|Any CPU
		{D63FAE14-7CD6-4BD3-90D7-7DBBCDF8EEEF}.Debug|x86.ActiveCfg = Debug|Any CPU
		{D63FAE14-7CD6-4BD3-90D7-7DBBCDF8EEEF}.Debug|x86.Build.0 = Debug|Any CPU
		{D63FAE14-7CD6-4BD3-90D7-7DBBCDF8EEEF}.Release|Any CPU.ActiveCfg = Release|Any CPU
		{D63FAE14-7CD6-4BD3-90D7-7DBBCDF8EEEF}.Release|Any CPU.Build.0 = Release|Any CPU
		{D63FAE14-7CD6-4BD3-90D7-7DBBCDF8EEEF}.Release|Mixed Platforms.ActiveCfg = Release|Any CPU
		{D63FAE14-7CD6-4BD3-90D7-7DBBCDF8EEEF}.Release|Mixed Platforms.Build.0 = Release|Any CPU
		{D63FAE14-7CD6-4BD3-90D7-7DBBCDF8EEEF}.Release|x86.ActiveCfg = Release|Any CPU
		{D63FAE14-7CD6-4BD3-90D7-7DBBCDF8EEEF}.Release|x86.Build.0 = Release|Any CPU
		{5107DE16-DDA1-4606-B3A3-840B24428329}.Debug|Any CPU.ActiveCfg = Debug|Any CPU
		{5107DE16-DDA1-4606-B3A3-840B24428329}.Debug|Any CPU.Build.0 = Debug|Any CPU
		{5107DE16-DDA1-4606-B3A3-840B24428329}.Debug|Mixed Platforms.ActiveCfg = Debug|Any CPU
		{5107DE16-DDA1-4606-B3A3-840B24428329}.Debug|Mixed Platforms.Build.0 = Debug|Any CPU
		{5107DE16-DDA1-4606-B3A3-840B24428329}.Debug|x86.ActiveCfg = Debug|Any CPU
		{5107DE16-DDA1-4606-B3A3-840B24428329}.Debug|x86.Build.0 = Debug|Any CPU
		{5107DE16-DDA1-4606-B3A3-840B24428329}.Release|Any CPU.ActiveCfg = Release|Any CPU
		{5107DE16-DDA1-4606-B3A3-840B24428329}.Release|Any CPU.Build.0 = Release|Any CPU
		{5107DE16-DDA1-4606-B3A3-840B24428329}.Release|Mixed Platforms.ActiveCfg = Release|Any CPU
		{5107DE16-DDA1-4606-B3A3-840B24428329}.Release|Mixed Platforms.Build.0 = Release|Any CPU
		{5107DE16-DDA1-4606-B3A3-840B24428329}.Release|x86.ActiveCfg = Release|Any CPU
		{5107DE16-DDA1-4606-B3A3-840B24428329}.Release|x86.Build.0 = Release|Any CPU
		{26F96CC3-A4A9-4BC4-A10A-BC7E25581FF6}.Debug|Any CPU.ActiveCfg = Debug|Any CPU
		{26F96CC3-A4A9-4BC4-A10A-BC7E25581FF6}.Debug|Any CPU.Build.0 = Debug|Any CPU
		{26F96CC3-A4A9-4BC4-A10A-BC7E25581FF6}.Debug|Mixed Platforms.ActiveCfg = Debug|Any CPU
		{26F96CC3-A4A9-4BC4-A10A-BC7E25581FF6}.Debug|Mixed Platforms.Build.0 = Debug|Any CPU
		{26F96CC3-A4A9-4BC4-A10A-BC7E25581FF6}.Debug|x86.ActiveCfg = Debug|Any CPU
		{26F96CC3-A4A9-4BC4-A10A-BC7E25581FF6}.Debug|x86.Build.0 = Debug|Any CPU
		{26F96CC3-A4A9-4BC4-A10A-BC7E25581FF6}.Release|Any CPU.ActiveCfg = Release|Any CPU
		{26F96CC3-A4A9-4BC4-A10A-BC7E25581FF6}.Release|Any CPU.Build.0 = Release|Any CPU
		{26F96CC3-A4A9-4BC4-A10A-BC7E25581FF6}.Release|Mixed Platforms.ActiveCfg = Release|Any CPU
		{26F96CC3-A4A9-4BC4-A10A-BC7E25581FF6}.Release|Mixed Platforms.Build.0 = Release|Any CPU
		{26F96CC3-A4A9-4BC4-A10A-BC7E25581FF6}.Release|x86.ActiveCfg = Release|Any CPU
		{26F96CC3-A4A9-4BC4-A10A-BC7E25581FF6}.Release|x86.Build.0 = Release|Any CPU
		{E6489E89-1349-4EE7-A00B-AC96B9912587}.Debug|Any CPU.ActiveCfg = Debug|Any CPU
		{E6489E89-1349-4EE7-A00B-AC96B9912587}.Debug|Any CPU.Build.0 = Debug|Any CPU
		{E6489E89-1349-4EE7-A00B-AC96B9912587}.Debug|Mixed Platforms.ActiveCfg = Debug|Any CPU
		{E6489E89-1349-4EE7-A00B-AC96B9912587}.Debug|Mixed Platforms.Build.0 = Debug|Any CPU
		{E6489E89-1349-4EE7-A00B-AC96B9912587}.Debug|x86.ActiveCfg = Debug|Any CPU
		{E6489E89-1349-4EE7-A00B-AC96B9912587}.Debug|x86.Build.0 = Debug|Any CPU
		{E6489E89-1349-4EE7-A00B-AC96B9912587}.Release|Any CPU.ActiveCfg = Release|Any CPU
		{E6489E89-1349-4EE7-A00B-AC96B9912587}.Release|Any CPU.Build.0 = Release|Any CPU
		{E6489E89-1349-4EE7-A00B-AC96B9912587}.Release|Mixed Platforms.ActiveCfg = Release|Any CPU
		{E6489E89-1349-4EE7-A00B-AC96B9912587}.Release|Mixed Platforms.Build.0 = Release|Any CPU
		{E6489E89-1349-4EE7-A00B-AC96B9912587}.Release|x86.ActiveCfg = Release|Any CPU
		{E6489E89-1349-4EE7-A00B-AC96B9912587}.Release|x86.Build.0 = Release|Any CPU
		{9BEF6340-7831-49BC-AEFB-ECFB0DA93BAD}.Debug|Any CPU.ActiveCfg = Debug
		{9BEF6340-7831-49BC-AEFB-ECFB0DA93BAD}.Debug|Any CPU.Build.0 = Debug
		{9BEF6340-7831-49BC-AEFB-ECFB0DA93BAD}.Debug|Mixed Platforms.ActiveCfg = Debug
		{9BEF6340-7831-49BC-AEFB-ECFB0DA93BAD}.Debug|Mixed Platforms.Build.0 = Debug
		{9BEF6340-7831-49BC-AEFB-ECFB0DA93BAD}.Debug|x86.ActiveCfg = Debug
		{9BEF6340-7831-49BC-AEFB-ECFB0DA93BAD}.Debug|x86.Build.0 = Debug
		{9BEF6340-7831-49BC-AEFB-ECFB0DA93BAD}.Release|Any CPU.ActiveCfg = Release
		{9BEF6340-7831-49BC-AEFB-ECFB0DA93BAD}.Release|Any CPU.Build.0 = Release
		{9BEF6340-7831-49BC-AEFB-ECFB0DA93BAD}.Release|Mixed Platforms.ActiveCfg = Release
		{9BEF6340-7831-49BC-AEFB-ECFB0DA93BAD}.Release|Mixed Platforms.Build.0 = Release
		{9BEF6340-7831-49BC-AEFB-ECFB0DA93BAD}.Release|x86.ActiveCfg = Release
		{9BEF6340-7831-49BC-AEFB-ECFB0DA93BAD}.Release|x86.Build.0 = Release
		{FBB88810-6D4A-44FE-B220-CAC22E4DBDCD}.Debug|Any CPU.ActiveCfg = Debug|Any CPU
		{FBB88810-6D4A-44FE-B220-CAC22E4DBDCD}.Debug|Any CPU.Build.0 = Debug|Any CPU
		{FBB88810-6D4A-44FE-B220-CAC22E4DBDCD}.Debug|Mixed Platforms.ActiveCfg = Debug|Any CPU
		{FBB88810-6D4A-44FE-B220-CAC22E4DBDCD}.Debug|Mixed Platforms.Build.0 = Debug|Any CPU
		{FBB88810-6D4A-44FE-B220-CAC22E4DBDCD}.Debug|x86.ActiveCfg = Debug|Any CPU
		{FBB88810-6D4A-44FE-B220-CAC22E4DBDCD}.Debug|x86.Build.0 = Debug|Any CPU
		{FBB88810-6D4A-44FE-B220-CAC22E4DBDCD}.Release|Any CPU.ActiveCfg = Release|Any CPU
		{FBB88810-6D4A-44FE-B220-CAC22E4DBDCD}.Release|Any CPU.Build.0 = Release|Any CPU
		{FBB88810-6D4A-44FE-B220-CAC22E4DBDCD}.Release|Mixed Platforms.ActiveCfg = Release|Any CPU
		{FBB88810-6D4A-44FE-B220-CAC22E4DBDCD}.Release|Mixed Platforms.Build.0 = Release|Any CPU
		{FBB88810-6D4A-44FE-B220-CAC22E4DBDCD}.Release|x86.ActiveCfg = Release|Any CPU
		{FBB88810-6D4A-44FE-B220-CAC22E4DBDCD}.Release|x86.Build.0 = Release|Any CPU
		{3C4F8133-8652-40B6-B37B-200B25C2B043}.Debug|Any CPU.ActiveCfg = Debug|Any CPU
		{3C4F8133-8652-40B6-B37B-200B25C2B043}.Debug|Any CPU.Build.0 = Debug|Any CPU
		{3C4F8133-8652-40B6-B37B-200B25C2B043}.Debug|Mixed Platforms.ActiveCfg = Debug|Any CPU
		{3C4F8133-8652-40B6-B37B-200B25C2B043}.Debug|Mixed Platforms.Build.0 = Debug|Any CPU
		{3C4F8133-8652-40B6-B37B-200B25C2B043}.Debug|x86.ActiveCfg = Debug|Any CPU
		{3C4F8133-8652-40B6-B37B-200B25C2B043}.Debug|x86.Build.0 = Debug|Any CPU
		{3C4F8133-8652-40B6-B37B-200B25C2B043}.Release|Any CPU.ActiveCfg = Release|Any CPU
		{3C4F8133-8652-40B6-B37B-200B25C2B043}.Release|Any CPU.Build.0 = Release|Any CPU
		{3C4F8133-8652-40B6-B37B-200B25C2B043}.Release|Mixed Platforms.ActiveCfg = Release|Any CPU
		{3C4F8133-8652-40B6-B37B-200B25C2B043}.Release|Mixed Platforms.Build.0 = Release|Any CPU
		{3C4F8133-8652-40B6-B37B-200B25C2B043}.Release|x86.ActiveCfg = Release|Any CPU
		{3C4F8133-8652-40B6-B37B-200B25C2B043}.Release|x86.Build.0 = Release|Any CPU
		{42ED3F62-53C5-4880-B9B8-F8B78F575353}.Debug|Any CPU.ActiveCfg = Debug|Any CPU
		{42ED3F62-53C5-4880-B9B8-F8B78F575353}.Debug|Any CPU.Build.0 = Debug|Any CPU
		{42ED3F62-53C5-4880-B9B8-F8B78F575353}.Debug|Mixed Platforms.ActiveCfg = Debug|Any CPU
		{42ED3F62-53C5-4880-B9B8-F8B78F575353}.Debug|Mixed Platforms.Build.0 = Debug|Any CPU
		{42ED3F62-53C5-4880-B9B8-F8B78F575353}.Debug|x86.ActiveCfg = Debug|Any CPU
		{42ED3F62-53C5-4880-B9B8-F8B78F575353}.Debug|x86.Build.0 = Debug|Any CPU
		{42ED3F62-53C5-4880-B9B8-F8B78F575353}.Release|Any CPU.ActiveCfg = Release|Any CPU
		{42ED3F62-53C5-4880-B9B8-F8B78F575353}.Release|Any CPU.Build.0 = Release|Any CPU
		{42ED3F62-53C5-4880-B9B8-F8B78F575353}.Release|Mixed Platforms.ActiveCfg = Release|Any CPU
		{42ED3F62-53C5-4880-B9B8-F8B78F575353}.Release|Mixed Platforms.Build.0 = Release|Any CPU
		{42ED3F62-53C5-4880-B9B8-F8B78F575353}.Release|x86.ActiveCfg = Release|Any CPU
		{42ED3F62-53C5-4880-B9B8-F8B78F575353}.Release|x86.Build.0 = Release|Any CPU
		{397BB898-88E0-41D6-8D01-09233C7FFC75}.Debug|Any CPU.ActiveCfg = Debug|Any CPU
		{397BB898-88E0-41D6-8D01-09233C7FFC75}.Debug|Any CPU.Build.0 = Debug|Any CPU
		{397BB898-88E0-41D6-8D01-09233C7FFC75}.Debug|Mixed Platforms.ActiveCfg = Debug|x86
		{397BB898-88E0-41D6-8D01-09233C7FFC75}.Debug|Mixed Platforms.Build.0 = Debug|x86
		{397BB898-88E0-41D6-8D01-09233C7FFC75}.Debug|x86.ActiveCfg = Debug|Any CPU
		{397BB898-88E0-41D6-8D01-09233C7FFC75}.Debug|x86.Build.0 = Debug|Any CPU
		{397BB898-88E0-41D6-8D01-09233C7FFC75}.Release|Any CPU.ActiveCfg = Release|Any CPU
		{397BB898-88E0-41D6-8D01-09233C7FFC75}.Release|Any CPU.Build.0 = Release|Any CPU
		{397BB898-88E0-41D6-8D01-09233C7FFC75}.Release|Mixed Platforms.ActiveCfg = Release|x86
		{397BB898-88E0-41D6-8D01-09233C7FFC75}.Release|Mixed Platforms.Build.0 = Release|x86
		{397BB898-88E0-41D6-8D01-09233C7FFC75}.Release|x86.ActiveCfg = Release|Any CPU
		{397BB898-88E0-41D6-8D01-09233C7FFC75}.Release|x86.Build.0 = Release|Any CPU
		{FCB6E864-6415-4E58-B519-C0F099A396AF}.Debug|Any CPU.ActiveCfg = Debug|Any CPU
		{FCB6E864-6415-4E58-B519-C0F099A396AF}.Debug|Any CPU.Build.0 = Debug|Any CPU
		{FCB6E864-6415-4E58-B519-C0F099A396AF}.Debug|Mixed Platforms.ActiveCfg = Debug|Any CPU
		{FCB6E864-6415-4E58-B519-C0F099A396AF}.Debug|Mixed Platforms.Build.0 = Debug|Any CPU
		{FCB6E864-6415-4E58-B519-C0F099A396AF}.Debug|x86.ActiveCfg = Debug|Any CPU
		{FCB6E864-6415-4E58-B519-C0F099A396AF}.Debug|x86.Build.0 = Debug|Any CPU
		{FCB6E864-6415-4E58-B519-C0F099A396AF}.Release|Any CPU.ActiveCfg = Release|Any CPU
		{FCB6E864-6415-4E58-B519-C0F099A396AF}.Release|Any CPU.Build.0 = Release|Any CPU
		{FCB6E864-6415-4E58-B519-C0F099A396AF}.Release|Mixed Platforms.ActiveCfg = Release|Any CPU
		{FCB6E864-6415-4E58-B519-C0F099A396AF}.Release|Mixed Platforms.Build.0 = Release|Any CPU
		{FCB6E864-6415-4E58-B519-C0F099A396AF}.Release|x86.ActiveCfg = Release|Any CPU
		{FCB6E864-6415-4E58-B519-C0F099A396AF}.Release|x86.Build.0 = Release|Any CPU
		{2F085431-027A-4DDF-9B3D-83219E629FA1}.Debug|Any CPU.ActiveCfg = Debug|Any CPU
		{2F085431-027A-4DDF-9B3D-83219E629FA1}.Debug|Any CPU.Build.0 = Debug|Any CPU
		{2F085431-027A-4DDF-9B3D-83219E629FA1}.Debug|Mixed Platforms.ActiveCfg = Debug|Any CPU
		{2F085431-027A-4DDF-9B3D-83219E629FA1}.Debug|Mixed Platforms.Build.0 = Debug|Any CPU
		{2F085431-027A-4DDF-9B3D-83219E629FA1}.Debug|x86.ActiveCfg = Debug|Any CPU
		{2F085431-027A-4DDF-9B3D-83219E629FA1}.Debug|x86.Build.0 = Debug|Any CPU
		{2F085431-027A-4DDF-9B3D-83219E629FA1}.Release|Any CPU.ActiveCfg = Release|Any CPU
		{2F085431-027A-4DDF-9B3D-83219E629FA1}.Release|Any CPU.Build.0 = Release|Any CPU
		{2F085431-027A-4DDF-9B3D-83219E629FA1}.Release|Mixed Platforms.ActiveCfg = Release|Any CPU
		{2F085431-027A-4DDF-9B3D-83219E629FA1}.Release|Mixed Platforms.Build.0 = Release|Any CPU
		{2F085431-027A-4DDF-9B3D-83219E629FA1}.Release|x86.ActiveCfg = Release|Any CPU
		{2F085431-027A-4DDF-9B3D-83219E629FA1}.Release|x86.Build.0 = Release|Any CPU
		{3DCFCA4D-0205-4684-A9A6-1DB8640CD579}.Debug|Any CPU.ActiveCfg = Debug|Any CPU
		{3DCFCA4D-0205-4684-A9A6-1DB8640CD579}.Debug|Any CPU.Build.0 = Debug|Any CPU
		{3DCFCA4D-0205-4684-A9A6-1DB8640CD579}.Debug|Mixed Platforms.ActiveCfg = Debug|Any CPU
		{3DCFCA4D-0205-4684-A9A6-1DB8640CD579}.Debug|Mixed Platforms.Build.0 = Debug|Any CPU
		{3DCFCA4D-0205-4684-A9A6-1DB8640CD579}.Debug|x86.ActiveCfg = Debug|Any CPU
		{3DCFCA4D-0205-4684-A9A6-1DB8640CD579}.Debug|x86.Build.0 = Debug|Any CPU
		{3DCFCA4D-0205-4684-A9A6-1DB8640CD579}.Release|Any CPU.ActiveCfg = Release|Any CPU
		{3DCFCA4D-0205-4684-A9A6-1DB8640CD579}.Release|Any CPU.Build.0 = Release|Any CPU
		{3DCFCA4D-0205-4684-A9A6-1DB8640CD579}.Release|Mixed Platforms.ActiveCfg = Release|Any CPU
		{3DCFCA4D-0205-4684-A9A6-1DB8640CD579}.Release|Mixed Platforms.Build.0 = Release|Any CPU
		{3DCFCA4D-0205-4684-A9A6-1DB8640CD579}.Release|x86.ActiveCfg = Release|Any CPU
		{3DCFCA4D-0205-4684-A9A6-1DB8640CD579}.Release|x86.Build.0 = Release|Any CPU
		{57FE2FB1-4134-409B-876C-8A1C0776B498}.Debug|Any CPU.ActiveCfg = Debug|Any CPU
		{57FE2FB1-4134-409B-876C-8A1C0776B498}.Debug|Any CPU.Build.0 = Debug|Any CPU
		{57FE2FB1-4134-409B-876C-8A1C0776B498}.Debug|Mixed Platforms.ActiveCfg = Debug|Any CPU
		{57FE2FB1-4134-409B-876C-8A1C0776B498}.Debug|Mixed Platforms.Build.0 = Debug|Any CPU
		{57FE2FB1-4134-409B-876C-8A1C0776B498}.Debug|x86.ActiveCfg = Debug|Any CPU
		{57FE2FB1-4134-409B-876C-8A1C0776B498}.Debug|x86.Build.0 = Debug|Any CPU
		{57FE2FB1-4134-409B-876C-8A1C0776B498}.Release|Any CPU.ActiveCfg = Release|Any CPU
		{57FE2FB1-4134-409B-876C-8A1C0776B498}.Release|Any CPU.Build.0 = Release|Any CPU
		{57FE2FB1-4134-409B-876C-8A1C0776B498}.Release|Mixed Platforms.ActiveCfg = Release|Any CPU
		{57FE2FB1-4134-409B-876C-8A1C0776B498}.Release|Mixed Platforms.Build.0 = Release|Any CPU
		{57FE2FB1-4134-409B-876C-8A1C0776B498}.Release|x86.ActiveCfg = Release|Any CPU
		{57FE2FB1-4134-409B-876C-8A1C0776B498}.Release|x86.Build.0 = Release|Any CPU
		{80344E08-5816-438F-BC88-F4BF038648CC}.Debug|Any CPU.ActiveCfg = Debug|Any CPU
		{80344E08-5816-438F-BC88-F4BF038648CC}.Debug|Any CPU.Build.0 = Debug|Any CPU
		{80344E08-5816-438F-BC88-F4BF038648CC}.Debug|Mixed Platforms.ActiveCfg = Debug|Any CPU
		{80344E08-5816-438F-BC88-F4BF038648CC}.Debug|Mixed Platforms.Build.0 = Debug|Any CPU
		{80344E08-5816-438F-BC88-F4BF038648CC}.Debug|x86.ActiveCfg = Debug|Any CPU
		{80344E08-5816-438F-BC88-F4BF038648CC}.Release|Any CPU.ActiveCfg = Release|Any CPU
		{80344E08-5816-438F-BC88-F4BF038648CC}.Release|Any CPU.Build.0 = Release|Any CPU
		{80344E08-5816-438F-BC88-F4BF038648CC}.Release|Mixed Platforms.ActiveCfg = Release|Any CPU
		{80344E08-5816-438F-BC88-F4BF038648CC}.Release|Mixed Platforms.Build.0 = Release|Any CPU
		{80344E08-5816-438F-BC88-F4BF038648CC}.Release|x86.ActiveCfg = Release|Any CPU
	EndGlobalSection
	GlobalSection(SolutionProperties) = preSolution
		HideSolutionNode = FALSE
	EndGlobalSection
EndGlobal
