
Microsoft Visual Studio Solution File, Format Version 11.00
# Visual Studio 2010
Project("{FAE04EC0-301F-11D3-BF4B-00C04F79EFBC}") = "DigitalPlatform.OPAC.Server", "DigitalPlatform.OPAC.Server.csproj", "{765049EC-C6B2-4051-97B3-B940D38D9FEA}"
EndProject
Global
	GlobalSection(SolutionConfigurationPlatforms) = preSolution
		Debug|Any CPU = Debug|Any CPU
		Release|Any CPU = Release|Any CPU
	EndGlobalSection
	GlobalSection(ProjectConfigurationPlatforms) = postSolution
		{765049EC-C6B2-4051-97B3-B940D38D9FEA}.Debug|Any CPU.ActiveCfg = Debug|Any CPU
		{765049EC-C6B2-4051-97B3-B940D38D9FEA}.Debug|Any CPU.Build.0 = Debug|Any CPU
		{765049EC-C6B2-4051-97B3-B940D38D9FEA}.Release|Any CPU.ActiveCfg = Release|Any CPU
		{765049EC-C6B2-4051-97B3-B940D38D9FEA}.Release|Any CPU.Build.0 = Release|Any CPU
	EndGlobalSection
	GlobalSection(SolutionProperties) = preSolution
		HideSolutionNode = FALSE
	EndGlobalSection
EndGlobal
