Microsoft Visual Studio Solution File, Format Version 8.00
Project("{FAE04EC0-301F-11D3-BF4B-00C04F79EFBC}") = "DigitalPlatform.rms.db", "DigitalPlatform.rms.db.csproj", "{985702E3-5CE7-40F1-A588-A58A7A50C57A}"
	ProjectSection(ProjectDependencies) = postProject
		{6516FCCB-1002-4F56-B319-3F95706A40CB} = {6516FCCB-1002-4F56-B319-3F95706A40CB}
	EndProjectSection
EndProject
Project("{FAE04EC0-301F-11D3-BF4B-00C04F79EFBC}") = "DigitalPlatform.Threading", "..\DigitalPlatform.Threading\DigitalPlatform.Threading.csproj", "{441765E0-2E13-484E-910B-67B21FE30F71}"
	ProjectSection(ProjectDependencies) = postProject
	EndProjectSection
EndProject
Project("{FAE04EC0-301F-11D3-BF4B-00C04F79EFBC}") = "DigitalPlatform.Store", "..\DigitalPlatform.Store\DigitalPlatform.Store.csproj", "{6516FCCB-1002-4F56-B319-3F95706A40CB}"
	ProjectSection(ProjectDependencies) = postProject
	EndProjectSection
EndProject
Project("{FAE04EC0-301F-11D3-BF4B-00C04F79EFBC}") = "DigitalPlatform.IO", "..\DigitalPlatform.IO\DigitalPlatform.IO.csproj", "{EAD41B33-9719-4931-8962-E3BB478AEC33}"
	ProjectSection(ProjectDependencies) = postProject
	EndProjectSection
EndProject
Project("{FAE04EC0-301F-11D3-BF4B-00C04F79EFBC}") = "DigitalPlatform.Xml", "..\DigitalPlatform.Xml\DigitalPlatform.Xml.csproj", "{E6489E89-1349-4EE7-A00B-AC96B9912587}"
	ProjectSection(ProjectDependencies) = postProject
	EndProjectSection
EndProject
Project("{FAE04EC0-301F-11D3-BF4B-00C04F79EFBC}") = "DigitalPlatform.Text", "..\DigitalPlatform.Text\DigitalPlatform.Text.csproj", "{26F96CC3-A4A9-4BC4-A10A-BC7E25581FF6}"
	ProjectSection(ProjectDependencies) = postProject
	EndProjectSection
EndProject
Project("{FAE04EC0-301F-11D3-BF4B-00C04F79EFBC}") = "DigitalPlatform.Exception", "..\DigitalPlatform.Exception\DigitalPlatform.Exception.csproj", "{C3E9943D-482A-449B-9390-6BFE39DCA013}"
	ProjectSection(ProjectDependencies) = postProject
	EndProjectSection
EndProject
Project("{FAE04EC0-301F-11D3-BF4B-00C04F79EFBC}") = "DigitalPlatform.ResultSet", "..\DigitalPlatform.ResultSet\DigitalPlatform.ResultSet.csproj", "{86E0817D-79A4-4769-B450-C8352D0D1907}"
	ProjectSection(ProjectDependencies) = postProject
	EndProjectSection
EndProject
Project("{FAE04EC0-301F-11D3-BF4B-00C04F79EFBC}") = "DigitalPlatform.rms", "..\DigitalPlatform.rms\DigitalPlatform.rms.csproj", "{1A7544AB-30D7-4920-928E-26925B86274D}"
	ProjectSection(ProjectDependencies) = postProject
	EndProjectSection
EndProject
Project("{FAE04EC0-301F-11D3-BF4B-00C04F79EFBC}") = "DigitalPlatform.Range", "..\DigitalPlatform.Range\DigitalPlatform.Range.csproj", "{AA6C5E6A-252B-4E2A-A883-0E4E739F8701}"
	ProjectSection(ProjectDependencies) = postProject
	EndProjectSection
EndProject
Global
	GlobalSection(SolutionConfiguration) = preSolution
		Debug = Debug
		Release = Release
	EndGlobalSection
	GlobalSection(ProjectConfiguration) = postSolution
		{985702E3-5CE7-40F1-A588-A58A7A50C57A}.Debug.ActiveCfg = Debug|.NET
		{985702E3-5CE7-40F1-A588-A58A7A50C57A}.Debug.Build.0 = Debug|.NET
		{985702E3-5CE7-40F1-A588-A58A7A50C57A}.Release.ActiveCfg = Release|.NET
		{985702E3-5CE7-40F1-A588-A58A7A50C57A}.Release.Build.0 = Release|.NET
		{441765E0-2E13-484E-910B-67B21FE30F71}.Debug.ActiveCfg = Debug|.NET
		{441765E0-2E13-484E-910B-67B21FE30F71}.Debug.Build.0 = Debug|.NET
		{441765E0-2E13-484E-910B-67B21FE30F71}.Release.ActiveCfg = Release|.NET
		{441765E0-2E13-484E-910B-67B21FE30F71}.Release.Build.0 = Release|.NET
		{6516FCCB-1002-4F56-B319-3F95706A40CB}.Debug.ActiveCfg = Debug|.NET
		{6516FCCB-1002-4F56-B319-3F95706A40CB}.Debug.Build.0 = Debug|.NET
		{6516FCCB-1002-4F56-B319-3F95706A40CB}.Release.ActiveCfg = Release|.NET
		{6516FCCB-1002-4F56-B319-3F95706A40CB}.Release.Build.0 = Release|.NET
		{EAD41B33-9719-4931-8962-E3BB478AEC33}.Debug.ActiveCfg = Debug|.NET
		{EAD41B33-9719-4931-8962-E3BB478AEC33}.Debug.Build.0 = Debug|.NET
		{EAD41B33-9719-4931-8962-E3BB478AEC33}.Release.ActiveCfg = Release|.NET
		{EAD41B33-9719-4931-8962-E3BB478AEC33}.Release.Build.0 = Release|.NET
		{E6489E89-1349-4EE7-A00B-AC96B9912587}.Debug.ActiveCfg = Debug|.NET
		{E6489E89-1349-4EE7-A00B-AC96B9912587}.Debug.Build.0 = Debug|.NET
		{E6489E89-1349-4EE7-A00B-AC96B9912587}.Release.ActiveCfg = Release|.NET
		{E6489E89-1349-4EE7-A00B-AC96B9912587}.Release.Build.0 = Release|.NET
		{26F96CC3-A4A9-4BC4-A10A-BC7E25581FF6}.Debug.ActiveCfg = Debug|.NET
		{26F96CC3-A4A9-4BC4-A10A-BC7E25581FF6}.Debug.Build.0 = Debug|.NET
		{26F96CC3-A4A9-4BC4-A10A-BC7E25581FF6}.Release.ActiveCfg = Release|.NET
		{26F96CC3-A4A9-4BC4-A10A-BC7E25581FF6}.Release.Build.0 = Release|.NET
		{C3E9943D-482A-449B-9390-6BFE39DCA013}.Debug.ActiveCfg = Debug|.NET
		{C3E9943D-482A-449B-9390-6BFE39DCA013}.Debug.Build.0 = Debug|.NET
		{C3E9943D-482A-449B-9390-6BFE39DCA013}.Release.ActiveCfg = Release|.NET
		{C3E9943D-482A-449B-9390-6BFE39DCA013}.Release.Build.0 = Release|.NET
		{86E0817D-79A4-4769-B450-C8352D0D1907}.Debug.ActiveCfg = Debug|.NET
		{86E0817D-79A4-4769-B450-C8352D0D1907}.Debug.Build.0 = Debug|.NET
		{86E0817D-79A4-4769-B450-C8352D0D1907}.Release.ActiveCfg = Release|.NET
		{86E0817D-79A4-4769-B450-C8352D0D1907}.Release.Build.0 = Release|.NET
		{1A7544AB-30D7-4920-928E-26925B86274D}.Debug.ActiveCfg = Debug|.NET
		{1A7544AB-30D7-4920-928E-26925B86274D}.Debug.Build.0 = Debug|.NET
		{1A7544AB-30D7-4920-928E-26925B86274D}.Release.ActiveCfg = Release|.NET
		{1A7544AB-30D7-4920-928E-26925B86274D}.Release.Build.0 = Release|.NET
		{AA6C5E6A-252B-4E2A-A883-0E4E739F8701}.Debug.ActiveCfg = Debug|.NET
		{AA6C5E6A-252B-4E2A-A883-0E4E739F8701}.Debug.Build.0 = Debug|.NET
		{AA6C5E6A-252B-4E2A-A883-0E4E739F8701}.Release.ActiveCfg = Release|.NET
		{AA6C5E6A-252B-4E2A-A883-0E4E739F8701}.Release.Build.0 = Release|.NET
	EndGlobalSection
	GlobalSection(ExtensibilityGlobals) = postSolution
	EndGlobalSection
	GlobalSection(ExtensibilityAddIns) = postSolution
	EndGlobalSection
EndGlobal
