Microsoft Visual Studio Solution File, Format Version 9.00
# Visual Studio 2005
Project("{FAE04EC0-301F-11D3-BF4B-00C04F79EFBC}") = "DigitalPlatform.Library", "DigitalPlatform.Library.csproj", "{4C57493B-DE00-4BC0-836C-C736D3176689}"
EndProject
Project("{FAE04EC0-301F-11D3-BF4B-00C04F79EFBC}") = "DigitalPlatform", "..\DigitalPlatform\DigitalPlatform.csproj", "{BDD43275-EAA0-4670-8BA3-0DB5CD7598DD}"
EndProject
Project("{FAE04EC0-301F-11D3-BF4B-00C04F79EFBC}") = "DigitalPlatform.rms.Client", "..\DigitalPlatform.rms.Client\DigitalPlatform.rms.Client.csproj", "{D63FAE14-7CD6-4BD3-90D7-7DBBCDF8EEEF}"
EndProject
Project("{FAE04EC0-301F-11D3-BF4B-00C04F79EFBC}") = "DigitalPlatform.Text", "..\DigitalPlatform.Text\DigitalPlatform.Text.csproj", "{26F96CC3-A4A9-4BC4-A10A-BC7E25581FF6}"
EndProject
Project("{FAE04EC0-301F-11D3-BF4B-00C04F79EFBC}") = "DigitalPlatform.Xml", "..\DigitalPlatform.Xml\DigitalPlatform.Xml.csproj", "{E6489E89-1349-4EE7-A00B-AC96B9912587}"
EndProject
Project("{FAE04EC0-301F-11D3-BF4B-00C04F79EFBC}") = "DigitalPlatform.CommonDialog", "..\DigitalPlatform.CommonDialog\DigitalPlatform.CommonDialog.csproj", "{3DCFCA4D-0205-4684-A9A6-1DB8640CD579}"
EndProject
Project("{FAE04EC0-301F-11D3-BF4B-00C04F79EFBC}") = "DigitalPlatform.IO", "..\DigitalPlatform.IO\DigitalPlatform.IO.csproj", "{441CB814-AF78-4503-91EF-DCE5F3269502}"
EndProject
Project("{FAE04EC0-301F-11D3-BF4B-00C04F79EFBC}") = "DigitalPlatform.Range", "..\DigitalPlatform.Range\DigitalPlatform.Range.csproj", "{AA6C5E6A-252B-4E2A-A883-0E4E739F8701}"
EndProject
Project("{FAE04EC0-301F-11D3-BF4B-00C04F79EFBC}") = "DigitalPlatform.rms", "..\DigitalPlatform.rms\DigitalPlatform.rms.csproj", "{1A7544AB-30D7-4920-928E-26925B86274D}"
EndProject
Project("{FAE04EC0-301F-11D3-BF4B-00C04F79EFBC}") = "DigitalPlatform.XmlEditor", "..\DigitalPlatform.XmlEditor\DigitalPlatform.XmlEditor.csproj", "{A70527A4-10CC-4959-9409-3E51EB8C7A39}"
EndProject
Project("{FAE04EC0-301F-11D3-BF4B-00C04F79EFBC}") = "DigitalPlatform.Drawing", "..\DigitalPlatform.Drawing\DigitalPlatform.Drawing.csproj", "{C2468F93-69AC-4BBA-94AE-678ED5C21542}"
EndProject
Global
	GlobalSection(SourceCodeControl) = preSolution
		SccNumberOfProjects = 12
		SccLocalPath0 = .
		CanCheckoutShared = false
		SccProjectUniqueName1 = DigitalPlatform.Library.csproj
		SccLocalPath1 = .
		CanCheckoutShared = false
		SccProjectUniqueName2 = ..\\DigitalPlatform\\DigitalPlatform.csproj
		SccProjectName2 = \u0022$/AllDigitalPlatformLibs.root/AllDigitalPlatformLibs/DigitalPlatform\u0022,\u0020HAAAAAAA
		SccLocalPath2 = ..\\DigitalPlatform
		CanCheckoutShared = false
		SccProjectUniqueName3 = ..\\DigitalPlatform.rms.Client\\DigitalPlatform.rms.Client.csproj
		SccProjectName3 = \u0022$/AllDigitalPlatformLibs.root/AllDigitalPlatformLibs/DigitalPlatform.rms.Client\u0022,\u0020YHAAAAAA
		SccLocalPath3 = ..\\DigitalPlatform.rms.Client
		CanCheckoutShared = false
		SccProjectUniqueName4 = ..\\DigitalPlatform.Text\\DigitalPlatform.Text.csproj
		SccProjectName4 = \u0022$/AllDigitalPlatformLibs.root/AllDigitalPlatformLibs/DigitalPlatform.Text\u0022,\u0020RBAAAAAA
		SccLocalPath4 = ..\\DigitalPlatform.Text
		CanCheckoutShared = false
		SccProjectUniqueName5 = ..\\DigitalPlatform.Xml\\DigitalPlatform.Xml.csproj
		SccProjectName5 = \u0022$/AllDigitalPlatformLibs.root/AllDigitalPlatformLibs/DigitalPlatform.Xml\u0022,\u0020WBAAAAAA
		SccLocalPath5 = ..\\DigitalPlatform.Xml
		CanCheckoutShared = false
		SccProjectUniqueName6 = ..\\DigitalPlatform.CommonDialog\\DigitalPlatform.CommonDialog.csproj
		SccProjectName6 = \u0022$/AllDigitalPlatformLibs.root/DigitalPlatform.CommonDialog\u0022,\u0020OOBAAAAA
		SccLocalPath6 = ..\\DigitalPlatform.CommonDialog
		CanCheckoutShared = false
		SccProjectUniqueName7 = ..\\DigitalPlatform.IO\\DigitalPlatform.IO.csproj
		SccProjectName7 = \u0022$/AllDigitalPlatformLibs.root/AllDigitalPlatformLibs/DigitalPlatform.IO\u0022,\u0020XAAAAAAA
		SccLocalPath7 = ..\\DigitalPlatform.IO
		CanCheckoutShared = false
		SccProjectUniqueName8 = ..\\DigitalPlatform.Range\\DigitalPlatform.Range.csproj
		SccProjectName8 = \u0022$/AllDigitalPlatformLibs.root/AllDigitalPlatformLibs/DigitalPlatform.Range\u0022,\u0020HBAAAAAA
		SccLocalPath8 = ..\\DigitalPlatform.Range
		CanCheckoutShared = false
		SccProjectUniqueName9 = ..\\DigitalPlatform.rms\\DigitalPlatform.rms.csproj
		SccProjectName9 = \u0022$/AllDigitalPlatformLibs.root/AllDigitalPlatformLibs/DigitalPlatform.rms\u0022,\u0020SHAAAAAA
		SccLocalPath9 = ..\\DigitalPlatform.rms
		CanCheckoutShared = false
		SccProjectUniqueName10 = ..\\DigitalPlatform.XmlEditor\\DigitalPlatform.XmlEditor.csproj
		SccProjectName10 = \u0022$/AllDigitalPlatformLibs.root/AllDigitalPlatformLibs/DigitalPlatform.XmlEditor\u0022,\u0020FJAAAAAA
		SccLocalPath10 = ..\\DigitalPlatform.XmlEditor
		CanCheckoutShared = false
		SccProjectUniqueName11 = ..\\DigitalPlatform.Drawing\\DigitalPlatform.Drawing.csproj
		SccProjectName11 = \u0022$/AllDigitalPlatformLibs.root/DigitalPlatform.Drawing\u0022,\u0020UHBAAAAA
		SccLocalPath11 = ..\\DigitalPlatform.Drawing
		CanCheckoutShared = false
	EndGlobalSection
	GlobalSection(SolutionConfigurationPlatforms) = preSolution
		Debug|Any CPU = Debug|Any CPU
		Release|Any CPU = Release|Any CPU
	EndGlobalSection
	GlobalSection(ProjectConfigurationPlatforms) = postSolution
		{4C57493B-DE00-4BC0-836C-C736D3176689}.Debug|Any CPU.ActiveCfg = Debug|Any CPU
		{4C57493B-DE00-4BC0-836C-C736D3176689}.Debug|Any CPU.Build.0 = Debug|Any CPU
		{4C57493B-DE00-4BC0-836C-C736D3176689}.Release|Any CPU.ActiveCfg = Release|Any CPU
		{4C57493B-DE00-4BC0-836C-C736D3176689}.Release|Any CPU.Build.0 = Release|Any CPU
		{BDD43275-EAA0-4670-8BA3-0DB5CD7598DD}.Debug|Any CPU.ActiveCfg = Debug|Any CPU
		{BDD43275-EAA0-4670-8BA3-0DB5CD7598DD}.Debug|Any CPU.Build.0 = Debug|Any CPU
		{BDD43275-EAA0-4670-8BA3-0DB5CD7598DD}.Release|Any CPU.ActiveCfg = Release|Any CPU
		{BDD43275-EAA0-4670-8BA3-0DB5CD7598DD}.Release|Any CPU.Build.0 = Release|Any CPU
		{D63FAE14-7CD6-4BD3-90D7-7DBBCDF8EEEF}.Debug|Any CPU.ActiveCfg = Debug|Any CPU
		{D63FAE14-7CD6-4BD3-90D7-7DBBCDF8EEEF}.Debug|Any CPU.Build.0 = Debug|Any CPU
		{D63FAE14-7CD6-4BD3-90D7-7DBBCDF8EEEF}.Release|Any CPU.ActiveCfg = Release|Any CPU
		{D63FAE14-7CD6-4BD3-90D7-7DBBCDF8EEEF}.Release|Any CPU.Build.0 = Release|Any CPU
		{26F96CC3-A4A9-4BC4-A10A-BC7E25581FF6}.Debug|Any CPU.ActiveCfg = Debug|Any CPU
		{26F96CC3-A4A9-4BC4-A10A-BC7E25581FF6}.Debug|Any CPU.Build.0 = Debug|Any CPU
		{26F96CC3-A4A9-4BC4-A10A-BC7E25581FF6}.Release|Any CPU.ActiveCfg = Release|Any CPU
		{26F96CC3-A4A9-4BC4-A10A-BC7E25581FF6}.Release|Any CPU.Build.0 = Release|Any CPU
		{E6489E89-1349-4EE7-A00B-AC96B9912587}.Debug|Any CPU.ActiveCfg = Debug|Any CPU
		{E6489E89-1349-4EE7-A00B-AC96B9912587}.Debug|Any CPU.Build.0 = Debug|Any CPU
		{E6489E89-1349-4EE7-A00B-AC96B9912587}.Release|Any CPU.ActiveCfg = Release|Any CPU
		{E6489E89-1349-4EE7-A00B-AC96B9912587}.Release|Any CPU.Build.0 = Release|Any CPU
		{3DCFCA4D-0205-4684-A9A6-1DB8640CD579}.Debug|Any CPU.ActiveCfg = Debug|Any CPU
		{3DCFCA4D-0205-4684-A9A6-1DB8640CD579}.Debug|Any CPU.Build.0 = Debug|Any CPU
		{3DCFCA4D-0205-4684-A9A6-1DB8640CD579}.Release|Any CPU.ActiveCfg = Release|Any CPU
		{3DCFCA4D-0205-4684-A9A6-1DB8640CD579}.Release|Any CPU.Build.0 = Release|Any CPU
		{441CB814-AF78-4503-91EF-DCE5F3269502}.Debug|Any CPU.ActiveCfg = Debug|Any CPU
		{441CB814-AF78-4503-91EF-DCE5F3269502}.Debug|Any CPU.Build.0 = Debug|Any CPU
		{441CB814-AF78-4503-91EF-DCE5F3269502}.Release|Any CPU.ActiveCfg = Release|Any CPU
		{441CB814-AF78-4503-91EF-DCE5F3269502}.Release|Any CPU.Build.0 = Release|Any CPU
		{AA6C5E6A-252B-4E2A-A883-0E4E739F8701}.Debug|Any CPU.ActiveCfg = Debug|Any CPU
		{AA6C5E6A-252B-4E2A-A883-0E4E739F8701}.Debug|Any CPU.Build.0 = Debug|Any CPU
		{AA6C5E6A-252B-4E2A-A883-0E4E739F8701}.Release|Any CPU.ActiveCfg = Release|Any CPU
		{AA6C5E6A-252B-4E2A-A883-0E4E739F8701}.Release|Any CPU.Build.0 = Release|Any CPU
		{1A7544AB-30D7-4920-928E-26925B86274D}.Debug|Any CPU.ActiveCfg = Debug|Any CPU
		{1A7544AB-30D7-4920-928E-26925B86274D}.Debug|Any CPU.Build.0 = Debug|Any CPU
		{1A7544AB-30D7-4920-928E-26925B86274D}.Release|Any CPU.ActiveCfg = Release|Any CPU
		{1A7544AB-30D7-4920-928E-26925B86274D}.Release|Any CPU.Build.0 = Release|Any CPU
		{A70527A4-10CC-4959-9409-3E51EB8C7A39}.Debug|Any CPU.ActiveCfg = Debug|Any CPU
		{A70527A4-10CC-4959-9409-3E51EB8C7A39}.Debug|Any CPU.Build.0 = Debug|Any CPU
		{A70527A4-10CC-4959-9409-3E51EB8C7A39}.Release|Any CPU.ActiveCfg = Release|Any CPU
		{A70527A4-10CC-4959-9409-3E51EB8C7A39}.Release|Any CPU.Build.0 = Release|Any CPU
		{C2468F93-69AC-4BBA-94AE-678ED5C21542}.Debug|Any CPU.ActiveCfg = Debug|Any CPU
		{C2468F93-69AC-4BBA-94AE-678ED5C21542}.Debug|Any CPU.Build.0 = Debug|Any CPU
		{C2468F93-69AC-4BBA-94AE-678ED5C21542}.Release|Any CPU.ActiveCfg = Release|Any CPU
		{C2468F93-69AC-4BBA-94AE-678ED5C21542}.Release|Any CPU.Build.0 = Release|Any CPU
	EndGlobalSection
	GlobalSection(SolutionProperties) = preSolution
		HideSolutionNode = FALSE
	EndGlobalSection
EndGlobal
