
Microsoft Visual Studio Solution File, Format Version 12.00
# Visual Studio 2013
VisualStudioVersion = 12.0.40629.0
MinimumVisualStudioVersion = 10.0.40219.1
Project("{FAE04EC0-301F-11D3-BF4B-00C04F79EFBC}") = "DigitalPlatform.MessageClient", "..\DigitalPlatform.MessageClient\4.5\DigitalPlatform.MessageClient.csproj", "{F46F8872-7205-4B74-9EA5-EDFBE187C364}"
EndProject
Project("{FAE04EC0-301F-11D3-BF4B-00C04F79EFBC}") = "DigitalPlatform", "..\DigitalPlatform\4.5\DigitalPlatform.csproj", "{47102AD3-401D-4757-A963-2D85707F5D9E}"
EndProject
Global
	GlobalSection(SolutionConfigurationPlatforms) = preSolution
		Debug|Any CPU = Debug|Any CPU
		Release|Any CPU = Release|Any CPU
	EndGlobalSection
	GlobalSection(ProjectConfigurationPlatforms) = postSolution
		{F46F8872-7205-4B74-9EA5-EDFBE187C364}.Debug|Any CPU.ActiveCfg = Debug|Any CPU
		{F46F8872-7205-4B74-9EA5-EDFBE187C364}.Debug|Any CPU.Build.0 = Debug|Any CPU
		{F46F8872-7205-4B74-9EA5-EDFBE187C364}.Release|Any CPU.ActiveCfg = Release|Any CPU
		{F46F8872-7205-4B74-9EA5-EDFBE187C364}.Release|Any CPU.Build.0 = Release|Any CPU
		{47102AD3-401D-4757-A963-2D85707F5D9E}.Debug|Any CPU.ActiveCfg = Debug|Any CPU
		{47102AD3-401D-4757-A963-2D85707F5D9E}.Debug|Any CPU.Build.0 = Debug|Any CPU
		{47102AD3-401D-4757-A963-2D85707F5D9E}.Release|Any CPU.ActiveCfg = Release|Any CPU
		{47102AD3-401D-4757-A963-2D85707F5D9E}.Release|Any CPU.Build.0 = Release|Any CPU
	EndGlobalSection
	GlobalSection(SolutionProperties) = preSolution
		HideSolutionNode = FALSE
	EndGlobalSection
EndGlobal
