
Microsoft Visual Studio Solution File, Format Version 11.00
# Visual Studio 2010
Project("{FAE04EC0-301F-11D3-BF4B-00C04F79EFBC}") = "ZkFingerprint", "ZkFingerprint.csproj", "{FA0ADBE1-F007-4EF4-B635-5E840801D8C5}"
EndProject
Project("{FAE04EC0-301F-11D3-BF4B-00C04F79EFBC}") = "DigitalPlatform.Interfaces", "..\DigitalPlatform.Interfaces\DigitalPlatform.Interfaces.csproj", "{3C4F8133-8652-40B6-B37B-200B25C2B043}"
EndProject
Project("{FAE04EC0-301F-11D3-BF4B-00C04F79EFBC}") = "DigitalPlatform.IO", "..\DigitalPlatform.IO\DigitalPlatform.IO.csproj", "{441CB814-AF78-4503-91EF-DCE5F3269502}"
EndProject
Project("{FAE04EC0-301F-11D3-BF4B-00C04F79EFBC}") = "DigitalPlatform.Xml", "..\DigitalPlatform.Xml\DigitalPlatform.Xml.csproj", "{E6489E89-1349-4EE7-A00B-AC96B9912587}"
EndProject
Project("{FAE04EC0-301F-11D3-BF4B-00C04F79EFBC}") = "DigitalPlatform", "..\DigitalPlatform\DigitalPlatform.csproj", "{BDD43275-EAA0-4670-8BA3-0DB5CD7598DD}"
EndProject
Global
	GlobalSection(SolutionConfigurationPlatforms) = preSolution
		Debug|Any CPU = Debug|Any CPU
		Debug|Mixed Platforms = Debug|Mixed Platforms
		Debug|x86 = Debug|x86
		Release|Any CPU = Release|Any CPU
		Release|Mixed Platforms = Release|Mixed Platforms
		Release|x86 = Release|x86
	EndGlobalSection
	GlobalSection(ProjectConfigurationPlatforms) = postSolution
		{FA0ADBE1-F007-4EF4-B635-5E840801D8C5}.Debug|Any CPU.ActiveCfg = Debug|x86
		{FA0ADBE1-F007-4EF4-B635-5E840801D8C5}.Debug|Mixed Platforms.ActiveCfg = Debug|x86
		{FA0ADBE1-F007-4EF4-B635-5E840801D8C5}.Debug|Mixed Platforms.Build.0 = Debug|x86
		{FA0ADBE1-F007-4EF4-B635-5E840801D8C5}.Debug|x86.ActiveCfg = Debug|x86
		{FA0ADBE1-F007-4EF4-B635-5E840801D8C5}.Debug|x86.Build.0 = Debug|x86
		{FA0ADBE1-F007-4EF4-B635-5E840801D8C5}.Release|Any CPU.ActiveCfg = Release|x86
		{FA0ADBE1-F007-4EF4-B635-5E840801D8C5}.Release|Mixed Platforms.ActiveCfg = Release|x86
		{FA0ADBE1-F007-4EF4-B635-5E840801D8C5}.Release|Mixed Platforms.Build.0 = Release|x86
		{FA0ADBE1-F007-4EF4-B635-5E840801D8C5}.Release|x86.ActiveCfg = Release|x86
		{FA0ADBE1-F007-4EF4-B635-5E840801D8C5}.Release|x86.Build.0 = Release|x86
		{3C4F8133-8652-40B6-B37B-200B25C2B043}.Debug|Any CPU.ActiveCfg = Debug|Any CPU
		{3C4F8133-8652-40B6-B37B-200B25C2B043}.Debug|Any CPU.Build.0 = Debug|Any CPU
		{3C4F8133-8652-40B6-B37B-200B25C2B043}.Debug|Mixed Platforms.ActiveCfg = Debug|Any CPU
		{3C4F8133-8652-40B6-B37B-200B25C2B043}.Debug|Mixed Platforms.Build.0 = Debug|Any CPU
		{3C4F8133-8652-40B6-B37B-200B25C2B043}.Debug|x86.ActiveCfg = Debug|Any CPU
		{3C4F8133-8652-40B6-B37B-200B25C2B043}.Release|Any CPU.ActiveCfg = Release|Any CPU
		{3C4F8133-8652-40B6-B37B-200B25C2B043}.Release|Any CPU.Build.0 = Release|Any CPU
		{3C4F8133-8652-40B6-B37B-200B25C2B043}.Release|Mixed Platforms.ActiveCfg = Release|Any CPU
		{3C4F8133-8652-40B6-B37B-200B25C2B043}.Release|Mixed Platforms.Build.0 = Release|Any CPU
		{3C4F8133-8652-40B6-B37B-200B25C2B043}.Release|x86.ActiveCfg = Release|Any CPU
		{441CB814-AF78-4503-91EF-DCE5F3269502}.Debug|Any CPU.ActiveCfg = Debug|Any CPU
		{441CB814-AF78-4503-91EF-DCE5F3269502}.Debug|Any CPU.Build.0 = Debug|Any CPU
		{441CB814-AF78-4503-91EF-DCE5F3269502}.Debug|Mixed Platforms.ActiveCfg = Debug|x86
		{441CB814-AF78-4503-91EF-DCE5F3269502}.Debug|Mixed Platforms.Build.0 = Debug|x86
		{441CB814-AF78-4503-91EF-DCE5F3269502}.Debug|x86.ActiveCfg = Debug|x86
		{441CB814-AF78-4503-91EF-DCE5F3269502}.Debug|x86.Build.0 = Debug|x86
		{441CB814-AF78-4503-91EF-DCE5F3269502}.Release|Any CPU.ActiveCfg = Release|Any CPU
		{441CB814-AF78-4503-91EF-DCE5F3269502}.Release|Any CPU.Build.0 = Release|Any CPU
		{441CB814-AF78-4503-91EF-DCE5F3269502}.Release|Mixed Platforms.ActiveCfg = Release|x86
		{441CB814-AF78-4503-91EF-DCE5F3269502}.Release|Mixed Platforms.Build.0 = Release|x86
		{441CB814-AF78-4503-91EF-DCE5F3269502}.Release|x86.ActiveCfg = Release|x86
		{441CB814-AF78-4503-91EF-DCE5F3269502}.Release|x86.Build.0 = Release|x86
		{E6489E89-1349-4EE7-A00B-AC96B9912587}.Debug|Any CPU.ActiveCfg = Debug|Any CPU
		{E6489E89-1349-4EE7-A00B-AC96B9912587}.Debug|Any CPU.Build.0 = Debug|Any CPU
		{E6489E89-1349-4EE7-A00B-AC96B9912587}.Debug|Mixed Platforms.ActiveCfg = Debug|x86
		{E6489E89-1349-4EE7-A00B-AC96B9912587}.Debug|Mixed Platforms.Build.0 = Debug|x86
		{E6489E89-1349-4EE7-A00B-AC96B9912587}.Debug|x86.ActiveCfg = Debug|x86
		{E6489E89-1349-4EE7-A00B-AC96B9912587}.Debug|x86.Build.0 = Debug|x86
		{E6489E89-1349-4EE7-A00B-AC96B9912587}.Release|Any CPU.ActiveCfg = Release|Any CPU
		{E6489E89-1349-4EE7-A00B-AC96B9912587}.Release|Any CPU.Build.0 = Release|Any CPU
		{E6489E89-1349-4EE7-A00B-AC96B9912587}.Release|Mixed Platforms.ActiveCfg = Release|x86
		{E6489E89-1349-4EE7-A00B-AC96B9912587}.Release|Mixed Platforms.Build.0 = Release|x86
		{E6489E89-1349-4EE7-A00B-AC96B9912587}.Release|x86.ActiveCfg = Release|x86
		{E6489E89-1349-4EE7-A00B-AC96B9912587}.Release|x86.Build.0 = Release|x86
		{BDD43275-EAA0-4670-8BA3-0DB5CD7598DD}.Debug|Any CPU.ActiveCfg = Debug|Any CPU
		{BDD43275-EAA0-4670-8BA3-0DB5CD7598DD}.Debug|Any CPU.Build.0 = Debug|Any CPU
		{BDD43275-EAA0-4670-8BA3-0DB5CD7598DD}.Debug|Mixed Platforms.ActiveCfg = Debug|x86
		{BDD43275-EAA0-4670-8BA3-0DB5CD7598DD}.Debug|Mixed Platforms.Build.0 = Debug|x86
		{BDD43275-EAA0-4670-8BA3-0DB5CD7598DD}.Debug|x86.ActiveCfg = Debug|x86
		{BDD43275-EAA0-4670-8BA3-0DB5CD7598DD}.Debug|x86.Build.0 = Debug|x86
		{BDD43275-EAA0-4670-8BA3-0DB5CD7598DD}.Release|Any CPU.ActiveCfg = Release|Any CPU
		{BDD43275-EAA0-4670-8BA3-0DB5CD7598DD}.Release|Any CPU.Build.0 = Release|Any CPU
		{BDD43275-EAA0-4670-8BA3-0DB5CD7598DD}.Release|Mixed Platforms.ActiveCfg = Release|x86
		{BDD43275-EAA0-4670-8BA3-0DB5CD7598DD}.Release|Mixed Platforms.Build.0 = Release|x86
		{BDD43275-EAA0-4670-8BA3-0DB5CD7598DD}.Release|x86.ActiveCfg = Release|x86
		{BDD43275-EAA0-4670-8BA3-0DB5CD7598DD}.Release|x86.Build.0 = Release|x86
	EndGlobalSection
	GlobalSection(SolutionProperties) = preSolution
		HideSolutionNode = FALSE
	EndGlobalSection
EndGlobal
