
Microsoft Visual Studio Solution File, Format Version 11.00
# Visual Studio 2010
Project("{FAE04EC0-301F-11D3-BF4B-00C04F79EFBC}") = "DigitalPlatform.AmazonInterface", "DigitalPlatform.AmazonInterface.csproj", "{CEF0E01B-7F8F-4F0E-B687-C66659AB1403}"
EndProject
Global
	GlobalSection(SolutionConfigurationPlatforms) = preSolution
		Debug|Any CPU = Debug|Any CPU
		Release|Any CPU = Release|Any CPU
	EndGlobalSection
	GlobalSection(ProjectConfigurationPlatforms) = postSolution
		{CEF0E01B-7F8F-4F0E-B687-C66659AB1403}.Debug|Any CPU.ActiveCfg = Debug|Any CPU
		{CEF0E01B-7F8F-4F0E-B687-C66659AB1403}.Debug|Any CPU.Build.0 = Debug|Any CPU
		{CEF0E01B-7F8F-4F0E-B687-C66659AB1403}.Release|Any CPU.ActiveCfg = Release|Any CPU
		{CEF0E01B-7F8F-4F0E-B687-C66659AB1403}.Release|Any CPU.Build.0 = Release|Any CPU
	EndGlobalSection
	GlobalSection(SolutionProperties) = preSolution
		HideSolutionNode = FALSE
	EndGlobalSection
EndGlobal
