Microsoft Visual Studio Solution File, Format Version 9.00
# Visual Studio 2005
Project("{FAE04EC0-301F-11D3-BF4B-00C04F79EFBC}") = "DigitalPlatform.CommonDialog", "DigitalPlatform.CommonDialog.csproj", "{3DCFCA4D-0205-4684-A9A6-1DB8640CD579}"
EndProject
Project("{FAE04EC0-301F-11D3-BF4B-00C04F79EFBC}") = "DigitalPlatform.Xml", "..\DigitalPlatform.Xml\DigitalPlatform.Xml.csproj", "{E6489E89-1349-4EE7-A00B-AC96B9912587}"
EndProject
Global
	GlobalSection(SourceCodeControl) = preSolution
		SccNumberOfProjects = 2
		SccProjectUniqueName0 = ..\\DigitalPlatform.Xml\\DigitalPlatform.Xml.csproj
		SccProjectName0 = \u0022$/AllDigitalPlatformLibs.root/AllDigitalPlatformLibs/DigitalPlatform.Xml\u0022,\u0020WBAAAAAA
		SccLocalPath0 = ..\\DigitalPlatform.Xml
		SccProvider0 = MSSCCI:Microsoft\u0020Visual\u0020SourceSafe
		CanCheckoutShared = false
		SccProjectUniqueName1 = DigitalPlatform.CommonDialog.csproj
		SccProjectName1 = \u0022$/AllDigitalPlatformLibs.root/DigitalPlatform.CommonDialog\u0022,\u0020OOBAAAAA
		SccLocalPath1 = .
		SccProvider1 = MSSCCI:Microsoft\u0020Visual\u0020SourceSafe
		CanCheckoutShared = false
	EndGlobalSection
	GlobalSection(SolutionConfigurationPlatforms) = preSolution
		Debug|Any CPU = Debug|Any CPU
		Release|Any CPU = Release|Any CPU
	EndGlobalSection
	GlobalSection(ProjectConfigurationPlatforms) = postSolution
		{3DCFCA4D-0205-4684-A9A6-1DB8640CD579}.Debug|Any CPU.ActiveCfg = Debug|Any CPU
		{3DCFCA4D-0205-4684-A9A6-1DB8640CD579}.Debug|Any CPU.Build.0 = Debug|Any CPU
		{3DCFCA4D-0205-4684-A9A6-1DB8640CD579}.Release|Any CPU.ActiveCfg = Release|Any CPU
		{3DCFCA4D-0205-4684-A9A6-1DB8640CD579}.Release|Any CPU.Build.0 = Release|Any CPU
		{E6489E89-1349-4EE7-A00B-AC96B9912587}.Debug|Any CPU.ActiveCfg = Debug|Any CPU
		{E6489E89-1349-4EE7-A00B-AC96B9912587}.Debug|Any CPU.Build.0 = Debug|Any CPU
		{E6489E89-1349-4EE7-A00B-AC96B9912587}.Release|Any CPU.ActiveCfg = Release|Any CPU
		{E6489E89-1349-4EE7-A00B-AC96B9912587}.Release|Any CPU.Build.0 = Release|Any CPU
	EndGlobalSection
	GlobalSection(SolutionProperties) = preSolution
		HideSolutionNode = FALSE
	EndGlobalSection
EndGlobal
