Microsoft Visual Studio Solution File, Format Version 9.00
# Visual Studio 2005
Project("{FAE04EC0-301F-11D3-BF4B-00C04F79EFBC}") = "DigitalPlatform.ResultSet", "DigitalPlatform.ResultSet.csproj", "{86E0817D-79A4-4769-B450-C8352D0D1907}"
EndProject
Project("{FAE04EC0-301F-11D3-BF4B-00C04F79EFBC}") = "DigitalPlatform.Range", "..\DigitalPlatform.Range\DigitalPlatform.Range.csproj", "{AA6C5E6A-252B-4E2A-A883-0E4E739F8701}"
EndProject
Project("{FAE04EC0-301F-11D3-BF4B-00C04F79EFBC}") = "DigitalPlatform.IO", "..\DigitalPlatform.IO\DigitalPlatform.IO.csproj", "{EAD41B33-9719-4931-8962-E3BB478AEC33}"
EndProject
Project("{FAE04EC0-301F-11D3-BF4B-00C04F79EFBC}") = "DigitalPlatform", "..\DigitalPlatform\DigitalPlatform.csproj", "{BDD43275-EAA0-4670-8BA3-0DB5CD7598DD}"
EndProject
Global
	GlobalSection(SourceCodeControl) = preSolution
		SccNumberOfProjects = 4
		SccProjectUniqueName0 = DigitalPlatform.ResultSet.csproj
		SccProjectName0 = \u0022$/AllDigitalPlatformLibs.root/AllDigitalPlatformLibs/DigitalPlatform.ResultSet\u0022,\u0020ZDAAAAAA
		SccLocalPath0 = .
		SccProvider0 = MSSCCI:Microsoft\u0020Visual\u0020SourceSafe
		CanCheckoutShared = false
		SccProjectUniqueName1 = ..\\DigitalPlatform.Range\\DigitalPlatform.Range.csproj
		SccProjectName1 = \u0022$/AllDigitalPlatformLibs.root/AllDigitalPlatformLibs/DigitalPlatform.Range\u0022,\u0020HBAAAAAA
		SccLocalPath1 = ..\\DigitalPlatform.Range
		SccProvider1 = MSSCCI:Microsoft\u0020Visual\u0020SourceSafe
		CanCheckoutShared = false
		SccProjectUniqueName2 = ..\\DigitalPlatform.IO\\DigitalPlatform.IO.csproj
		SccProjectName2 = \u0022$/AllDigitalPlatformLibs.root/AllDigitalPlatformLibs/DigitalPlatform.IO\u0022,\u0020XAAAAAAA
		SccLocalPath2 = ..\\DigitalPlatform.IO
		SccProvider2 = MSSCCI:Microsoft\u0020Visual\u0020SourceSafe
		CanCheckoutShared = false
		SccProjectUniqueName3 = ..\\DigitalPlatform\\DigitalPlatform.csproj
		SccProjectName3 = \u0022$/AllDigitalPlatformLibs.root/AllDigitalPlatformLibs/DigitalPlatform\u0022,\u0020HAAAAAAA
		SccLocalPath3 = ..\\DigitalPlatform
		SccProvider3 = MSSCCI:Microsoft\u0020Visual\u0020SourceSafe
		CanCheckoutShared = false
	EndGlobalSection
	GlobalSection(SolutionConfigurationPlatforms) = preSolution
		Debug|Any CPU = Debug|Any CPU
		Release|Any CPU = Release|Any CPU
	EndGlobalSection
	GlobalSection(ProjectConfigurationPlatforms) = postSolution
		{86E0817D-79A4-4769-B450-C8352D0D1907}.Debug|Any CPU.ActiveCfg = Debug|Any CPU
		{86E0817D-79A4-4769-B450-C8352D0D1907}.Debug|Any CPU.Build.0 = Debug|Any CPU
		{86E0817D-79A4-4769-B450-C8352D0D1907}.Release|Any CPU.ActiveCfg = Release|Any CPU
		{86E0817D-79A4-4769-B450-C8352D0D1907}.Release|Any CPU.Build.0 = Release|Any CPU
		{AA6C5E6A-252B-4E2A-A883-0E4E739F8701}.Debug|Any CPU.ActiveCfg = Debug|Any CPU
		{AA6C5E6A-252B-4E2A-A883-0E4E739F8701}.Debug|Any CPU.Build.0 = Debug|Any CPU
		{AA6C5E6A-252B-4E2A-A883-0E4E739F8701}.Release|Any CPU.ActiveCfg = Release|Any CPU
		{AA6C5E6A-252B-4E2A-A883-0E4E739F8701}.Release|Any CPU.Build.0 = Release|Any CPU
		{EAD41B33-9719-4931-8962-E3BB478AEC33}.Debug|Any CPU.ActiveCfg = Debug|Any CPU
		{EAD41B33-9719-4931-8962-E3BB478AEC33}.Debug|Any CPU.Build.0 = Debug|Any CPU
		{EAD41B33-9719-4931-8962-E3BB478AEC33}.Release|Any CPU.ActiveCfg = Release|Any CPU
		{EAD41B33-9719-4931-8962-E3BB478AEC33}.Release|Any CPU.Build.0 = Release|Any CPU
		{BDD43275-EAA0-4670-8BA3-0DB5CD7598DD}.Debug|Any CPU.ActiveCfg = Debug|Any CPU
		{BDD43275-EAA0-4670-8BA3-0DB5CD7598DD}.Debug|Any CPU.Build.0 = Debug|Any CPU
		{BDD43275-EAA0-4670-8BA3-0DB5CD7598DD}.Release|Any CPU.ActiveCfg = Release|Any CPU
		{BDD43275-EAA0-4670-8BA3-0DB5CD7598DD}.Release|Any CPU.Build.0 = Release|Any CPU
	EndGlobalSection
	GlobalSection(SolutionProperties) = preSolution
		HideSolutionNode = FALSE
	EndGlobalSection
EndGlobal
