Microsoft Visual Studio Solution File, Format Version 9.00
# Visual Studio 2005
Project("{FAE04EC0-301F-11D3-BF4B-00C04F79EFBC}") = "DigitalPlatform.Range", "DigitalPlatform.Range.csproj", "{AA6C5E6A-252B-4E2A-A883-0E4E739F8701}"
EndProject
Project("{FAE04EC0-301F-11D3-BF4B-00C04F79EFBC}") = "DigitalPlatform", "..\DigitalPlatform\DigitalPlatform.csproj", "{BDD43275-EAA0-4670-8BA3-0DB5CD7598DD}"
EndProject
Global
	GlobalSection(SourceCodeControl) = preSolution
		SccNumberOfProjects = 2
		SccProjectUniqueName0 = DigitalPlatform.Range.csproj
		SccProjectName0 = \u0022$/AllDigitalPlatformLibs.root/AllDigitalPlatformLibs/DigitalPlatform.Range\u0022,\u0020HBAAAAAA
		SccLocalPath0 = .
		SccProvider0 = MSSCCI:Microsoft\u0020Visual\u0020SourceSafe
		CanCheckoutShared = false
		SccProjectUniqueName1 = ..\\DigitalPlatform\\DigitalPlatform.csproj
		SccProjectName1 = \u0022$/AllDigitalPlatformLibs.root/AllDigitalPlatformLibs/DigitalPlatform\u0022,\u0020HAAAAAAA
		SccLocalPath1 = ..\\DigitalPlatform
		SccProvider1 = MSSCCI:Microsoft\u0020Visual\u0020SourceSafe
		CanCheckoutShared = false
	EndGlobalSection
	GlobalSection(SolutionConfigurationPlatforms) = preSolution
		Debug|Any CPU = Debug|Any CPU
		Release|Any CPU = Release|Any CPU
	EndGlobalSection
	GlobalSection(ProjectConfigurationPlatforms) = postSolution
		{AA6C5E6A-252B-4E2A-A883-0E4E739F8701}.Debug|Any CPU.ActiveCfg = Debug|Any CPU
		{AA6C5E6A-252B-4E2A-A883-0E4E739F8701}.Debug|Any CPU.Build.0 = Debug|Any CPU
		{AA6C5E6A-252B-4E2A-A883-0E4E739F8701}.Release|Any CPU.ActiveCfg = Release|Any CPU
		{AA6C5E6A-252B-4E2A-A883-0E4E739F8701}.Release|Any CPU.Build.0 = Release|Any CPU
		{BDD43275-EAA0-4670-8BA3-0DB5CD7598DD}.Debug|Any CPU.ActiveCfg = Debug|Any CPU
		{BDD43275-EAA0-4670-8BA3-0DB5CD7598DD}.Debug|Any CPU.Build.0 = Debug|Any CPU
		{BDD43275-EAA0-4670-8BA3-0DB5CD7598DD}.Release|Any CPU.ActiveCfg = Release|Any CPU
		{BDD43275-EAA0-4670-8BA3-0DB5CD7598DD}.Release|Any CPU.Build.0 = Release|Any CPU
	EndGlobalSection
	GlobalSection(SolutionProperties) = preSolution
		HideSolutionNode = FALSE
	EndGlobalSection
EndGlobal
