
Microsoft Visual Studio Solution File, Format Version 9.00
# Visual Studio 2005
Project("{FAE04EC0-301F-11D3-BF4B-00C04F79EFBC}") = "DigitalPlatform.CirculationClient", "DigitalPlatform.CirculationClient.csproj", "{397BB898-88E0-41D6-8D01-09233C7FFC75}"
EndProject
Project("{FAE04EC0-301F-11D3-BF4B-00C04F79EFBC}") = "DigitalPlatform", "..\DigitalPlatform\DigitalPlatform.csproj", "{BDD43275-EAA0-4670-8BA3-0DB5CD7598DD}"
EndProject
Global
	GlobalSection(SourceCodeControl) = preSolution
		SccNumberOfProjects = 3
		SccProjectUniqueName0 = ..\\DigitalPlatform\\DigitalPlatform.csproj
		SccProjectName0 = \u0022$/AllDigitalPlatformLibs.root/AllDigitalPlatformLibs/DigitalPlatform\u0022,\u0020HAAAAAAA
		SccLocalPath0 = ..\\DigitalPlatform
		CanCheckoutShared = false
		SccLocalPath1 = .
		CanCheckoutShared = false
		SccProjectUniqueName2 = DigitalPlatform.CirculationClient.csproj
		SccLocalPath2 = .
		CanCheckoutShared = false
	EndGlobalSection
	GlobalSection(SolutionConfigurationPlatforms) = preSolution
		Debug|Any CPU = Debug|Any CPU
		Release|Any CPU = Release|Any CPU
	EndGlobalSection
	GlobalSection(ProjectConfigurationPlatforms) = postSolution
		{397BB898-88E0-41D6-8D01-09233C7FFC75}.Debug|Any CPU.ActiveCfg = Debug|Any CPU
		{397BB898-88E0-41D6-8D01-09233C7FFC75}.Debug|Any CPU.Build.0 = Debug|Any CPU
		{397BB898-88E0-41D6-8D01-09233C7FFC75}.Release|Any CPU.ActiveCfg = Release|Any CPU
		{397BB898-88E0-41D6-8D01-09233C7FFC75}.Release|Any CPU.Build.0 = Release|Any CPU
		{BDD43275-EAA0-4670-8BA3-0DB5CD7598DD}.Debug|Any CPU.ActiveCfg = Debug|Any CPU
		{BDD43275-EAA0-4670-8BA3-0DB5CD7598DD}.Debug|Any CPU.Build.0 = Debug|Any CPU
		{BDD43275-EAA0-4670-8BA3-0DB5CD7598DD}.Release|Any CPU.ActiveCfg = Release|Any CPU
		{BDD43275-EAA0-4670-8BA3-0DB5CD7598DD}.Release|Any CPU.Build.0 = Release|Any CPU
	EndGlobalSection
	GlobalSection(SolutionProperties) = preSolution
		HideSolutionNode = FALSE
	EndGlobalSection
EndGlobal
