
Microsoft Visual Studio Solution File, Format Version 9.00
# Visual Studio 2005
Project("{FAE04EC0-301F-11D3-BF4B-00C04F79EFBC}") = "Digitalplatform.DTLP", "Digitalplatform.DTLP.csproj", "{91B90948-8475-4D9B-A3C7-6285EFC45E19}"
EndProject
Global
	GlobalSection(SourceCodeControl) = preSolution
		SccNumberOfProjects = 1
		SccProjectUniqueName0 = Digitalplatform.DTLP.csproj
		SccProjectName0 = \u0022$/AllDigitalPlatformLibs.root/AllDigitalPlatformLibs/Digitalplatform.DTLP\u0022,\u0020HOAAAAAA
		SccLocalPath0 = .
		SccProvider0 = MSSCCI:Microsoft\u0020Visual\u0020SourceSafe
		CanCheckoutShared = false
	EndGlobalSection
	GlobalSection(SolutionConfigurationPlatforms) = preSolution
		Debug|Any CPU = Debug|Any CPU
		Release|Any CPU = Release|Any CPU
	EndGlobalSection
	GlobalSection(ProjectConfigurationPlatforms) = postSolution
		{91B90948-8475-4D9B-A3C7-6285EFC45E19}.Debug|Any CPU.ActiveCfg = Debug|Any CPU
		{91B90948-8475-4D9B-A3C7-6285EFC45E19}.Debug|Any CPU.Build.0 = Debug|Any CPU
		{91B90948-8475-4D9B-A3C7-6285EFC45E19}.Release|Any CPU.ActiveCfg = Release|Any CPU
		{91B90948-8475-4D9B-A3C7-6285EFC45E19}.Release|Any CPU.Build.0 = Release|Any CPU
	EndGlobalSection
	GlobalSection(SolutionProperties) = preSolution
		HideSolutionNode = FALSE
	EndGlobalSection
EndGlobal
