
Microsoft Visual Studio Solution File, Format Version 11.00
# Visual Studio 2010
Project("{FAE04EC0-301F-11D3-BF4B-00C04F79EFBC}") = "dp2Kernel", "dp2Kernel\dp2Kernel.csproj", "{017D8E01-B8D1-4671-BB2C-EECBC854FCEC}"
EndProject
Project("{54435603-DBB4-11D2-8724-00A0C9A8B90C}") = "Setup_dp2Kernel", "..\Setup_dp2Kernel\Setup_dp2Kernel.vdproj", "{65C9EC4F-8E29-4F4D-AF6E-7040F7E8FA09}"
EndProject
Project("{FAE04EC0-301F-11D3-BF4B-00C04F79EFBC}") = "DigitalPlatform.IO", "..\DigitalPlatform.IO\DigitalPlatform.IO.csproj", "{441CB814-AF78-4503-91EF-DCE5F3269502}"
EndProject
Project("{FAE04EC0-301F-11D3-BF4B-00C04F79EFBC}") = "DigitalPlatform", "..\DigitalPlatform\DigitalPlatform.csproj", "{BDD43275-EAA0-4670-8BA3-0DB5CD7598DD}"
EndProject
Project("{FAE04EC0-301F-11D3-BF4B-00C04F79EFBC}") = "DigitalPlatform.Xml", "..\DigitalPlatform.Xml\DigitalPlatform.Xml.csproj", "{E6489E89-1349-4EE7-A00B-AC96B9912587}"
EndProject
Project("{FAE04EC0-301F-11D3-BF4B-00C04F79EFBC}") = "DigitalPlatform.Install", "..\DigitalPlatform.Install\DigitalPlatform.Install.csproj", "{FBB88810-6D4A-44FE-B220-CAC22E4DBDCD}"
EndProject
Project("{FAE04EC0-301F-11D3-BF4B-00C04F79EFBC}") = "DigitalPlatform.Text", "..\DigitalPlatform.Text\DigitalPlatform.Text.csproj", "{26F96CC3-A4A9-4BC4-A10A-BC7E25581FF6}"
EndProject
Project("{FAE04EC0-301F-11D3-BF4B-00C04F79EFBC}") = "DigitalPlatform.Range", "..\DigitalPlatform.Range\DigitalPlatform.Range.csproj", "{AA6C5E6A-252B-4E2A-A883-0E4E739F8701}"
EndProject
Project("{FAE04EC0-301F-11D3-BF4B-00C04F79EFBC}") = "DigitalPlatform.ResultSet", "..\DigitalPlatform.ResultSet\DigitalPlatform.ResultSet.csproj", "{86E0817D-79A4-4769-B450-C8352D0D1907}"
EndProject
Project("{FAE04EC0-301F-11D3-BF4B-00C04F79EFBC}") = "DigitalPlatform.rms.db", "..\DigitalPlatform.rms.db\DigitalPlatform.rms.db.csproj", "{985702E3-5CE7-40F1-A588-A58A7A50C57A}"
EndProject
Project("{FAE04EC0-301F-11D3-BF4B-00C04F79EFBC}") = "DigitalPlatform.rms", "..\DigitalPlatform.rms\DigitalPlatform.rms.csproj", "{1A7544AB-30D7-4920-928E-26925B86274D}"
EndProject
Project("{2150E333-8FDC-42A3-9474-1A3956D46DE8}") = "Solution Items", "Solution Items", "{3243255B-0F9A-4677-A768-AF2102002599}"
EndProject
Project("{FAE04EC0-301F-11D3-BF4B-00C04F79EFBC}") = "DigitalPlatform.KernelService", "..\DigitalPlatform.KernelService\DigitalPlatform.KernelService.csproj", "{1BFEE291-AB8F-41A4-A80B-1FB5F7AB88E8}"
EndProject
Global
	GlobalSection(SolutionConfigurationPlatforms) = preSolution
		Debug|Any CPU = Debug|Any CPU
		Debug|Mixed Platforms = Debug|Mixed Platforms
		Debug|x86 = Debug|x86
		Release|Any CPU = Release|Any CPU
		Release|Mixed Platforms = Release|Mixed Platforms
		Release|x86 = Release|x86
	EndGlobalSection
	GlobalSection(ProjectConfigurationPlatforms) = postSolution
		{017D8E01-B8D1-4671-BB2C-EECBC854FCEC}.Debug|Any CPU.ActiveCfg = Debug|x86
		{017D8E01-B8D1-4671-BB2C-EECBC854FCEC}.Debug|Mixed Platforms.ActiveCfg = Debug|x86
		{017D8E01-B8D1-4671-BB2C-EECBC854FCEC}.Debug|Mixed Platforms.Build.0 = Debug|x86
		{017D8E01-B8D1-4671-BB2C-EECBC854FCEC}.Debug|x86.ActiveCfg = Debug|x86
		{017D8E01-B8D1-4671-BB2C-EECBC854FCEC}.Debug|x86.Build.0 = Debug|x86
		{017D8E01-B8D1-4671-BB2C-EECBC854FCEC}.Release|Any CPU.ActiveCfg = Release|x86
		{017D8E01-B8D1-4671-BB2C-EECBC854FCEC}.Release|Mixed Platforms.ActiveCfg = Release|x86
		{017D8E01-B8D1-4671-BB2C-EECBC854FCEC}.Release|Mixed Platforms.Build.0 = Release|x86
		{017D8E01-B8D1-4671-BB2C-EECBC854FCEC}.Release|x86.ActiveCfg = Release|x86
		{017D8E01-B8D1-4671-BB2C-EECBC854FCEC}.Release|x86.Build.0 = Release|x86
		{65C9EC4F-8E29-4F4D-AF6E-7040F7E8FA09}.Debug|Any CPU.ActiveCfg = Debug
		{65C9EC4F-8E29-4F4D-AF6E-7040F7E8FA09}.Debug|Any CPU.Build.0 = Debug
		{65C9EC4F-8E29-4F4D-AF6E-7040F7E8FA09}.Debug|Mixed Platforms.ActiveCfg = Debug
		{65C9EC4F-8E29-4F4D-AF6E-7040F7E8FA09}.Debug|Mixed Platforms.Build.0 = Debug
		{65C9EC4F-8E29-4F4D-AF6E-7040F7E8FA09}.Debug|x86.ActiveCfg = Debug
		{65C9EC4F-8E29-4F4D-AF6E-7040F7E8FA09}.Debug|x86.Build.0 = Debug
		{65C9EC4F-8E29-4F4D-AF6E-7040F7E8FA09}.Release|Any CPU.ActiveCfg = Release
		{65C9EC4F-8E29-4F4D-AF6E-7040F7E8FA09}.Release|Any CPU.Build.0 = Release
		{65C9EC4F-8E29-4F4D-AF6E-7040F7E8FA09}.Release|Mixed Platforms.ActiveCfg = Release
		{65C9EC4F-8E29-4F4D-AF6E-7040F7E8FA09}.Release|Mixed Platforms.Build.0 = Release
		{65C9EC4F-8E29-4F4D-AF6E-7040F7E8FA09}.Release|x86.ActiveCfg = Release
		{65C9EC4F-8E29-4F4D-AF6E-7040F7E8FA09}.Release|x86.Build.0 = Release
		{441CB814-AF78-4503-91EF-DCE5F3269502}.Debug|Any CPU.ActiveCfg = Debug|Any CPU
		{441CB814-AF78-4503-91EF-DCE5F3269502}.Debug|Any CPU.Build.0 = Debug|Any CPU
		{441CB814-AF78-4503-91EF-DCE5F3269502}.Debug|Mixed Platforms.ActiveCfg = Debug|Any CPU
		{441CB814-AF78-4503-91EF-DCE5F3269502}.Debug|Mixed Platforms.Build.0 = Debug|Any CPU
		{441CB814-AF78-4503-91EF-DCE5F3269502}.Debug|x86.ActiveCfg = Debug|Any CPU
		{441CB814-AF78-4503-91EF-DCE5F3269502}.Debug|x86.Build.0 = Debug|Any CPU
		{441CB814-AF78-4503-91EF-DCE5F3269502}.Release|Any CPU.ActiveCfg = Release|Any CPU
		{441CB814-AF78-4503-91EF-DCE5F3269502}.Release|Any CPU.Build.0 = Release|Any CPU
		{441CB814-AF78-4503-91EF-DCE5F3269502}.Release|Mixed Platforms.ActiveCfg = Release|Any CPU
		{441CB814-AF78-4503-91EF-DCE5F3269502}.Release|Mixed Platforms.Build.0 = Release|Any CPU
		{441CB814-AF78-4503-91EF-DCE5F3269502}.Release|x86.ActiveCfg = Release|Any CPU
		{441CB814-AF78-4503-91EF-DCE5F3269502}.Release|x86.Build.0 = Release|Any CPU
		{BDD43275-EAA0-4670-8BA3-0DB5CD7598DD}.Debug|Any CPU.ActiveCfg = Debug|Any CPU
		{BDD43275-EAA0-4670-8BA3-0DB5CD7598DD}.Debug|Any CPU.Build.0 = Debug|Any CPU
		{BDD43275-EAA0-4670-8BA3-0DB5CD7598DD}.Debug|Mixed Platforms.ActiveCfg = Debug|Any CPU
		{BDD43275-EAA0-4670-8BA3-0DB5CD7598DD}.Debug|Mixed Platforms.Build.0 = Debug|Any CPU
		{BDD43275-EAA0-4670-8BA3-0DB5CD7598DD}.Debug|x86.ActiveCfg = Debug|Any CPU
		{BDD43275-EAA0-4670-8BA3-0DB5CD7598DD}.Debug|x86.Build.0 = Debug|Any CPU
		{BDD43275-EAA0-4670-8BA3-0DB5CD7598DD}.Release|Any CPU.ActiveCfg = Release|Any CPU
		{BDD43275-EAA0-4670-8BA3-0DB5CD7598DD}.Release|Any CPU.Build.0 = Release|Any CPU
		{BDD43275-EAA0-4670-8BA3-0DB5CD7598DD}.Release|Mixed Platforms.ActiveCfg = Release|Any CPU
		{BDD43275-EAA0-4670-8BA3-0DB5CD7598DD}.Release|Mixed Platforms.Build.0 = Release|Any CPU
		{BDD43275-EAA0-4670-8BA3-0DB5CD7598DD}.Release|x86.ActiveCfg = Release|Any CPU
		{BDD43275-EAA0-4670-8BA3-0DB5CD7598DD}.Release|x86.Build.0 = Release|Any CPU
		{E6489E89-1349-4EE7-A00B-AC96B9912587}.Debug|Any CPU.ActiveCfg = Debug|Any CPU
		{E6489E89-1349-4EE7-A00B-AC96B9912587}.Debug|Any CPU.Build.0 = Debug|Any CPU
		{E6489E89-1349-4EE7-A00B-AC96B9912587}.Debug|Mixed Platforms.ActiveCfg = Debug|Any CPU
		{E6489E89-1349-4EE7-A00B-AC96B9912587}.Debug|Mixed Platforms.Build.0 = Debug|Any CPU
		{E6489E89-1349-4EE7-A00B-AC96B9912587}.Debug|x86.ActiveCfg = Debug|Any CPU
		{E6489E89-1349-4EE7-A00B-AC96B9912587}.Debug|x86.Build.0 = Debug|Any CPU
		{E6489E89-1349-4EE7-A00B-AC96B9912587}.Release|Any CPU.ActiveCfg = Release|Any CPU
		{E6489E89-1349-4EE7-A00B-AC96B9912587}.Release|Any CPU.Build.0 = Release|Any CPU
		{E6489E89-1349-4EE7-A00B-AC96B9912587}.Release|Mixed Platforms.ActiveCfg = Release|Any CPU
		{E6489E89-1349-4EE7-A00B-AC96B9912587}.Release|Mixed Platforms.Build.0 = Release|Any CPU
		{E6489E89-1349-4EE7-A00B-AC96B9912587}.Release|x86.ActiveCfg = Release|Any CPU
		{E6489E89-1349-4EE7-A00B-AC96B9912587}.Release|x86.Build.0 = Release|Any CPU
		{FBB88810-6D4A-44FE-B220-CAC22E4DBDCD}.Debug|Any CPU.ActiveCfg = Debug|Any CPU
		{FBB88810-6D4A-44FE-B220-CAC22E4DBDCD}.Debug|Any CPU.Build.0 = Debug|Any CPU
		{FBB88810-6D4A-44FE-B220-CAC22E4DBDCD}.Debug|Mixed Platforms.ActiveCfg = Debug|Any CPU
		{FBB88810-6D4A-44FE-B220-CAC22E4DBDCD}.Debug|Mixed Platforms.Build.0 = Debug|Any CPU
		{FBB88810-6D4A-44FE-B220-CAC22E4DBDCD}.Debug|x86.ActiveCfg = Debug|Any CPU
		{FBB88810-6D4A-44FE-B220-CAC22E4DBDCD}.Debug|x86.Build.0 = Debug|Any CPU
		{FBB88810-6D4A-44FE-B220-CAC22E4DBDCD}.Release|Any CPU.ActiveCfg = Release|Any CPU
		{FBB88810-6D4A-44FE-B220-CAC22E4DBDCD}.Release|Any CPU.Build.0 = Release|Any CPU
		{FBB88810-6D4A-44FE-B220-CAC22E4DBDCD}.Release|Mixed Platforms.ActiveCfg = Release|Any CPU
		{FBB88810-6D4A-44FE-B220-CAC22E4DBDCD}.Release|Mixed Platforms.Build.0 = Release|Any CPU
		{FBB88810-6D4A-44FE-B220-CAC22E4DBDCD}.Release|x86.ActiveCfg = Release|Any CPU
		{FBB88810-6D4A-44FE-B220-CAC22E4DBDCD}.Release|x86.Build.0 = Release|Any CPU
		{26F96CC3-A4A9-4BC4-A10A-BC7E25581FF6}.Debug|Any CPU.ActiveCfg = Debug|Any CPU
		{26F96CC3-A4A9-4BC4-A10A-BC7E25581FF6}.Debug|Any CPU.Build.0 = Debug|Any CPU
		{26F96CC3-A4A9-4BC4-A10A-BC7E25581FF6}.Debug|Mixed Platforms.ActiveCfg = Debug|Any CPU
		{26F96CC3-A4A9-4BC4-A10A-BC7E25581FF6}.Debug|Mixed Platforms.Build.0 = Debug|Any CPU
		{26F96CC3-A4A9-4BC4-A10A-BC7E25581FF6}.Debug|x86.ActiveCfg = Debug|Any CPU
		{26F96CC3-A4A9-4BC4-A10A-BC7E25581FF6}.Debug|x86.Build.0 = Debug|Any CPU
		{26F96CC3-A4A9-4BC4-A10A-BC7E25581FF6}.Release|Any CPU.ActiveCfg = Release|Any CPU
		{26F96CC3-A4A9-4BC4-A10A-BC7E25581FF6}.Release|Any CPU.Build.0 = Release|Any CPU
		{26F96CC3-A4A9-4BC4-A10A-BC7E25581FF6}.Release|Mixed Platforms.ActiveCfg = Release|Any CPU
		{26F96CC3-A4A9-4BC4-A10A-BC7E25581FF6}.Release|Mixed Platforms.Build.0 = Release|Any CPU
		{26F96CC3-A4A9-4BC4-A10A-BC7E25581FF6}.Release|x86.ActiveCfg = Release|Any CPU
		{26F96CC3-A4A9-4BC4-A10A-BC7E25581FF6}.Release|x86.Build.0 = Release|Any CPU
		{AA6C5E6A-252B-4E2A-A883-0E4E739F8701}.Debug|Any CPU.ActiveCfg = Debug|Any CPU
		{AA6C5E6A-252B-4E2A-A883-0E4E739F8701}.Debug|Any CPU.Build.0 = Debug|Any CPU
		{AA6C5E6A-252B-4E2A-A883-0E4E739F8701}.Debug|Mixed Platforms.ActiveCfg = Debug|Any CPU
		{AA6C5E6A-252B-4E2A-A883-0E4E739F8701}.Debug|Mixed Platforms.Build.0 = Debug|Any CPU
		{AA6C5E6A-252B-4E2A-A883-0E4E739F8701}.Debug|x86.ActiveCfg = Debug|Any CPU
		{AA6C5E6A-252B-4E2A-A883-0E4E739F8701}.Debug|x86.Build.0 = Debug|Any CPU
		{AA6C5E6A-252B-4E2A-A883-0E4E739F8701}.Release|Any CPU.ActiveCfg = Release|Any CPU
		{AA6C5E6A-252B-4E2A-A883-0E4E739F8701}.Release|Any CPU.Build.0 = Release|Any CPU
		{AA6C5E6A-252B-4E2A-A883-0E4E739F8701}.Release|Mixed Platforms.ActiveCfg = Release|Any CPU
		{AA6C5E6A-252B-4E2A-A883-0E4E739F8701}.Release|Mixed Platforms.Build.0 = Release|Any CPU
		{AA6C5E6A-252B-4E2A-A883-0E4E739F8701}.Release|x86.ActiveCfg = Release|Any CPU
		{AA6C5E6A-252B-4E2A-A883-0E4E739F8701}.Release|x86.Build.0 = Release|Any CPU
		{86E0817D-79A4-4769-B450-C8352D0D1907}.Debug|Any CPU.ActiveCfg = Debug|Any CPU
		{86E0817D-79A4-4769-B450-C8352D0D1907}.Debug|Any CPU.Build.0 = Debug|Any CPU
		{86E0817D-79A4-4769-B450-C8352D0D1907}.Debug|Mixed Platforms.ActiveCfg = Debug|Any CPU
		{86E0817D-79A4-4769-B450-C8352D0D1907}.Debug|Mixed Platforms.Build.0 = Debug|Any CPU
		{86E0817D-79A4-4769-B450-C8352D0D1907}.Debug|x86.ActiveCfg = Debug|Any CPU
		{86E0817D-79A4-4769-B450-C8352D0D1907}.Debug|x86.Build.0 = Debug|Any CPU
		{86E0817D-79A4-4769-B450-C8352D0D1907}.Release|Any CPU.ActiveCfg = Release|Any CPU
		{86E0817D-79A4-4769-B450-C8352D0D1907}.Release|Any CPU.Build.0 = Release|Any CPU
		{86E0817D-79A4-4769-B450-C8352D0D1907}.Release|Mixed Platforms.ActiveCfg = Release|Any CPU
		{86E0817D-79A4-4769-B450-C8352D0D1907}.Release|Mixed Platforms.Build.0 = Release|Any CPU
		{86E0817D-79A4-4769-B450-C8352D0D1907}.Release|x86.ActiveCfg = Release|Any CPU
		{86E0817D-79A4-4769-B450-C8352D0D1907}.Release|x86.Build.0 = Release|Any CPU
		{985702E3-5CE7-40F1-A588-A58A7A50C57A}.Debug|Any CPU.ActiveCfg = Debug|Any CPU
		{985702E3-5CE7-40F1-A588-A58A7A50C57A}.Debug|Any CPU.Build.0 = Debug|Any CPU
		{985702E3-5CE7-40F1-A588-A58A7A50C57A}.Debug|Mixed Platforms.ActiveCfg = Debug|Any CPU
		{985702E3-5CE7-40F1-A588-A58A7A50C57A}.Debug|Mixed Platforms.Build.0 = Debug|Any CPU
		{985702E3-5CE7-40F1-A588-A58A7A50C57A}.Debug|x86.ActiveCfg = Debug|Any CPU
		{985702E3-5CE7-40F1-A588-A58A7A50C57A}.Debug|x86.Build.0 = Debug|Any CPU
		{985702E3-5CE7-40F1-A588-A58A7A50C57A}.Release|Any CPU.ActiveCfg = Release|Any CPU
		{985702E3-5CE7-40F1-A588-A58A7A50C57A}.Release|Any CPU.Build.0 = Release|Any CPU
		{985702E3-5CE7-40F1-A588-A58A7A50C57A}.Release|Mixed Platforms.ActiveCfg = Release|Any CPU
		{985702E3-5CE7-40F1-A588-A58A7A50C57A}.Release|Mixed Platforms.Build.0 = Release|Any CPU
		{985702E3-5CE7-40F1-A588-A58A7A50C57A}.Release|x86.ActiveCfg = Release|Any CPU
		{985702E3-5CE7-40F1-A588-A58A7A50C57A}.Release|x86.Build.0 = Release|Any CPU
		{1A7544AB-30D7-4920-928E-26925B86274D}.Debug|Any CPU.ActiveCfg = Debug|Any CPU
		{1A7544AB-30D7-4920-928E-26925B86274D}.Debug|Any CPU.Build.0 = Debug|Any CPU
		{1A7544AB-30D7-4920-928E-26925B86274D}.Debug|Mixed Platforms.ActiveCfg = Debug|Any CPU
		{1A7544AB-30D7-4920-928E-26925B86274D}.Debug|Mixed Platforms.Build.0 = Debug|Any CPU
		{1A7544AB-30D7-4920-928E-26925B86274D}.Debug|x86.ActiveCfg = Debug|Any CPU
		{1A7544AB-30D7-4920-928E-26925B86274D}.Debug|x86.Build.0 = Debug|Any CPU
		{1A7544AB-30D7-4920-928E-26925B86274D}.Release|Any CPU.ActiveCfg = Release|Any CPU
		{1A7544AB-30D7-4920-928E-26925B86274D}.Release|Any CPU.Build.0 = Release|Any CPU
		{1A7544AB-30D7-4920-928E-26925B86274D}.Release|Mixed Platforms.ActiveCfg = Release|Any CPU
		{1A7544AB-30D7-4920-928E-26925B86274D}.Release|Mixed Platforms.Build.0 = Release|Any CPU
		{1A7544AB-30D7-4920-928E-26925B86274D}.Release|x86.ActiveCfg = Release|Any CPU
		{1A7544AB-30D7-4920-928E-26925B86274D}.Release|x86.Build.0 = Release|Any CPU
		{1BFEE291-AB8F-41A4-A80B-1FB5F7AB88E8}.Debug|Any CPU.ActiveCfg = Debug|Any CPU
		{1BFEE291-AB8F-41A4-A80B-1FB5F7AB88E8}.Debug|Any CPU.Build.0 = Debug|Any CPU
		{1BFEE291-AB8F-41A4-A80B-1FB5F7AB88E8}.Debug|Mixed Platforms.ActiveCfg = Debug|Any CPU
		{1BFEE291-AB8F-41A4-A80B-1FB5F7AB88E8}.Debug|Mixed Platforms.Build.0 = Debug|Any CPU
		{1BFEE291-AB8F-41A4-A80B-1FB5F7AB88E8}.Debug|x86.ActiveCfg = Debug|Any CPU
		{1BFEE291-AB8F-41A4-A80B-1FB5F7AB88E8}.Debug|x86.Build.0 = Debug|Any CPU
		{1BFEE291-AB8F-41A4-A80B-1FB5F7AB88E8}.Release|Any CPU.ActiveCfg = Release|Any CPU
		{1BFEE291-AB8F-41A4-A80B-1FB5F7AB88E8}.Release|Any CPU.Build.0 = Release|Any CPU
		{1BFEE291-AB8F-41A4-A80B-1FB5F7AB88E8}.Release|Mixed Platforms.ActiveCfg = Release|Any CPU
		{1BFEE291-AB8F-41A4-A80B-1FB5F7AB88E8}.Release|Mixed Platforms.Build.0 = Release|Any CPU
		{1BFEE291-AB8F-41A4-A80B-1FB5F7AB88E8}.Release|x86.ActiveCfg = Release|Any CPU
		{1BFEE291-AB8F-41A4-A80B-1FB5F7AB88E8}.Release|x86.Build.0 = Release|Any CPU
	EndGlobalSection
	GlobalSection(SolutionProperties) = preSolution
		HideSolutionNode = FALSE
	EndGlobalSection
EndGlobal
